# This is a Gradle generated file for dependency locking.
# Manual edits can break the build and are not advised.
# This file is expected to be part of source control.
com.google.code.findbugs:jsr305:2.0.1
com.google.code.gson:gson:2.2.4
com.google.guava:guava:17.0
com.ibm.icu:icu4j-core-mojang:51.2
com.mojang:authlib:1.5.21
com.mojang:netty:1.8.8
com.mojang:realms:1.7.59
com.paulscode:codecjorbis:20101023
com.paulscode:codecwav:20101023
com.paulscode:libraryjavasound:20101123
com.paulscode:librarylwjglopenal:20100824
com.paulscode:soundsystem:20120107
com.typesafe.akka:akka-actor_2.11:2.3.3
com.typesafe:config:1.2.1
commons-codec:commons-codec:1.9
commons-io:commons-io:2.4
commons-logging:commons-logging:1.1.3
io.netty:netty-all:4.0.23.Final
java3d:vecmath:1.5.2
jline:jline:2.13
lzma:lzma:0.0.1
net.java.dev.jna:jna:3.4.0
net.java.dev.jna:platform:3.4.0
net.java.jinput:jinput-platform:2.0.5
net.java.jinput:jinput:2.0.5
net.java.jutils:jutils:1.0.0
net.minecraft:launchwrapper:1.12
net.sf.jopt-simple:jopt-simple:4.6
net.sf.trove4j:trove4j:3.0.3
org.apache.commons:commons-compress:1.8.1
org.apache.commons:commons-lang3:3.3.2
org.apache.httpcomponents:httpclient:4.3.3
org.apache.httpcomponents:httpcore:4.3.2
org.apache.logging.log4j:log4j-api:2.0-beta9
org.apache.logging.log4j:log4j-core:2.0-beta9
org.fusesource.jansi:jansi:1.11
org.lwjgl.lwjgl:lwjgl-platform:2.9.4-nightly-20150209
org.lwjgl.lwjgl:lwjgl:2.9.4-nightly-20150209
org.lwjgl.lwjgl:lwjgl_util:2.9.4-nightly-20150209
org.ow2.asm:asm-debug-all:5.0.3
org.scala-lang.modules:scala-parser-combinators_2.11:1.0.1
org.scala-lang.modules:scala-swing_2.11:1.0.1
org.scala-lang.modules:scala-xml_2.11:1.0.2
org.scala-lang.plugins:scala-continuations-library_2.11:1.0.2
org.scala-lang.plugins:scala-continuations-plugin_2.11.1:1.0.2
org.scala-lang:scala-actors-migration_2.11:1.1.0
org.scala-lang:scala-actors:2.11.0
org.scala-lang:scala-compiler:2.11.1
org.scala-lang:scala-library:2.11.1
org.scala-lang:scala-reflect:2.11.1
oshi-project:oshi-core:1.1
tv.twitch:twitch-external-platform:4.5
tv.twitch:twitch-platform:6.5
tv.twitch:twitch:6.5
