# This is a Gradle generated file for dependency locking.
# Manual edits can break the build and are not advised.
# This file is expected to be part of source control.
com.github.ben-manes.caffeine:caffeine:3.0.5=compileClasspath,testCompileClasspath,testRuntimeClasspath
com.github.mineLdiver:UnsafeEvents:e31096e=compileClasspath,testCompileClasspath,testRuntimeClasspath
com.google.code.findbugs:jsr305:3.0.2=compileClasspath,testCompileClasspath,testRuntimeClasspath
com.google.code.gson:gson:2.10.1=compileClasspath,testCompileClasspath,testRuntimeClasspath
com.google.errorprone:error_prone_annotations:2.18.0=compileClasspath,testCompileClasspath,testRuntimeClasspath
com.google.guava:failureaccess:1.0.1=compileClasspath,testCompileClasspath,testRuntimeClasspath
com.google.guava:guava:32.1.2-jre=compileClasspath,testCompileClasspath,testRuntimeClasspath
com.google.guava:listenablefuture:9999.0-empty-to-avoid-conflict-with-guava=compileClasspath,testCompileClasspath,testRuntimeClasspath
com.google.j2objc:j2objc-annotations:2.8=compileClasspath,testCompileClasspath,testRuntimeClasspath
com.mojang:datafixerupper:9.1.20=compileClasspath,testCompileClasspath,testRuntimeClasspath
commons-io:commons-io:2.11.0=compileClasspath,testCompileClasspath,testRuntimeClasspath
de.sciss:jump3r:1.0.5=compileClasspath,includeInternal,testCompileClasspath,testRuntimeClasspath
io.github.llamalad7:mixinextras-fabric:0.4.1=annotationProcessor,compileClasspath,testAnnotationProcessor,testCompileClasspath,testRuntimeClasspath
it.unimi.dsi:fastutil:8.5.12=compileClasspath,testCompileClasspath,testRuntimeClasspath
javazoom:jlayer:1.0.1=compileClasspath,includeInternal,testCompileClasspath,testRuntimeClasspath
me.carleslc:Simple-Configuration:1.8.4=compileClasspath,testCompileClasspath,testRuntimeClasspath
me.carleslc:Simple-Yaml:1.8.4=compileClasspath,testCompileClasspath,testRuntimeClasspath
net.fabricmc:dev-launch-injector:0.2.1+build.8=testRuntimeClasspath
net.fabricmc:fabric-loader:0.16.9=compileClasspath,testCompileClasspath,testRuntimeClasspath
net.fabricmc:fabric-mixin-compile-extensions:0.6.0=annotationProcessor,testAnnotationProcessor
net.fabricmc:mapping-io:0.2.1=annotationProcessor,testAnnotationProcessor
net.fabricmc:sponge-mixin:0.15.4+mixin.0.8.7=annotationProcessor,compileClasspath,testAnnotationProcessor,testCompileClasspath,testRuntimeClasspath
net.glasslauncher:biny:b1.7.3+e1fe071=compileClasspath,mappings
net.java.jinput:jinput:2.0.5=compileClasspath,minecraftLibraries,minecraftRuntimeLibraries,testCompileClasspath,testRuntimeClasspath
net.java.jutils:jutils:1.0.0=compileClasspath,minecraftLibraries,minecraftRuntimeLibraries,testCompileClasspath,testRuntimeClasspath
net.jodah:typetools:0.8.3=compileClasspath,testCompileClasspath,testRuntimeClasspath
net.minecraft:launchwrapper:1.5=compileClasspath,minecraftLibraries,minecraftRuntimeLibraries,testCompileClasspath,testRuntimeClasspath
net.minecraft:minecraft-merged-59856aa44c:b1.7.3-net.glasslauncher.biny.b1_7_3.b1.7.3+e1fe071-v2=compileClasspath,testCompileClasspath,testRuntimeClasspath
net.minecrell:terminalconsoleappender:1.3.0=testRuntimeClasspath
net.sf.jopt-simple:jopt-simple:4.5=compileClasspath,minecraftLibraries,minecraftRuntimeLibraries,testCompileClasspath,testRuntimeClasspath
net_glasslauncher_biny_b1_7_3_b1_7_3_e1fe071_v2.maven.modrinth:spasm:0.2.2=compileClasspath,testCompileClasspath,testRuntimeClasspath
net_glasslauncher_biny_b1_7_3_b1_7_3_e1fe071_v2.net.danygames2014:gambac:1.1.1=testRuntimeClasspath
net_glasslauncher_biny_b1_7_3_b1_7_3_e1fe071_v2.net.modificationstation.StationAPI.submodule.station-achievements-v0:station-achievements-v0:2.0.0-alpha.6.2-1.0.0=compileClasspath,testCompileClasspath,testRuntimeClasspath
net_glasslauncher_biny_b1_7_3_b1_7_3_e1fe071_v2.net.modificationstation.StationAPI.submodule.station-api-base:station-api-base:2.0.0-alpha.6.2-1.0.0=compileClasspath,testCompileClasspath,testRuntimeClasspath
net_glasslauncher_biny_b1_7_3_b1_7_3_e1fe071_v2.net.modificationstation.StationAPI.submodule.station-api-configuration:station-api-configuration:2.0.0-alpha.6.2-1.0.0=compileClasspath,testCompileClasspath,testRuntimeClasspath
net_glasslauncher_biny_b1_7_3_b1_7_3_e1fe071_v2.net.modificationstation.StationAPI.submodule.station-armor-api-v0:station-armor-api-v0:2.0.0-alpha.6.2-1.0.0=compileClasspath,testCompileClasspath,testRuntimeClasspath
net_glasslauncher_biny_b1_7_3_b1_7_3_e1fe071_v2.net.modificationstation.StationAPI.submodule.station-audio-loader-v0:station-audio-loader-v0:2.0.0-alpha.6.2-1.0.0=compileClasspath,testCompileClasspath,testRuntimeClasspath
net_glasslauncher_biny_b1_7_3_b1_7_3_e1fe071_v2.net.modificationstation.StationAPI.submodule.station-biome-events-v0:station-biome-events-v0:2.0.0-alpha.6.2-1.0.0=compileClasspath,testCompileClasspath,testRuntimeClasspath
net_glasslauncher_biny_b1_7_3_b1_7_3_e1fe071_v2.net.modificationstation.StationAPI.submodule.station-blockentities-v0:station-blockentities-v0:2.0.0-alpha.6.2-1.0.0=compileClasspath,testCompileClasspath,testRuntimeClasspath
net_glasslauncher_biny_b1_7_3_b1_7_3_e1fe071_v2.net.modificationstation.StationAPI.submodule.station-blockitems-v0:station-blockitems-v0:2.0.0-alpha.6.2-1.0.0=compileClasspath,testCompileClasspath,testRuntimeClasspath
net_glasslauncher_biny_b1_7_3_b1_7_3_e1fe071_v2.net.modificationstation.StationAPI.submodule.station-blocks-v0:station-blocks-v0:2.0.0-alpha.6.2-1.0.0=compileClasspath,testCompileClasspath,testRuntimeClasspath
net_glasslauncher_biny_b1_7_3_b1_7_3_e1fe071_v2.net.modificationstation.StationAPI.submodule.station-container-api-v0:station-container-api-v0:2.0.0-alpha.6.2-1.0.0=compileClasspath,testCompileClasspath,testRuntimeClasspath
net_glasslauncher_biny_b1_7_3_b1_7_3_e1fe071_v2.net.modificationstation.StationAPI.submodule.station-datafixer-v0:station-datafixer-v0:2.0.0-alpha.6.2-1.0.0=compileClasspath,testCompileClasspath,testRuntimeClasspath
net_glasslauncher_biny_b1_7_3_b1_7_3_e1fe071_v2.net.modificationstation.StationAPI.submodule.station-dimensions-v0:station-dimensions-v0:2.0.0-alpha.6.2-1.0.0=compileClasspath,testCompileClasspath,testRuntimeClasspath
net_glasslauncher_biny_b1_7_3_b1_7_3_e1fe071_v2.net.modificationstation.StationAPI.submodule.station-effects-api-v0:station-effects-api-v0:2.0.0-alpha.6.2-1.0.0=compileClasspath,testCompileClasspath,testRuntimeClasspath
net_glasslauncher_biny_b1_7_3_b1_7_3_e1fe071_v2.net.modificationstation.StationAPI.submodule.station-entities-v0:station-entities-v0:2.0.0-alpha.6.2-1.0.0=compileClasspath,testCompileClasspath,testRuntimeClasspath
net_glasslauncher_biny_b1_7_3_b1_7_3_e1fe071_v2.net.modificationstation.StationAPI.submodule.station-flattening-v0:station-flattening-v0:2.0.0-alpha.6.2-1.0.0=compileClasspath,testCompileClasspath,testRuntimeClasspath
net_glasslauncher_biny_b1_7_3_b1_7_3_e1fe071_v2.net.modificationstation.StationAPI.submodule.station-gui-api-v0:station-gui-api-v0:2.0.0-alpha.6.2-1.0.0=compileClasspath,testCompileClasspath,testRuntimeClasspath
net_glasslauncher_biny_b1_7_3_b1_7_3_e1fe071_v2.net.modificationstation.StationAPI.submodule.station-items-v0:station-items-v0:2.0.0-alpha.6.2-1.0.0=compileClasspath,testCompileClasspath,testRuntimeClasspath
net_glasslauncher_biny_b1_7_3_b1_7_3_e1fe071_v2.net.modificationstation.StationAPI.submodule.station-keybindings-v0:station-keybindings-v0:2.0.0-alpha.6.2-1.0.0=compileClasspath,testCompileClasspath,testRuntimeClasspath
net_glasslauncher_biny_b1_7_3_b1_7_3_e1fe071_v2.net.modificationstation.StationAPI.submodule.station-lifecycle-events-v0:station-lifecycle-events-v0:2.0.0-alpha.6.2-1.0.0=compileClasspath,testCompileClasspath,testRuntimeClasspath
net_glasslauncher_biny_b1_7_3_b1_7_3_e1fe071_v2.net.modificationstation.StationAPI.submodule.station-localization-api-v0:station-localization-api-v0:2.0.0-alpha.6.2-1.0.0=compileClasspath,testCompileClasspath,testRuntimeClasspath
net_glasslauncher_biny_b1_7_3_b1_7_3_e1fe071_v2.net.modificationstation.StationAPI.submodule.station-maths-v0:station-maths-v0:2.0.0-alpha.6.2-1.0.0=compileClasspath,testCompileClasspath,testRuntimeClasspath
net_glasslauncher_biny_b1_7_3_b1_7_3_e1fe071_v2.net.modificationstation.StationAPI.submodule.station-nbt-v0:station-nbt-v0:2.0.0-alpha.6.2-1.0.0=compileClasspath,testCompileClasspath,testRuntimeClasspath
net_glasslauncher_biny_b1_7_3_b1_7_3_e1fe071_v2.net.modificationstation.StationAPI.submodule.station-networking-v0:station-networking-v0:2.0.0-alpha.6.2-1.0.0=compileClasspath,testCompileClasspath,testRuntimeClasspath
net_glasslauncher_biny_b1_7_3_b1_7_3_e1fe071_v2.net.modificationstation.StationAPI.submodule.station-player-api-v0:station-player-api-v0:2.0.0-alpha.6.2-1.0.0=compileClasspath,testCompileClasspath,testRuntimeClasspath
net_glasslauncher_biny_b1_7_3_b1_7_3_e1fe071_v2.net.modificationstation.StationAPI.submodule.station-recipes-v0:station-recipes-v0:2.0.0-alpha.6.2-1.0.0=compileClasspath,testCompileClasspath,testRuntimeClasspath
net_glasslauncher_biny_b1_7_3_b1_7_3_e1fe071_v2.net.modificationstation.StationAPI.submodule.station-registry-api-v0:station-registry-api-v0:2.0.0-alpha.6.2-1.0.0=compileClasspath,testCompileClasspath,testRuntimeClasspath
net_glasslauncher_biny_b1_7_3_b1_7_3_e1fe071_v2.net.modificationstation.StationAPI.submodule.station-registry-sync-v0:station-registry-sync-v0:2.0.0-alpha.6.2-1.0.0=compileClasspath,testCompileClasspath,testRuntimeClasspath
net_glasslauncher_biny_b1_7_3_b1_7_3_e1fe071_v2.net.modificationstation.StationAPI.submodule.station-renderer-api-v0:station-renderer-api-v0:2.0.0-alpha.6.2-1.0.0=compileClasspath,testCompileClasspath,testRuntimeClasspath
net_glasslauncher_biny_b1_7_3_b1_7_3_e1fe071_v2.net.modificationstation.StationAPI.submodule.station-renderer-arsenic:station-renderer-arsenic:2.0.0-alpha.6.2-1.0.0=compileClasspath,testCompileClasspath,testRuntimeClasspath
net_glasslauncher_biny_b1_7_3_b1_7_3_e1fe071_v2.net.modificationstation.StationAPI.submodule.station-resource-loader-v0:station-resource-loader-v0:2.0.0-alpha.6.2-1.0.0=compileClasspath,testCompileClasspath,testRuntimeClasspath
net_glasslauncher_biny_b1_7_3_b1_7_3_e1fe071_v2.net.modificationstation.StationAPI.submodule.station-templates-v0:station-templates-v0:2.0.0-alpha.6.2-1.0.0=compileClasspath,testCompileClasspath,testRuntimeClasspath
net_glasslauncher_biny_b1_7_3_b1_7_3_e1fe071_v2.net.modificationstation.StationAPI.submodule.station-tools-api-v1:station-tools-api-v1:2.0.0-alpha.6.2-1.0.0=compileClasspath,testCompileClasspath,testRuntimeClasspath
net_glasslauncher_biny_b1_7_3_b1_7_3_e1fe071_v2.net.modificationstation.StationAPI.submodule.station-transitive-access-wideners-v0:station-transitive-access-wideners-v0:2.0.0-alpha.6.2-1.0.0=compileClasspath,testCompileClasspath,testRuntimeClasspath
net_glasslauncher_biny_b1_7_3_b1_7_3_e1fe071_v2.net.modificationstation.StationAPI.submodule.station-vanilla-checker-v0:station-vanilla-checker-v0:2.0.0-alpha.6.2-1.0.0=compileClasspath,testCompileClasspath,testRuntimeClasspath
net_glasslauncher_biny_b1_7_3_b1_7_3_e1fe071_v2.net.modificationstation.StationAPI.submodule.station-vanilla-fix-v0:station-vanilla-fix-v0:2.0.0-alpha.6.2-1.0.0=compileClasspath,testCompileClasspath,testRuntimeClasspath
net_glasslauncher_biny_b1_7_3_b1_7_3_e1fe071_v2.net.modificationstation.StationAPI.submodule.station-world-events-v0:station-world-events-v0:2.0.0-alpha.6.2-1.0.0=compileClasspath,testCompileClasspath,testRuntimeClasspath
net_glasslauncher_biny_b1_7_3_b1_7_3_e1fe071_v2.net.modificationstation.StationAPI.submodule.station-worldgen-api-v0:station-worldgen-api-v0:2.0.0-alpha.6.2-1.0.0=compileClasspath,testCompileClasspath,testRuntimeClasspath
net_glasslauncher_biny_b1_7_3_b1_7_3_e1fe071_v2.net.modificationstation:StationAPI:2.0.0-alpha.6.2=compileClasspath,testCompileClasspath,testRuntimeClasspath
org.apache.commons:commons-lang3:3.12.0=compileClasspath,testCompileClasspath,testRuntimeClasspath
org.apache.logging.log4j:log4j-api:2.17.2=compileClasspath,testCompileClasspath,testRuntimeClasspath
org.apache.logging.log4j:log4j-core:2.17.2=testRuntimeClasspath
org.apiguardian:apiguardian-api:1.1.2=testCompileClasspath
org.checkerframework:checker-qual:3.33.0=compileClasspath,testCompileClasspath,testRuntimeClasspath
org.jetbrains:annotations:23.0.0=testRuntimeClasspath
org.jetbrains:annotations:25.0.0=compileClasspath,testCompileClasspath
org.jline:jline-reader:3.20.0=testRuntimeClasspath
org.jline:jline-terminal:3.20.0=testRuntimeClasspath
org.junit.jupiter:junit-jupiter-api:5.10.2=testCompileClasspath,testRuntimeClasspath
org.junit.jupiter:junit-jupiter-engine:5.10.2=testRuntimeClasspath
org.junit.jupiter:junit-jupiter-params:5.10.2=testCompileClasspath,testRuntimeClasspath
org.junit.jupiter:junit-jupiter:5.10.2=testCompileClasspath,testRuntimeClasspath
org.junit.platform:junit-platform-commons:1.10.2=testCompileClasspath,testRuntimeClasspath
org.junit.platform:junit-platform-engine:1.10.2=testRuntimeClasspath
org.junit.platform:junit-platform-launcher:1.10.2=testRuntimeClasspath
org.junit:junit-bom:5.10.2=testCompileClasspath,testRuntimeClasspath
org.lwjgl.lwjgl:lwjgl:2.9.4+legacyfabric.9=compileClasspath,minecraftLibraries,minecraftRuntimeLibraries,testCompileClasspath,testRuntimeClasspath
org.lwjgl.lwjgl:lwjgl_util:2.9.4+legacyfabric.9=compileClasspath,minecraftLibraries,minecraftRuntimeLibraries,testCompileClasspath,testRuntimeClasspath
org.opentest4j:opentest4j:1.3.0=testCompileClasspath,testRuntimeClasspath
org.ow2.asm:asm-analysis:9.7.1=annotationProcessor,compileClasspath,testAnnotationProcessor,testCompileClasspath,testRuntimeClasspath
org.ow2.asm:asm-commons:9.7.1=annotationProcessor,compileClasspath,testAnnotationProcessor,testCompileClasspath,testRuntimeClasspath
org.ow2.asm:asm-tree:9.7.1=annotationProcessor,compileClasspath,testAnnotationProcessor,testCompileClasspath,testRuntimeClasspath
org.ow2.asm:asm-util:9.7.1=annotationProcessor,compileClasspath,testAnnotationProcessor,testCompileClasspath,testRuntimeClasspath
org.ow2.asm:asm:9.7.1=annotationProcessor,compileClasspath,testAnnotationProcessor,testCompileClasspath,testRuntimeClasspath
org.slf4j:slf4j-api:2.0.9=testRuntimeClasspath
org.slf4j:slf4j-simple:2.0.9=testRuntimeClasspath
org.yaml:snakeyaml:2.0=compileClasspath,testCompileClasspath,testRuntimeClasspath
empty=
