# This is a Gradle generated file for dependency locking.
# Manual edits can break the build and are not advised.
# This file is expected to be part of source control.
com.google.code.findbugs:jsr305:2.0.1=compileClasspath,patchedMinecraft,runtimeClasspath,testCompileClasspath,testRuntimeClasspath,vanilla_minecraft
com.google.code.gson:gson:2.2.4=compileClasspath,patchedMinecraft,runtimeClasspath,testCompileClasspath,testRuntimeClasspath,vanilla_minecraft
com.google.guava:guava:17.0=compileClasspath,patchedMinecraft,runtimeClasspath,testCompileClasspath,testRuntimeClasspath,vanilla_minecraft
com.google.guava:guava:20.0=remapper
com.ibm.icu:icu4j-core-mojang:51.2=compileClasspath,patchedMinecraft,runtimeClasspath,testCompileClasspath,testRuntimeClasspath,vanilla_minecraft
com.mojang:authlib:1.5.21=compileClasspath,patchedMinecraft,runtimeClasspath,testCompileClasspath,testRuntimeClasspath,vanilla_minecraft
com.mojang:netty:1.8.8=compileClasspath,patchedMinecraft,runtimeClasspath,testCompileClasspath,testRuntimeClasspath,vanilla_minecraft
com.mojang:realms:1.3.5=compileClasspath,patchedMinecraft,runtimeClasspath,testCompileClasspath,testRuntimeClasspath,vanilla_minecraft
com.opencsv:opencsv:4.4=remapper
com.paulscode:codecjorbis:20101023=compileClasspath,patchedMinecraft,runtimeClasspath,testCompileClasspath,testRuntimeClasspath,vanilla_minecraft
com.paulscode:codecwav:20101023=compileClasspath,patchedMinecraft,runtimeClasspath,testCompileClasspath,testRuntimeClasspath,vanilla_minecraft
com.paulscode:libraryjavasound:20101123=compileClasspath,patchedMinecraft,runtimeClasspath,testCompileClasspath,testRuntimeClasspath,vanilla_minecraft
com.paulscode:librarylwjglopenal:20100824=compileClasspath,patchedMinecraft,runtimeClasspath,testCompileClasspath,testRuntimeClasspath,vanilla_minecraft
com.paulscode:soundsystem:20120107=compileClasspath,patchedMinecraft,runtimeClasspath,testCompileClasspath,testRuntimeClasspath,vanilla_minecraft
com.typesafe.akka:akka-actor_2.11:2.3.3=compileClasspath,patchedMinecraft,runtimeClasspath,testCompileClasspath,testRuntimeClasspath
com.typesafe:config:1.2.1=compileClasspath,patchedMinecraft,runtimeClasspath,testCompileClasspath,testRuntimeClasspath
commons-beanutils:commons-beanutils:1.9.3=remapper
commons-codec:commons-codec:1.9=compileClasspath,patchedMinecraft,runtimeClasspath,testCompileClasspath,testRuntimeClasspath,vanilla_minecraft
commons-collections:commons-collections:3.2.2=remapper
commons-io:commons-io:2.4=compileClasspath,patchedMinecraft,runtimeClasspath,testCompileClasspath,testRuntimeClasspath,vanilla_minecraft
commons-logging:commons-logging:1.1.3=compileClasspath,patchedMinecraft,runtimeClasspath,testCompileClasspath,testRuntimeClasspath,vanilla_minecraft
commons-logging:commons-logging:1.2=remapper
de.sciss:jump3r:1.0.5=compileClasspath,embeddedLibraries,runtimeClasspath,testCompileClasspath,testRuntimeClasspath
io.netty:netty-all:4.0.10.Final=compileClasspath,patchedMinecraft,runtimeClasspath,testCompileClasspath,testRuntimeClasspath,vanilla_minecraft
java3d:vecmath:1.3.1=compileClasspath,patchedMinecraft,runtimeClasspath,testCompileClasspath,testRuntimeClasspath,vanilla_minecraft
javazoom:jlayer:1.0.1=compileClasspath,embeddedLibraries,runtimeClasspath,testCompileClasspath,testRuntimeClasspath
lzma:lzma:0.0.1=compileClasspath,patchedMinecraft,runtimeClasspath,testCompileClasspath,testRuntimeClasspath
net.java.jinput:jinput-platform:2.0.5=compileClasspath,patchedMinecraft,runtimeClasspath,testCompileClasspath,testRuntimeClasspath,vanilla_minecraft
net.java.jinput:jinput:2.0.5=compileClasspath,patchedMinecraft,runtimeClasspath,testCompileClasspath,testRuntimeClasspath,vanilla_minecraft
net.java.jutils:jutils:1.0.0=compileClasspath,patchedMinecraft,runtimeClasspath,testCompileClasspath,testRuntimeClasspath,vanilla_minecraft
net.md-5:SpecialSource:1.11.0=remapper
net.minecraft:launchwrapper:1.12=compileClasspath,patchedMinecraft,runtimeClasspath,testCompileClasspath,testRuntimeClasspath
net.sf.jopt-simple:jopt-simple:4.5=compileClasspath,patchedMinecraft,runtimeClasspath,testCompileClasspath,testRuntimeClasspath,vanilla_minecraft
net.sf.jopt-simple:jopt-simple:4.9=remapper
net.sf.trove4j:trove4j:3.0.3=compileClasspath,patchedMinecraft,runtimeClasspath,testCompileClasspath,testRuntimeClasspath,vanilla_minecraft
org.apache.commons:commons-collections4:4.2=remapper
org.apache.commons:commons-compress:1.8.1=compileClasspath,patchedMinecraft,runtimeClasspath,testCompileClasspath,testRuntimeClasspath,vanilla_minecraft
org.apache.commons:commons-lang3:3.3.2=compileClasspath,patchedMinecraft,runtimeClasspath,testCompileClasspath,testRuntimeClasspath,vanilla_minecraft
org.apache.commons:commons-lang3:3.8.1=remapper
org.apache.commons:commons-text:1.3=remapper
org.apache.httpcomponents:httpclient:4.3.3=compileClasspath,patchedMinecraft,runtimeClasspath,testCompileClasspath,testRuntimeClasspath,vanilla_minecraft
org.apache.httpcomponents:httpcore:4.3.2=compileClasspath,patchedMinecraft,runtimeClasspath,testCompileClasspath,testRuntimeClasspath,vanilla_minecraft
org.apache.logging.log4j:log4j-api:2.0-beta9-fixed=compileClasspath,patchedMinecraft,runtimeClasspath,testCompileClasspath,testRuntimeClasspath,vanilla_minecraft
org.apache.logging.log4j:log4j-core:2.0-beta9-fixed=compileClasspath,patchedMinecraft,runtimeClasspath,testCompileClasspath,testRuntimeClasspath,vanilla_minecraft
org.apiguardian:apiguardian-api:1.1.2=testCompileClasspath
org.junit.jupiter:junit-jupiter-api:5.10.2=testCompileClasspath,testRuntimeClasspath
org.junit.jupiter:junit-jupiter-engine:5.10.2=testRuntimeClasspath
org.junit.jupiter:junit-jupiter-params:5.10.2=testCompileClasspath,testRuntimeClasspath
org.junit.jupiter:junit-jupiter:5.10.2=testCompileClasspath,testRuntimeClasspath
org.junit.platform:junit-platform-commons:1.10.2=testCompileClasspath,testRuntimeClasspath
org.junit.platform:junit-platform-engine:1.10.2=testRuntimeClasspath
org.junit.platform:junit-platform-launcher:1.10.2=testRuntimeClasspath
org.junit:junit-bom:5.10.2=testCompileClasspath,testRuntimeClasspath
org.lwjgl.lwjgl:lwjgl-platform:2.9.1=runtimeClasspath,testRuntimeClasspath
org.lwjgl.lwjgl:lwjgl-platform:2.9.4-nightly-20150209=compileClasspath,lwjgl2Classpath,testCompileClasspath
org.lwjgl.lwjgl:lwjgl:2.9.1=runtimeClasspath,testRuntimeClasspath
org.lwjgl.lwjgl:lwjgl:2.9.4-nightly-20150209=compileClasspath,lwjgl2Classpath,testCompileClasspath
org.lwjgl.lwjgl:lwjgl_util:2.9.1=runtimeClasspath,testRuntimeClasspath
org.lwjgl.lwjgl:lwjgl_util:2.9.4-nightly-20150209=compileClasspath,lwjgl2Classpath,testCompileClasspath
org.opentest4j:opentest4j:1.3.0=testCompileClasspath,testRuntimeClasspath
org.ow2.asm:asm-analysis:9.1=remapper
org.ow2.asm:asm-commons:9.1=remapper
org.ow2.asm:asm-debug-all:5.0.3=compileClasspath,patchedMinecraft,runtimeClasspath,testCompileClasspath,testRuntimeClasspath
org.ow2.asm:asm-tree:9.1=remapper
org.ow2.asm:asm:9.1=remapper
org.scala-lang.plugins:scala-continuations-library_2.11:1.0.2=compileClasspath,patchedMinecraft,runtimeClasspath,testCompileClasspath,testRuntimeClasspath
org.scala-lang.plugins:scala-continuations-plugin_2.11.1:1.0.2=compileClasspath,patchedMinecraft,runtimeClasspath,testCompileClasspath,testRuntimeClasspath
org.scala-lang:scala-actors-migration_2.11:1.1.0=compileClasspath,patchedMinecraft,runtimeClasspath,testCompileClasspath,testRuntimeClasspath
org.scala-lang:scala-compiler:2.11.5=compileClasspath,patchedMinecraft,runtimeClasspath,testCompileClasspath,testRuntimeClasspath
org.scala-lang:scala-library:2.11.5=compileClasspath,patchedMinecraft,runtimeClasspath,testCompileClasspath,testRuntimeClasspath
org.scala-lang:scala-parser-combinators_2.11:1.0.1=compileClasspath,patchedMinecraft,runtimeClasspath,testCompileClasspath,testRuntimeClasspath
org.scala-lang:scala-reflect:2.11.5=compileClasspath,patchedMinecraft,runtimeClasspath,testCompileClasspath,testRuntimeClasspath
org.scala-lang:scala-swing_2.11:1.0.1=compileClasspath,patchedMinecraft,runtimeClasspath,testCompileClasspath,testRuntimeClasspath
org.scala-lang:scala-xml_2.11:1.0.2=compileClasspath,patchedMinecraft,runtimeClasspath,testCompileClasspath,testRuntimeClasspath
tv.twitch:twitch-external-platform:4.5=compileClasspath,patchedMinecraft,runtimeClasspath,testCompileClasspath,testRuntimeClasspath,vanilla_minecraft
tv.twitch:twitch-platform:5.16=compileClasspath,patchedMinecraft,runtimeClasspath,testCompileClasspath,testRuntimeClasspath,vanilla_minecraft
tv.twitch:twitch:5.16=compileClasspath,patchedMinecraft,runtimeClasspath,testCompileClasspath,testRuntimeClasspath,vanilla_minecraft
empty=annotationProcessor,apiAnnotationProcessor,apiCompileClasspath,injectedInterfacesAnnotationProcessor,injectedInterfacesCompileClasspath,injectedTagsAnnotationProcessor,injectedTagsCompileClasspath,mcLauncherAnnotationProcessor,patchedMcAnnotationProcessor,testAnnotationProcessor
