# This is a Gradle generated file for dependency locking.
# Manual edits can break the build and are not advised.
# This file is expected to be part of source control.
argo:argo:2.25_fixed=compileClasspath,minecraftClientLibraries,minecraftClientRuntimeLibraries,minecraftLibraries,minecraftNamedCompile,minecraftNamedRuntime,minecraftRuntimeLibraries,minecraftTestClientRuntimeLibraries,runtimeClasspath,testCompileClasspath,testRuntimeClasspath
com.google.code.gson:gson:2.10=compileClasspath,minecraftClientLibraries,minecraftClientRuntimeLibraries,minecraftLibraries,minecraftNamedCompile,minecraftNamedRuntime,minecraftRuntimeLibraries,minecraftServerLibraries,minecraftServerRuntimeLibraries,minecraftTestClientRuntimeLibraries,runtimeClasspath,testCompileClasspath,testRuntimeClasspath
com.google.guava:guava:17.0=compileClasspath,minecraftClientLibraries,minecraftClientRuntimeLibraries,minecraftLibraries,minecraftNamedCompile,minecraftNamedRuntime,minecraftRuntimeLibraries,minecraftServerLibraries,minecraftServerRuntimeLibraries,minecraftTestClientRuntimeLibraries,runtimeClasspath,testCompileClasspath,testRuntimeClasspath
com.paulscode:codecjorbis:20101023=compileClasspath,minecraftClientLibraries,minecraftClientRuntimeLibraries,minecraftLibraries,minecraftNamedCompile,minecraftNamedRuntime,minecraftRuntimeLibraries,minecraftTestClientRuntimeLibraries,runtimeClasspath,testCompileClasspath,testRuntimeClasspath
com.paulscode:codecwav:20101023=compileClasspath,minecraftClientLibraries,minecraftClientRuntimeLibraries,minecraftLibraries,minecraftNamedCompile,minecraftNamedRuntime,minecraftRuntimeLibraries,minecraftTestClientRuntimeLibraries,runtimeClasspath,testCompileClasspath,testRuntimeClasspath
com.paulscode:libraryjavasound:20101123=compileClasspath,minecraftClientLibraries,minecraftClientRuntimeLibraries,minecraftLibraries,minecraftNamedCompile,minecraftNamedRuntime,minecraftRuntimeLibraries,minecraftTestClientRuntimeLibraries,runtimeClasspath,testCompileClasspath,testRuntimeClasspath
com.paulscode:librarylwjglopenal:20100824=compileClasspath,minecraftClientLibraries,minecraftClientRuntimeLibraries,minecraftLibraries,minecraftNamedCompile,minecraftNamedRuntime,minecraftRuntimeLibraries,minecraftTestClientRuntimeLibraries,runtimeClasspath,testCompileClasspath,testRuntimeClasspath
com.paulscode:soundsystem:20120107=compileClasspath,minecraftClientLibraries,minecraftClientRuntimeLibraries,minecraftLibraries,minecraftNamedCompile,minecraftNamedRuntime,minecraftRuntimeLibraries,minecraftTestClientRuntimeLibraries,runtimeClasspath,testCompileClasspath,testRuntimeClasspath
commons-codec:commons-codec:1.9=compileClasspath,minecraftClientLibraries,minecraftClientRuntimeLibraries,minecraftLibraries,minecraftNamedCompile,minecraftNamedRuntime,minecraftRuntimeLibraries,minecraftServerLibraries,minecraftServerRuntimeLibraries,minecraftTestClientRuntimeLibraries,runtimeClasspath,testCompileClasspath,testRuntimeClasspath
commons-io:commons-io:2.4=compileClasspath,minecraftClientLibraries,minecraftClientRuntimeLibraries,minecraftLibraries,minecraftNamedCompile,minecraftNamedRuntime,minecraftRuntimeLibraries,minecraftTestClientRuntimeLibraries,runtimeClasspath,testCompileClasspath,testRuntimeClasspath
commons-logging:commons-logging:1.1.3=compileClasspath,minecraftClientLibraries,minecraftClientRuntimeLibraries,minecraftLibraries,minecraftNamedCompile,minecraftNamedRuntime,minecraftRuntimeLibraries,minecraftServerLibraries,minecraftServerRuntimeLibraries,minecraftTestClientRuntimeLibraries,runtimeClasspath,testCompileClasspath,testRuntimeClasspath
de.sciss:jump3r:1.0.5=compileClasspath,includeInternal,runtimeClasspath,testCompileClasspath,testRuntimeClasspath
io.github.llamalad7:mixinextras-fabric:0.5.5=compileClasspath,loaderLibraries,minecraftNamedCompile,minecraftNamedRuntime,minecraftTestClientRuntimeLibraries,runtimeClasspath,testCompileClasspath,testRuntimeClasspath
io.netty:netty-buffer:4.1.77.Final=compileClasspath,minecraftClientLibraries,minecraftClientRuntimeLibraries,minecraftLibraries,minecraftNamedCompile,minecraftNamedRuntime,minecraftRuntimeLibraries,minecraftServerLibraries,minecraftServerRuntimeLibraries,minecraftTestClientRuntimeLibraries,runtimeClasspath,testCompileClasspath,testRuntimeClasspath
io.netty:netty-common:4.1.77.Final=compileClasspath,minecraftClientLibraries,minecraftClientRuntimeLibraries,minecraftLibraries,minecraftNamedCompile,minecraftNamedRuntime,minecraftRuntimeLibraries,minecraftServerLibraries,minecraftServerRuntimeLibraries,minecraftTestClientRuntimeLibraries,runtimeClasspath,testCompileClasspath,testRuntimeClasspath
it.unimi.dsi:fastutil:8.5.9=compileClasspath,minecraftClientLibraries,minecraftClientRuntimeLibraries,minecraftLibraries,minecraftNamedCompile,minecraftNamedRuntime,minecraftRuntimeLibraries,minecraftServerLibraries,minecraftServerRuntimeLibraries,minecraftTestClientRuntimeLibraries,runtimeClasspath,testCompileClasspath,testRuntimeClasspath
javazoom:jlayer:1.0.1=compileClasspath,includeInternal,runtimeClasspath,testCompileClasspath,testRuntimeClasspath
loom:mappings:layered+hash.467177920=mappings
net.fabricmc:cfr:0.2.2=cfrDecompilerClasspath
net.fabricmc:dev-launch-injector:0.2.1+build.8=loomDevelopmentDependencies,minecraftNamedRuntime,runtimeClasspath,testRuntimeClasspath
net.fabricmc:fabric-loader:0.19.5=compileClasspath,runtimeClasspath,testCompileClasspath,testRuntimeClasspath
net.fabricmc:fabric-log4j-util:1.0.2=loomDevelopmentDependencies,minecraftNamedRuntime,runtimeClasspath,testRuntimeClasspath
net.fabricmc:sponge-mixin:0.17.4+mixin.0.8.7=compileClasspath,loaderLibraries,minecraftNamedCompile,minecraftNamedRuntime,minecraftTestClientRuntimeLibraries,runtimeClasspath,testCompileClasspath,testRuntimeClasspath
net.java.jinput:jinput-platform:2.0.5=minecraftNatives,minecraftTestClientRuntimeLibraries
net.java.jinput:jinput:2.0.5=compileClasspath,minecraftClientLibraries,minecraftClientRuntimeLibraries,minecraftLibraries,minecraftNamedCompile,minecraftNamedRuntime,minecraftRuntimeLibraries,minecraftTestClientRuntimeLibraries,runtimeClasspath,testCompileClasspath,testRuntimeClasspath
net.java.jutils:jutils:1.0.0=compileClasspath,minecraftClientLibraries,minecraftClientRuntimeLibraries,minecraftLibraries,minecraftNamedCompile,minecraftNamedRuntime,minecraftRuntimeLibraries,minecraftTestClientRuntimeLibraries,runtimeClasspath,testCompileClasspath,testRuntimeClasspath
net.minecraft:minecraft-merged-20b7e2836a:1.6.4-loom.mappings.1_6_4.layered+hash.467177920-v2=compileClasspath,minecraftNamedCompile,minecraftNamedRuntime,runtimeClasspath,testCompileClasspath,testRuntimeClasspath
net.ornithemc:feather-gen2:1.6.4+build.1=compileClasspath,mappingsConstants
net.ornithemc:log4j-patch:1.0.0=compileClasspath,minecraftClientLibraries,minecraftClientRuntimeLibraries,minecraftLibraries,minecraftNamedCompile,minecraftNamedRuntime,minecraftRuntimeLibraries,minecraftServerLibraries,minecraftServerRuntimeLibraries,minecraftTestClientRuntimeLibraries,runtimeClasspath,testCompileClasspath,testRuntimeClasspath
net.ornithemc:logger-config:1.0.0=compileClasspath,minecraftClientLibraries,minecraftClientRuntimeLibraries,minecraftLibraries,minecraftNamedCompile,minecraftNamedRuntime,minecraftRuntimeLibraries,minecraftServerLibraries,minecraftServerRuntimeLibraries,minecraftTestClientRuntimeLibraries,runtimeClasspath,testCompileClasspath,testRuntimeClasspath
net.sf.jopt-simple:jopt-simple:5.0.4=compileClasspath,minecraftClientLibraries,minecraftClientRuntimeLibraries,minecraftLibraries,minecraftNamedCompile,minecraftNamedRuntime,minecraftRuntimeLibraries,minecraftServerLibraries,minecraftServerRuntimeLibraries,minecraftTestClientRuntimeLibraries,runtimeClasspath,testCompileClasspath,testRuntimeClasspath
org.apache.commons:commons-compress:1.8.1=compileClasspath,minecraftClientLibraries,minecraftClientRuntimeLibraries,minecraftLibraries,minecraftNamedCompile,minecraftNamedRuntime,minecraftRuntimeLibraries,minecraftServerLibraries,minecraftServerRuntimeLibraries,minecraftTestClientRuntimeLibraries,runtimeClasspath,testCompileClasspath,testRuntimeClasspath
org.apache.commons:commons-lang3:3.1=compileClasspath,minecraftClientLibraries,minecraftClientRuntimeLibraries,minecraftLibraries,minecraftNamedCompile,minecraftNamedRuntime,minecraftRuntimeLibraries,minecraftTestClientRuntimeLibraries,runtimeClasspath,testCompileClasspath,testRuntimeClasspath
org.apache.httpcomponents:httpclient:4.3.3=compileClasspath,minecraftClientLibraries,minecraftClientRuntimeLibraries,minecraftLibraries,minecraftNamedCompile,minecraftNamedRuntime,minecraftRuntimeLibraries,minecraftServerLibraries,minecraftServerRuntimeLibraries,minecraftTestClientRuntimeLibraries,runtimeClasspath,testCompileClasspath,testRuntimeClasspath
org.apache.httpcomponents:httpcore:4.3.2=compileClasspath,minecraftClientLibraries,minecraftClientRuntimeLibraries,minecraftLibraries,minecraftNamedCompile,minecraftNamedRuntime,minecraftRuntimeLibraries,minecraftServerLibraries,minecraftServerRuntimeLibraries,minecraftTestClientRuntimeLibraries,runtimeClasspath,testCompileClasspath,testRuntimeClasspath
org.apache.logging.log4j:log4j-api:2.19.0=compileClasspath,minecraftClientLibraries,minecraftClientRuntimeLibraries,minecraftLibraries,minecraftNamedCompile,minecraftNamedRuntime,minecraftRuntimeLibraries,minecraftServerLibraries,minecraftServerRuntimeLibraries,minecraftTestClientRuntimeLibraries,runtimeClasspath,testCompileClasspath,testRuntimeClasspath
org.apache.logging.log4j:log4j-core:2.19.0=compileClasspath,minecraftClientLibraries,minecraftClientRuntimeLibraries,minecraftLibraries,minecraftNamedCompile,minecraftNamedRuntime,minecraftRuntimeLibraries,minecraftServerLibraries,minecraftServerRuntimeLibraries,minecraftTestClientRuntimeLibraries,runtimeClasspath,testCompileClasspath,testRuntimeClasspath
org.apache.logging.log4j:log4j-slf4j2-impl:2.19.0=compileClasspath,minecraftClientLibraries,minecraftClientRuntimeLibraries,minecraftLibraries,minecraftNamedCompile,minecraftNamedRuntime,minecraftRuntimeLibraries,minecraftServerLibraries,minecraftServerRuntimeLibraries,minecraftTestClientRuntimeLibraries,runtimeClasspath,testCompileClasspath,testRuntimeClasspath
org.apiguardian:apiguardian-api:1.1.2=testCompileClasspath
org.bouncycastle:bcprov-jdk15on:1.47=compileClasspath,minecraftClientLibraries,minecraftClientRuntimeLibraries,minecraftLibraries,minecraftNamedCompile,minecraftNamedRuntime,minecraftRuntimeLibraries,minecraftTestClientRuntimeLibraries,runtimeClasspath,testCompileClasspath,testRuntimeClasspath
org.jetbrains:annotations:24.0.1=runtimeClasspath,testRuntimeClasspath
org.jetbrains:annotations:26.0.2=compileClasspath,testCompileClasspath
org.junit.jupiter:junit-jupiter-api:5.10.2=testCompileClasspath,testRuntimeClasspath
org.junit.jupiter:junit-jupiter-engine:5.10.2=testRuntimeClasspath
org.junit.jupiter:junit-jupiter-params:5.10.2=testCompileClasspath,testRuntimeClasspath
org.junit.jupiter:junit-jupiter:5.10.2=testCompileClasspath,testRuntimeClasspath
org.junit.platform:junit-platform-commons:1.10.2=testCompileClasspath,testRuntimeClasspath
org.junit.platform:junit-platform-engine:1.10.2=testRuntimeClasspath
org.junit.platform:junit-platform-launcher:1.10.2=testRuntimeClasspath
org.junit:junit-bom:5.10.2=testCompileClasspath,testRuntimeClasspath
org.lwjgl.lwjgl:lwjgl-platform:2.9.4+legacyfabric.15=minecraftNatives,minecraftTestClientRuntimeLibraries
org.lwjgl.lwjgl:lwjgl:2.9.4+legacyfabric.15=compileClasspath,minecraftClientLibraries,minecraftClientRuntimeLibraries,minecraftLibraries,minecraftNamedCompile,minecraftNamedRuntime,minecraftRuntimeLibraries,minecraftTestClientRuntimeLibraries,runtimeClasspath,testCompileClasspath,testRuntimeClasspath
org.lwjgl.lwjgl:lwjgl_util:2.9.4+legacyfabric.15=compileClasspath,minecraftClientLibraries,minecraftClientRuntimeLibraries,minecraftLibraries,minecraftNamedCompile,minecraftNamedRuntime,minecraftRuntimeLibraries,minecraftTestClientRuntimeLibraries,runtimeClasspath,testCompileClasspath,testRuntimeClasspath
org.opentest4j:opentest4j:1.3.0=testCompileClasspath,testRuntimeClasspath
org.ow2.asm:asm-analysis:9.10.1=compileClasspath,loaderLibraries,minecraftNamedCompile,minecraftNamedRuntime,minecraftTestClientRuntimeLibraries,runtimeClasspath,testCompileClasspath,testRuntimeClasspath
org.ow2.asm:asm-commons:9.10.1=compileClasspath,loaderLibraries,minecraftNamedCompile,minecraftNamedRuntime,minecraftTestClientRuntimeLibraries,runtimeClasspath,testCompileClasspath,testRuntimeClasspath
org.ow2.asm:asm-tree:9.10.1=compileClasspath,loaderLibraries,minecraftNamedCompile,minecraftNamedRuntime,minecraftTestClientRuntimeLibraries,runtimeClasspath,testCompileClasspath,testRuntimeClasspath
org.ow2.asm:asm-util:9.10.1=compileClasspath,loaderLibraries,minecraftNamedCompile,minecraftNamedRuntime,minecraftTestClientRuntimeLibraries,runtimeClasspath,testCompileClasspath,testRuntimeClasspath
org.ow2.asm:asm:9.10.1=compileClasspath,loaderLibraries,minecraftNamedCompile,minecraftNamedRuntime,minecraftTestClientRuntimeLibraries,runtimeClasspath,testCompileClasspath,testRuntimeClasspath
org.quiltmc.parsers:json:0.2.1=runtimeClasspath,testRuntimeClasspath
org.slf4j:slf4j-api:2.0.17=compileClasspath,minecraftClientLibraries,minecraftClientRuntimeLibraries,minecraftLibraries,minecraftNamedCompile,minecraftNamedRuntime,minecraftRuntimeLibraries,minecraftServerLibraries,minecraftServerRuntimeLibraries,minecraftTestClientRuntimeLibraries,runtimeClasspath,testCompileClasspath,testRuntimeClasspath
org.vineflower:vineflower:1.12.0=vineflowerDecompilerClasspath
remapped.net.ornithemc.osl-gen2:core-93e6fc7d:0.10.0-alpha.5+mca1.0.1_01-mc14w26c=compileClasspath,runtimeClasspath,testCompileClasspath,testRuntimeClasspath
remapped.net.ornithemc.osl-gen2:entrypoints-93e6fc7d:0.6.1+mc13w16a-mc1.14.4=compileClasspath,runtimeClasspath,testCompileClasspath,testRuntimeClasspath
remapped.net.ornithemc.osl-gen2:executors-93e6fc7d:0.1.0+mc12w18a-mc1.7.5=compileClasspath,runtimeClasspath,testCompileClasspath,testRuntimeClasspath
remapped.net.ornithemc.osl-gen2:keybinds-93e6fc7d:0.3.0+mcb1.8-pre1-mc1.6.4=compileClasspath,runtimeClasspath,testCompileClasspath,testRuntimeClasspath
remapped.net.ornithemc.osl-gen2:lifecycle-events-93e6fc7d:0.6.1+mc12w21a-mc1.6.4=compileClasspath,runtimeClasspath,testCompileClasspath,testRuntimeClasspath
remapped.net.ornithemc.osl-gen2:networking-93e6fc7d:0.10.0-alpha.3+mcb1.0-mc13w39b=compileClasspath,runtimeClasspath,testCompileClasspath,testRuntimeClasspath
remapped.net.ornithemc.osl-gen2:networking-impl-93e6fc7d:0.2.0-alpha.5+mc12w21a-mc13w39b=compileClasspath,runtimeClasspath,testCompileClasspath,testRuntimeClasspath
remapped.net.ornithemc.osl-gen2:resource-loader-93e6fc7d:0.8.0-alpha.5+mc13w26a-mc1.8.2-pre4=compileClasspath,runtimeClasspath,testCompileClasspath,testRuntimeClasspath
remapped.net.ornithemc.osl-gen2:text-components-93e6fc7d:0.1.0-alpha.5+mca1.0.1_01-mc1.6.4=compileClasspath,runtimeClasspath,testCompileClasspath,testRuntimeClasspath
empty=annotationProcessor,clientExceptions,clientNests,clientSignatures,exceptions,localRuntime,mappingsFinal,nests,productionRuntimeMods,serverExceptions,serverNests,serverSignatures,signatures,testAnnotationProcessor,vanillaClientAnnotationProcessor,vanillaClientCompileClasspath,vanillaClientRuntimeClasspath
