# This is a Gradle generated file for dependency locking.
# Manual edits can break the build and are not advised.
# This file is expected to be part of source control.
at.yawk.lz4:lz4-java:1.8.1=compileClasspath,neoFormRuntimeDependenciesCompileClasspath,neoFormRuntimeDependenciesRuntimeClasspath,runtimeClasspath,testCompileClasspath,testRuntimeClasspath
ca.weblite:java-objc-bridge:1.1=compileClasspath,neoFormRuntimeDependenciesCompileClasspath,testCompileClasspath
com.azure:azure-json:1.4.0=compileClasspath,neoFormRuntimeDependenciesCompileClasspath,neoFormRuntimeDependenciesRuntimeClasspath,runtimeClasspath,testCompileClasspath,testRuntimeClasspath
com.electronwill.night-config:core:3.8.2=clientLegacyClasspath,gameTestServerLegacyClasspath,neoForgeTestLibraries,serverLegacyClasspath
com.electronwill.night-config:core:3.8.3=compileClasspath,neoFormRuntimeDependenciesCompileClasspath,neoFormRuntimeDependenciesRuntimeClasspath,runtimeClasspath,testCompileClasspath,testRuntimeClasspath
com.electronwill.night-config:toml:3.8.2=clientLegacyClasspath,gameTestServerLegacyClasspath,neoForgeTestLibraries,serverLegacyClasspath
com.electronwill.night-config:toml:3.8.3=compileClasspath,neoFormRuntimeDependenciesCompileClasspath,neoFormRuntimeDependenciesRuntimeClasspath,runtimeClasspath,testCompileClasspath,testRuntimeClasspath
com.fasterxml.jackson.core:jackson-annotations:2.13.4=clientLegacyClasspath,gameTestServerLegacyClasspath,neoForgeTestLibraries,serverLegacyClasspath
com.fasterxml.jackson.core:jackson-core:2.13.4=clientLegacyClasspath,gameTestServerLegacyClasspath,neoForgeTestLibraries,serverLegacyClasspath
com.fasterxml.jackson.core:jackson-databind:2.13.4.2=clientLegacyClasspath,gameTestServerLegacyClasspath,neoForgeTestLibraries,serverLegacyClasspath
com.github.oshi:oshi-core:6.6.5=clientLegacyClasspath,gameTestServerLegacyClasspath,neoForgeTestLibraries,serverLegacyClasspath
com.github.oshi:oshi-core:6.9.0=compileClasspath,neoFormRuntimeDependenciesCompileClasspath,neoFormRuntimeDependenciesRuntimeClasspath,runtimeClasspath,testCompileClasspath,testRuntimeClasspath
com.github.stephenc.jcip:jcip-annotations:1.0-1=clientLegacyClasspath,gameTestServerLegacyClasspath,neoForgeTestLibraries,serverLegacyClasspath
com.google.code.findbugs:jsr305:3.0.2=clientLegacyClasspath,compileClasspath,gameTestServerLegacyClasspath,neoForgeTestLibraries,neoFormRuntimeDependenciesCompileClasspath,serverLegacyClasspath,testCompileClasspath
com.google.code.gson:gson:2.10.1=neoFormRuntimeExternalTools
com.google.code.gson:gson:2.11.0=clientLegacyClasspath,gameTestServerLegacyClasspath,neoForgeTestLibraries,serverLegacyClasspath
com.google.code.gson:gson:2.13.2=compileClasspath,neoFormRuntimeDependenciesCompileClasspath,neoFormRuntimeDependenciesRuntimeClasspath,runtimeClasspath,testCompileClasspath,testRuntimeClasspath
com.google.errorprone:error_prone_annotations:2.28.0=clientLegacyClasspath,gameTestServerLegacyClasspath,neoForgeTestLibraries,serverLegacyClasspath
com.google.errorprone:error_prone_annotations:2.41.0=compileClasspath,neoFormRuntimeDependenciesCompileClasspath,neoFormRuntimeDependenciesRuntimeClasspath,runtimeClasspath,testCompileClasspath,testRuntimeClasspath
com.google.guava:failureaccess:1.0.2=clientLegacyClasspath,gameTestServerLegacyClasspath,neoForgeTestLibraries,serverLegacyClasspath
com.google.guava:failureaccess:1.0.3=compileClasspath,neoFormRuntimeDependenciesCompileClasspath,neoFormRuntimeDependenciesRuntimeClasspath,runtimeClasspath,testCompileClasspath,testRuntimeClasspath
com.google.guava:guava:33.3.1-jre=clientLegacyClasspath,gameTestServerLegacyClasspath,neoForgeTestLibraries,serverLegacyClasspath
com.google.guava:guava:33.5.0-jre=compileClasspath,neoFormRuntimeDependenciesCompileClasspath,neoFormRuntimeDependenciesRuntimeClasspath,runtimeClasspath,testCompileClasspath,testRuntimeClasspath
com.google.guava:listenablefuture:9999.0-empty-to-avoid-conflict-with-guava=clientLegacyClasspath,compileClasspath,gameTestServerLegacyClasspath,neoForgeTestLibraries,neoFormRuntimeDependenciesCompileClasspath,neoFormRuntimeDependenciesRuntimeClasspath,runtimeClasspath,serverLegacyClasspath,testCompileClasspath,testRuntimeClasspath
com.google.j2objc:j2objc-annotations:3.0.0=clientLegacyClasspath,gameTestServerLegacyClasspath,neoForgeTestLibraries,serverLegacyClasspath
com.google.j2objc:j2objc-annotations:3.1=compileClasspath,neoFormRuntimeDependenciesCompileClasspath,neoFormRuntimeDependenciesRuntimeClasspath,runtimeClasspath,testCompileClasspath,testRuntimeClasspath
com.ibm.icu:icu4j:76.1=clientLegacyClasspath,neoForgeTestLibraries
com.ibm.icu:icu4j:77.1=compileClasspath,neoFormRuntimeDependenciesCompileClasspath,neoFormRuntimeDependenciesRuntimeClasspath,runtimeClasspath,testCompileClasspath,testRuntimeClasspath
com.machinezoo.noexception:noexception:1.7.1=clientLegacyClasspath,gameTestServerLegacyClasspath,neoForgeTestLibraries,serverLegacyClasspath
com.microsoft.azure:msal4j:1.17.2=clientLegacyClasspath,gameTestServerLegacyClasspath,neoForgeTestLibraries,serverLegacyClasspath
com.microsoft.azure:msal4j:1.23.1=compileClasspath,neoFormRuntimeDependenciesCompileClasspath,neoFormRuntimeDependenciesRuntimeClasspath,runtimeClasspath,testCompileClasspath,testRuntimeClasspath
com.mojang:authlib:6.0.58=clientLegacyClasspath,gameTestServerLegacyClasspath,neoForgeTestLibraries,serverLegacyClasspath
com.mojang:authlib:7.0.61=compileClasspath,neoFormRuntimeDependenciesCompileClasspath,neoFormRuntimeDependenciesRuntimeClasspath,runtimeClasspath,testCompileClasspath,testRuntimeClasspath
com.mojang:blocklist:1.0.10=clientLegacyClasspath,compileClasspath,neoForgeTestLibraries,neoFormRuntimeDependenciesCompileClasspath,neoFormRuntimeDependenciesRuntimeClasspath,runtimeClasspath,testCompileClasspath,testRuntimeClasspath
com.mojang:brigadier:1.3.10=clientLegacyClasspath,compileClasspath,gameTestServerLegacyClasspath,neoForgeTestLibraries,neoFormRuntimeDependenciesCompileClasspath,neoFormRuntimeDependenciesRuntimeClasspath,runtimeClasspath,serverLegacyClasspath,testCompileClasspath,testRuntimeClasspath
com.mojang:datafixerupper:8.0.16=clientLegacyClasspath,gameTestServerLegacyClasspath,neoForgeTestLibraries,serverLegacyClasspath
com.mojang:datafixerupper:9.0.19=compileClasspath,neoFormRuntimeDependenciesCompileClasspath,neoFormRuntimeDependenciesRuntimeClasspath,runtimeClasspath,testCompileClasspath,testRuntimeClasspath
com.mojang:jtracy:1.0.29=clientLegacyClasspath,gameTestServerLegacyClasspath,neoForgeTestLibraries,serverLegacyClasspath
com.mojang:jtracy:1.0.37=compileClasspath,neoFormRuntimeDependenciesCompileClasspath,neoFormRuntimeDependenciesRuntimeClasspath,runtimeClasspath,testCompileClasspath,testRuntimeClasspath
com.mojang:logging:1.5.10=clientLegacyClasspath,gameTestServerLegacyClasspath,neoForgeTestLibraries,serverLegacyClasspath
com.mojang:logging:1.6.11=compileClasspath,neoFormRuntimeDependenciesCompileClasspath,neoFormRuntimeDependenciesRuntimeClasspath,runtimeClasspath,testCompileClasspath,testRuntimeClasspath
com.mojang:patchy:2.2.10=clientLegacyClasspath,compileClasspath,neoForgeTestLibraries,neoFormRuntimeDependenciesCompileClasspath,neoFormRuntimeDependenciesRuntimeClasspath,runtimeClasspath,testCompileClasspath,testRuntimeClasspath
com.mojang:text2speech:1.18.11=clientLegacyClasspath,compileClasspath,neoForgeTestLibraries,neoFormRuntimeDependenciesCompileClasspath,neoFormRuntimeDependenciesRuntimeClasspath,runtimeClasspath,testCompileClasspath,testRuntimeClasspath
com.nimbusds:content-type:2.3=clientLegacyClasspath,gameTestServerLegacyClasspath,neoForgeTestLibraries,serverLegacyClasspath
com.nimbusds:lang-tag:1.7=clientLegacyClasspath,gameTestServerLegacyClasspath,neoForgeTestLibraries,serverLegacyClasspath
com.nimbusds:nimbus-jose-jwt:9.40=clientLegacyClasspath,gameTestServerLegacyClasspath,neoForgeTestLibraries,serverLegacyClasspath
com.nimbusds:oauth2-oidc-sdk:11.18=clientLegacyClasspath,gameTestServerLegacyClasspath,neoForgeTestLibraries,serverLegacyClasspath
com.nothome:javaxdelta:2.0.1=neoFormRuntimeExternalTools
commons-codec:commons-codec:1.17.1=clientLegacyClasspath,neoForgeTestLibraries
commons-codec:commons-codec:1.19.0=compileClasspath,neoFormRuntimeDependenciesCompileClasspath,neoFormRuntimeDependenciesRuntimeClasspath,runtimeClasspath,testCompileClasspath,testRuntimeClasspath
commons-io:commons-io:2.17.0=clientLegacyClasspath,gameTestServerLegacyClasspath,neoForgeTestLibraries,serverLegacyClasspath
commons-io:commons-io:2.20.0=compileClasspath,neoFormRuntimeDependenciesCompileClasspath,neoFormRuntimeDependenciesRuntimeClasspath,runtimeClasspath,testCompileClasspath,testRuntimeClasspath
commons-logging:commons-logging:1.3.4=clientLegacyClasspath,neoForgeTestLibraries
de.sciss:jump3r:1.0.5=clientLegacyClasspath,compileClasspath,gameTestServerLegacyClasspath,jarJar,neoForgeTestLibraries,runtimeClasspath,serverLegacyClasspath,testCompileClasspath,testRuntimeClasspath
de.siegmar:fastcsv:2.0.0=neoFormRuntimeExternalTools
io.codechicken:DiffPatch:2.0.0.36=neoFormRuntimeExternalTools
io.github.llamalad7:mixinextras-neoforge:0.5.3=compileClasspath,neoFormRuntimeDependenciesCompileClasspath,testCompileClasspath
io.netty:netty-buffer:4.1.118.Final=clientLegacyClasspath,gameTestServerLegacyClasspath,neoForgeTestLibraries,serverLegacyClasspath
io.netty:netty-buffer:4.2.7.Final=compileClasspath,neoFormRuntimeDependenciesCompileClasspath,neoFormRuntimeDependenciesRuntimeClasspath,runtimeClasspath,testCompileClasspath,testRuntimeClasspath
io.netty:netty-codec-base:4.2.7.Final=compileClasspath,neoFormRuntimeDependenciesCompileClasspath,neoFormRuntimeDependenciesRuntimeClasspath,runtimeClasspath,testCompileClasspath,testRuntimeClasspath
io.netty:netty-codec-compression:4.2.7.Final=compileClasspath,neoFormRuntimeDependenciesCompileClasspath,neoFormRuntimeDependenciesRuntimeClasspath,runtimeClasspath,testCompileClasspath,testRuntimeClasspath
io.netty:netty-codec-http:4.2.7.Final=compileClasspath,neoFormRuntimeDependenciesCompileClasspath,neoFormRuntimeDependenciesRuntimeClasspath,runtimeClasspath,testCompileClasspath,testRuntimeClasspath
io.netty:netty-codec:4.1.118.Final=clientLegacyClasspath,gameTestServerLegacyClasspath,neoForgeTestLibraries,serverLegacyClasspath
io.netty:netty-common:4.1.118.Final=clientLegacyClasspath,gameTestServerLegacyClasspath,neoForgeTestLibraries,serverLegacyClasspath
io.netty:netty-common:4.2.7.Final=compileClasspath,neoFormRuntimeDependenciesCompileClasspath,neoFormRuntimeDependenciesRuntimeClasspath,runtimeClasspath,testCompileClasspath,testRuntimeClasspath
io.netty:netty-handler:4.1.118.Final=clientLegacyClasspath,gameTestServerLegacyClasspath,neoForgeTestLibraries,serverLegacyClasspath
io.netty:netty-handler:4.2.7.Final=compileClasspath,neoFormRuntimeDependenciesCompileClasspath,neoFormRuntimeDependenciesRuntimeClasspath,runtimeClasspath,testCompileClasspath,testRuntimeClasspath
io.netty:netty-resolver:4.1.118.Final=clientLegacyClasspath,gameTestServerLegacyClasspath,neoForgeTestLibraries,serverLegacyClasspath
io.netty:netty-resolver:4.2.7.Final=compileClasspath,neoFormRuntimeDependenciesCompileClasspath,neoFormRuntimeDependenciesRuntimeClasspath,runtimeClasspath,testCompileClasspath,testRuntimeClasspath
io.netty:netty-transport-classes-epoll:4.1.118.Final=clientLegacyClasspath,gameTestServerLegacyClasspath,neoForgeTestLibraries,serverLegacyClasspath
io.netty:netty-transport-classes-epoll:4.2.7.Final=compileClasspath,neoFormRuntimeDependenciesCompileClasspath,neoFormRuntimeDependenciesRuntimeClasspath,runtimeClasspath,testCompileClasspath,testRuntimeClasspath
io.netty:netty-transport-classes-kqueue:4.2.7.Final=compileClasspath,neoFormRuntimeDependenciesCompileClasspath,neoFormRuntimeDependenciesRuntimeClasspath,runtimeClasspath,testCompileClasspath,testRuntimeClasspath
io.netty:netty-transport-native-epoll:4.1.118.Final=clientLegacyClasspath,gameTestServerLegacyClasspath,neoForgeTestLibraries,serverLegacyClasspath
io.netty:netty-transport-native-epoll:4.2.7.Final=neoFormRuntimeDependenciesRuntimeClasspath,runtimeClasspath,testRuntimeClasspath
io.netty:netty-transport-native-unix-common:4.1.118.Final=clientLegacyClasspath,gameTestServerLegacyClasspath,neoForgeTestLibraries,serverLegacyClasspath
io.netty:netty-transport-native-unix-common:4.2.7.Final=compileClasspath,neoFormRuntimeDependenciesCompileClasspath,neoFormRuntimeDependenciesRuntimeClasspath,runtimeClasspath,testCompileClasspath,testRuntimeClasspath
io.netty:netty-transport:4.1.118.Final=clientLegacyClasspath,gameTestServerLegacyClasspath,neoForgeTestLibraries,serverLegacyClasspath
io.netty:netty-transport:4.2.7.Final=compileClasspath,neoFormRuntimeDependenciesCompileClasspath,neoFormRuntimeDependenciesRuntimeClasspath,runtimeClasspath,testCompileClasspath,testRuntimeClasspath
it.unimi.dsi:fastutil:8.3.1=neoFormRuntimeExternalTools
it.unimi.dsi:fastutil:8.5.15=clientLegacyClasspath,gameTestServerLegacyClasspath,neoForgeTestLibraries,serverLegacyClasspath
it.unimi.dsi:fastutil:8.5.18=compileClasspath,neoFormRuntimeDependenciesCompileClasspath,neoFormRuntimeDependenciesRuntimeClasspath,runtimeClasspath,testCompileClasspath,testRuntimeClasspath
javazoom:jlayer:1.0.1=clientLegacyClasspath,compileClasspath,gameTestServerLegacyClasspath,jarJar,neoForgeTestLibraries,runtimeClasspath,serverLegacyClasspath,testCompileClasspath,testRuntimeClasspath
net.covers1624:Quack:0.4.10.101=neoFormRuntimeExternalTools
net.fabricmc:sponge-mixin:0.15.2+mixin.0.8.7=clientLegacyClasspath,gameTestServerLegacyClasspath,neoForgeTestLibraries,serverLegacyClasspath
net.fabricmc:sponge-mixin:0.16.5+mixin.0.8.7=compileClasspath,neoFormRuntimeDependenciesCompileClasspath,neoFormRuntimeDependenciesRuntimeClasspath,runtimeClasspath,testCompileClasspath,testRuntimeClasspath
net.java.dev.jna:jna-platform:5.15.0=clientLegacyClasspath,gameTestServerLegacyClasspath,neoForgeTestLibraries,serverLegacyClasspath
net.java.dev.jna:jna-platform:5.17.0=compileClasspath,neoFormRuntimeDependenciesCompileClasspath,neoFormRuntimeDependenciesRuntimeClasspath,runtimeClasspath,testCompileClasspath,testRuntimeClasspath
net.java.dev.jna:jna:5.15.0=clientLegacyClasspath,gameTestServerLegacyClasspath,neoForgeTestLibraries,serverLegacyClasspath
net.java.dev.jna:jna:5.17.0=compileClasspath,neoFormRuntimeDependenciesCompileClasspath,neoFormRuntimeDependenciesRuntimeClasspath,runtimeClasspath,testCompileClasspath,testRuntimeClasspath
net.jodah:typetools:0.6.3=clientLegacyClasspath,compileClasspath,gameTestServerLegacyClasspath,neoForgeTestLibraries,neoFormRuntimeDependenciesCompileClasspath,neoFormRuntimeDependenciesRuntimeClasspath,runtimeClasspath,serverLegacyClasspath,testCompileClasspath,testRuntimeClasspath
net.minecraftforge:mergetool:1.1.7=neoFormRuntimeExternalTools
net.minecraftforge:srgutils:0.4.15=clientLegacyClasspath,gameTestServerLegacyClasspath,neoForgeTestLibraries,neoFormRuntimeDependenciesRuntimeClasspath,neoFormRuntimeExternalTools,runtimeClasspath,serverLegacyClasspath,testRuntimeClasspath
net.minecrell:terminalconsoleappender:1.3.0=clientLegacyClasspath,compileClasspath,gameTestServerLegacyClasspath,neoForgeTestLibraries,neoFormRuntimeDependenciesCompileClasspath,neoFormRuntimeDependenciesRuntimeClasspath,runtimeClasspath,serverLegacyClasspath,testCompileClasspath,testRuntimeClasspath
net.minidev:accessors-smart:2.5.1=clientLegacyClasspath,gameTestServerLegacyClasspath,neoForgeTestLibraries,serverLegacyClasspath
net.minidev:json-smart:2.5.1=clientLegacyClasspath,gameTestServerLegacyClasspath,neoForgeTestLibraries,serverLegacyClasspath
net.neoforged.accesstransformers:at-parser:11.0.2=clientLegacyClasspath,compileClasspath,gameTestServerLegacyClasspath,neoForgeTestLibraries,neoFormRuntimeDependenciesCompileClasspath,neoFormRuntimeDependenciesRuntimeClasspath,runtimeClasspath,serverLegacyClasspath,testCompileClasspath,testRuntimeClasspath
net.neoforged.accesstransformers:at-parser:13.0.1=neoFormRuntimeExternalTools
net.neoforged.fancymodloader:bootstraplauncher:9.0.2=clientLegacyClasspath,gameTestServerLegacyClasspath,neoForgeTestLibraries,serverLegacyClasspath
net.neoforged.fancymodloader:earlydisplay:10.0.36=compileClasspath,neoFormRuntimeDependenciesCompileClasspath,neoFormRuntimeDependenciesRuntimeClasspath,runtimeClasspath,testCompileClasspath,testRuntimeClasspath
net.neoforged.fancymodloader:earlydisplay:9.0.2=clientLegacyClasspath,gameTestServerLegacyClasspath,neoForgeTestLibraries,serverLegacyClasspath
net.neoforged.fancymodloader:junit-fml:10.0.36=testRuntimeClasspath
net.neoforged.fancymodloader:loader:10.0.36=compileClasspath,neoFormRuntimeDependenciesCompileClasspath,neoFormRuntimeDependenciesRuntimeClasspath,runtimeClasspath,testCompileClasspath,testRuntimeClasspath
net.neoforged.fancymodloader:loader:9.0.2=clientLegacyClasspath,gameTestServerLegacyClasspath,neoForgeTestLibraries,serverLegacyClasspath
net.neoforged.fancymodloader:securejarhandler:9.0.2=clientLegacyClasspath,gameTestServerLegacyClasspath,neoForgeTestLibraries,serverLegacyClasspath
net.neoforged.installertools:binarypatcher:4.0.12=neoFormRuntimeExternalTools
net.neoforged.installertools:cli-utils:4.0.12=neoFormRuntimeExternalTools
net.neoforged.installertools:installertools:4.0.12=neoFormRuntimeExternalTools
net.neoforged.installertools:installertools:4.0.7=neoFormRuntimeDependenciesNeoForgeClasses
net.neoforged.javadoctor:gson-io:2.0.17=neoFormRuntimeExternalTools
net.neoforged.javadoctor:spec:2.0.17=neoFormRuntimeExternalTools
net.neoforged.jst:jst-cli-bundle:2.0.10=neoFormRuntimeExternalTools
net.neoforged:AutoRenamingTool:2.0.17=neoFormRuntimeDependenciesNeoForgeClasses,neoFormRuntimeExternalTools
net.neoforged:DevLaunch:1.0.2=devLaunchConfig,runtimeClasspath
net.neoforged:JarJarFileSystems:0.4.1=clientLegacyClasspath,gameTestServerLegacyClasspath,neoForgeTestLibraries,serverLegacyClasspath
net.neoforged:JarJarMetadata:0.4.1=clientLegacyClasspath,gameTestServerLegacyClasspath,neoForgeTestLibraries,serverLegacyClasspath
net.neoforged:JarJarMetadata:0.5.0=compileClasspath,neoFormRuntimeDependenciesCompileClasspath,neoFormRuntimeDependenciesRuntimeClasspath,runtimeClasspath,testCompileClasspath,testRuntimeClasspath
net.neoforged:JarJarSelector:0.4.1=clientLegacyClasspath,gameTestServerLegacyClasspath,neoForgeTestLibraries,serverLegacyClasspath
net.neoforged:JarJarSelector:0.5.0=compileClasspath,neoFormRuntimeDependenciesCompileClasspath,neoFormRuntimeDependenciesRuntimeClasspath,runtimeClasspath,testCompileClasspath,testRuntimeClasspath
net.neoforged:accesstransformers:11.0.2=clientLegacyClasspath,compileClasspath,gameTestServerLegacyClasspath,neoForgeTestLibraries,neoFormRuntimeDependenciesCompileClasspath,neoFormRuntimeDependenciesRuntimeClasspath,runtimeClasspath,serverLegacyClasspath,testCompileClasspath,testRuntimeClasspath
net.neoforged:accesstransformers:13.0.1=neoFormRuntimeExternalTools
net.neoforged:bus:8.0.5=clientLegacyClasspath,compileClasspath,gameTestServerLegacyClasspath,neoForgeTestLibraries,neoFormRuntimeDependenciesCompileClasspath,neoFormRuntimeDependenciesRuntimeClasspath,runtimeClasspath,serverLegacyClasspath,testCompileClasspath,testRuntimeClasspath
net.neoforged:mergetool:2.0.0=clientLegacyClasspath,gameTestServerLegacyClasspath,neoForgeTestLibraries,neoFormRuntimeDependenciesRuntimeClasspath,runtimeClasspath,serverLegacyClasspath,testRuntimeClasspath
net.neoforged:mergetool:2.0.7=compileClasspath,neoFormRuntimeDependenciesCompileClasspath,neoFormRuntimeDependenciesNeoForgeClasses,testCompileClasspath
net.neoforged:minecraft-dependencies:1.21.11=clientLegacyClasspath,compileClasspath,gameTestServerLegacyClasspath,neoForgeTestLibraries,neoFormRuntimeDependenciesCompileClasspath,neoFormRuntimeDependenciesRuntimeClasspath,runtimeClasspath,serverLegacyClasspath,testCompileClasspath,testRuntimeClasspath
net.neoforged:neoforge:21.11.45=clientLegacyClasspath,clientModulesOnly,compileClasspath,gameTestServerLegacyClasspath,gameTestServerModulesOnly,neoForgeConfigOnly,neoForgeTestLibraries,neoForgeTestModules,neoFormRuntimeDependenciesCompileClasspath,neoFormRuntimeDependenciesNeoForgeClasses,neoFormRuntimeDependenciesNeoForgeSources,neoFormRuntimeDependenciesRuntimeClasspath,runtimeClasspath,serverLegacyClasspath,serverModulesOnly,testCompileClasspath,testRuntimeClasspath
net.neoforged:neoform-runtime:2.0.24=neoFormRuntimeExternalTools,neoFormRuntimeTool
net.neoforged:neoform:1.21.11-20250617.151856=clientLegacyClasspath,gameTestServerLegacyClasspath,neoForgeTestLibraries,serverLegacyClasspath
net.neoforged:neoform:1.21.11-20251209.172050=compileClasspath,neoFormRuntimeDependenciesCompileClasspath,neoFormRuntimeDependenciesNeoForgeClasses,neoFormRuntimeDependenciesRuntimeClasspath,runtimeClasspath,testCompileClasspath,testRuntimeClasspath
net.neoforged:srgutils:1.0.0=neoFormRuntimeExternalTools
net.sf.jopt-simple:jopt-simple:5.0.4=clientLegacyClasspath,compileClasspath,gameTestServerLegacyClasspath,neoForgeTestLibraries,neoFormRuntimeDependenciesCompileClasspath,neoFormRuntimeDependenciesRuntimeClasspath,runtimeClasspath,serverLegacyClasspath,testCompileClasspath,testRuntimeClasspath
net.sf.jopt-simple:jopt-simple:6.0-alpha-3=neoFormRuntimeExternalTools
org.apache.commons:commons-compress:1.18=neoFormRuntimeExternalTools
org.apache.commons:commons-compress:1.27.1=clientLegacyClasspath,neoForgeTestLibraries
org.apache.commons:commons-compress:1.28.0=compileClasspath,neoFormRuntimeDependenciesCompileClasspath,neoFormRuntimeDependenciesRuntimeClasspath,runtimeClasspath,testCompileClasspath,testRuntimeClasspath
org.apache.commons:commons-lang3:3.17.0=clientLegacyClasspath,gameTestServerLegacyClasspath,neoForgeTestLibraries,serverLegacyClasspath
org.apache.commons:commons-lang3:3.19.0=compileClasspath,neoFormRuntimeDependenciesCompileClasspath,neoFormRuntimeDependenciesRuntimeClasspath,runtimeClasspath,testCompileClasspath,testRuntimeClasspath
org.apache.commons:commons-lang3:3.9=neoFormRuntimeExternalTools
org.apache.httpcomponents:httpclient:4.5.14=clientLegacyClasspath,neoForgeTestLibraries
org.apache.httpcomponents:httpcore:4.4.16=clientLegacyClasspath,neoForgeTestLibraries
org.apache.logging.log4j:log4j-api:2.24.1=clientLegacyClasspath,gameTestServerLegacyClasspath,neoForgeTestLibraries,serverLegacyClasspath
org.apache.logging.log4j:log4j-api:2.25.2=compileClasspath,neoFormRuntimeDependenciesCompileClasspath,neoFormRuntimeDependenciesRuntimeClasspath,runtimeClasspath,testCompileClasspath,testRuntimeClasspath
org.apache.logging.log4j:log4j-core:2.24.1=clientLegacyClasspath,gameTestServerLegacyClasspath,neoForgeTestLibraries,serverLegacyClasspath
org.apache.logging.log4j:log4j-core:2.25.2=compileClasspath,neoFormRuntimeDependenciesCompileClasspath,neoFormRuntimeDependenciesRuntimeClasspath,runtimeClasspath,testCompileClasspath,testRuntimeClasspath
org.apache.logging.log4j:log4j-slf4j2-impl:2.24.1=clientLegacyClasspath,gameTestServerLegacyClasspath,neoForgeTestLibraries,serverLegacyClasspath
org.apache.logging.log4j:log4j-slf4j2-impl:2.25.2=compileClasspath,neoFormRuntimeDependenciesCompileClasspath,neoFormRuntimeDependenciesRuntimeClasspath,runtimeClasspath,testCompileClasspath,testRuntimeClasspath
org.apache.maven:maven-artifact:3.9.9=clientLegacyClasspath,compileClasspath,gameTestServerLegacyClasspath,neoForgeTestLibraries,neoFormRuntimeDependenciesCompileClasspath,neoFormRuntimeDependenciesRuntimeClasspath,runtimeClasspath,serverLegacyClasspath,testCompileClasspath,testRuntimeClasspath
org.apiguardian:apiguardian-api:1.1.2=testCompileClasspath
org.checkerframework:checker-qual:3.43.0=clientLegacyClasspath,gameTestServerLegacyClasspath,neoForgeTestLibraries,serverLegacyClasspath
org.codehaus.plexus:plexus-utils:3.5.1=clientLegacyClasspath,compileClasspath,gameTestServerLegacyClasspath,neoForgeTestLibraries,neoFormRuntimeDependenciesCompileClasspath,neoFormRuntimeDependenciesRuntimeClasspath,runtimeClasspath,serverLegacyClasspath,testCompileClasspath,testRuntimeClasspath
org.jcraft:jorbis:0.0.17=clientLegacyClasspath,compileClasspath,neoForgeTestLibraries,neoFormRuntimeDependenciesCompileClasspath,neoFormRuntimeDependenciesRuntimeClasspath,runtimeClasspath,testCompileClasspath,testRuntimeClasspath
org.jetbrains:annotations:26.0.2-1=compileClasspath,neoFormRuntimeDependenciesCompileClasspath,testCompileClasspath
org.jline:jline-reader:3.20.0=clientLegacyClasspath,compileClasspath,gameTestServerLegacyClasspath,neoForgeTestLibraries,neoFormRuntimeDependenciesCompileClasspath,neoFormRuntimeDependenciesRuntimeClasspath,runtimeClasspath,serverLegacyClasspath,testCompileClasspath,testRuntimeClasspath
org.jline:jline-terminal:3.20.0=clientLegacyClasspath,compileClasspath,gameTestServerLegacyClasspath,neoForgeTestLibraries,neoFormRuntimeDependenciesCompileClasspath,neoFormRuntimeDependenciesRuntimeClasspath,runtimeClasspath,serverLegacyClasspath,testCompileClasspath,testRuntimeClasspath
org.joml:joml:1.10.8=clientLegacyClasspath,compileClasspath,gameTestServerLegacyClasspath,neoForgeTestLibraries,neoFormRuntimeDependenciesCompileClasspath,neoFormRuntimeDependenciesRuntimeClasspath,runtimeClasspath,serverLegacyClasspath,testCompileClasspath,testRuntimeClasspath
org.jspecify:jspecify:1.0.0=compileClasspath,neoFormRuntimeDependenciesCompileClasspath,neoFormRuntimeDependenciesRuntimeClasspath,runtimeClasspath,testCompileClasspath,testRuntimeClasspath
org.junit.jupiter:junit-jupiter-api:5.10.2=testCompileClasspath
org.junit.jupiter:junit-jupiter-api:5.13.4=testRuntimeClasspath
org.junit.jupiter:junit-jupiter-engine:5.13.4=testRuntimeClasspath
org.junit.jupiter:junit-jupiter-params:5.10.2=testCompileClasspath
org.junit.jupiter:junit-jupiter-params:5.13.4=testRuntimeClasspath
org.junit.jupiter:junit-jupiter:5.10.2=testCompileClasspath
org.junit.jupiter:junit-jupiter:5.13.4=testRuntimeClasspath
org.junit.platform:junit-platform-commons:1.10.2=testCompileClasspath
org.junit.platform:junit-platform-commons:1.13.4=testRuntimeClasspath
org.junit.platform:junit-platform-engine:1.13.4=testRuntimeClasspath
org.junit.platform:junit-platform-launcher:1.13.4=testRuntimeClasspath
org.junit:junit-bom:5.10.2=testCompileClasspath
org.junit:junit-bom:5.13.4=testRuntimeClasspath
org.lwjgl:lwjgl-bom:3.3.3=neoFormRuntimeDependenciesRuntimeClasspath,runtimeClasspath,testRuntimeClasspath
org.lwjgl:lwjgl-freetype:3.3.3=clientLegacyClasspath,compileClasspath,neoForgeTestLibraries,neoFormRuntimeDependenciesCompileClasspath,neoFormRuntimeDependenciesRuntimeClasspath,runtimeClasspath,testCompileClasspath,testRuntimeClasspath
org.lwjgl:lwjgl-glfw:3.3.3=clientLegacyClasspath,compileClasspath,neoForgeTestLibraries,neoFormRuntimeDependenciesCompileClasspath,neoFormRuntimeDependenciesRuntimeClasspath,runtimeClasspath,testCompileClasspath,testRuntimeClasspath
org.lwjgl:lwjgl-jemalloc:3.3.3=clientLegacyClasspath,compileClasspath,neoForgeTestLibraries,neoFormRuntimeDependenciesCompileClasspath,neoFormRuntimeDependenciesRuntimeClasspath,runtimeClasspath,testCompileClasspath,testRuntimeClasspath
org.lwjgl:lwjgl-openal:3.3.3=clientLegacyClasspath,compileClasspath,neoForgeTestLibraries,neoFormRuntimeDependenciesCompileClasspath,neoFormRuntimeDependenciesRuntimeClasspath,runtimeClasspath,testCompileClasspath,testRuntimeClasspath
org.lwjgl:lwjgl-opengl:3.3.3=clientLegacyClasspath,compileClasspath,neoForgeTestLibraries,neoFormRuntimeDependenciesCompileClasspath,neoFormRuntimeDependenciesRuntimeClasspath,runtimeClasspath,testCompileClasspath,testRuntimeClasspath
org.lwjgl:lwjgl-stb:3.3.3=clientLegacyClasspath,compileClasspath,neoForgeTestLibraries,neoFormRuntimeDependenciesCompileClasspath,neoFormRuntimeDependenciesRuntimeClasspath,runtimeClasspath,testCompileClasspath,testRuntimeClasspath
org.lwjgl:lwjgl-tinyfd:3.3.3=clientLegacyClasspath,compileClasspath,neoForgeTestLibraries,neoFormRuntimeDependenciesCompileClasspath,neoFormRuntimeDependenciesRuntimeClasspath,runtimeClasspath,testCompileClasspath,testRuntimeClasspath
org.lwjgl:lwjgl:3.3.3=clientLegacyClasspath,compileClasspath,neoForgeTestLibraries,neoFormRuntimeDependenciesCompileClasspath,neoFormRuntimeDependenciesRuntimeClasspath,runtimeClasspath,testCompileClasspath,testRuntimeClasspath
org.lz4:lz4-java:1.8.0=clientLegacyClasspath,gameTestServerLegacyClasspath,neoForgeTestLibraries,serverLegacyClasspath
org.opentest4j:opentest4j:1.3.0=testCompileClasspath,testRuntimeClasspath
org.ow2.asm:asm-analysis:9.5=neoFormRuntimeExternalTools
org.ow2.asm:asm-analysis:9.8=clientLegacyClasspath,compileClasspath,gameTestServerLegacyClasspath,neoForgeTestLibraries,neoFormRuntimeDependenciesCompileClasspath,neoFormRuntimeDependenciesRuntimeClasspath,runtimeClasspath,serverLegacyClasspath,testCompileClasspath,testRuntimeClasspath
org.ow2.asm:asm-commons:9.8=clientLegacyClasspath,compileClasspath,gameTestServerLegacyClasspath,neoForgeTestLibraries,neoFormRuntimeDependenciesCompileClasspath,neoFormRuntimeDependenciesRuntimeClasspath,runtimeClasspath,serverLegacyClasspath,testCompileClasspath,testRuntimeClasspath
org.ow2.asm:asm-commons:9.9.1=neoFormRuntimeExternalTools
org.ow2.asm:asm-tree:9.8=clientLegacyClasspath,compileClasspath,gameTestServerLegacyClasspath,neoForgeTestLibraries,neoFormRuntimeDependenciesCompileClasspath,neoFormRuntimeDependenciesRuntimeClasspath,runtimeClasspath,serverLegacyClasspath,testCompileClasspath,testRuntimeClasspath
org.ow2.asm:asm-tree:9.9.1=neoFormRuntimeExternalTools
org.ow2.asm:asm-util:9.5=neoFormRuntimeExternalTools
org.ow2.asm:asm-util:9.8=clientLegacyClasspath,compileClasspath,gameTestServerLegacyClasspath,neoForgeTestLibraries,neoFormRuntimeDependenciesCompileClasspath,neoFormRuntimeDependenciesRuntimeClasspath,runtimeClasspath,serverLegacyClasspath,testCompileClasspath,testRuntimeClasspath
org.ow2.asm:asm:9.8=clientLegacyClasspath,compileClasspath,gameTestServerLegacyClasspath,neoForgeTestLibraries,neoFormRuntimeDependenciesCompileClasspath,neoFormRuntimeDependenciesRuntimeClasspath,runtimeClasspath,serverLegacyClasspath,testCompileClasspath,testRuntimeClasspath
org.ow2.asm:asm:9.9.1=neoFormRuntimeExternalTools
org.slf4j:slf4j-api:2.0.16=clientLegacyClasspath,gameTestServerLegacyClasspath,neoForgeTestLibraries,serverLegacyClasspath
org.slf4j:slf4j-api:2.0.17=compileClasspath,neoFormRuntimeDependenciesCompileClasspath,neoFormRuntimeDependenciesRuntimeClasspath,runtimeClasspath,testCompileClasspath,testRuntimeClasspath
org.tukaani:xz:1.10=neoFormRuntimeExternalTools
org.vineflower:vineflower:1.11.2=neoFormRuntimeDependenciesNeoForgeClasses
trove:trove:1.0.2=neoFormRuntimeExternalTools
empty=accessTransformers,additionalRuntimeClasspath,annotationProcessor,interfaceInjectionData,parchmentData,testAnnotationProcessor,testJarJar
