# This is a Gradle generated file for dependency locking.
# Manual edits can break the build and are not advised.
# This file is expected to be part of source control.
ca.weblite:java-objc-bridge:1.1=compileClasspath,runtimeClasspath,sdk,testCompileClasspath,testRuntimeClasspath,testSdk
com.electronwill.night-config:core:3.6.4=compileClasspath,runtimeClasspath,sdk,testCompileClasspath,testRuntimeClasspath,testSdk
com.electronwill.night-config:toml:3.6.4=compileClasspath,runtimeClasspath,sdk,testCompileClasspath,testRuntimeClasspath,testSdk
com.github.oshi:oshi-core:6.4.5=compileClasspath,runtimeClasspath,sdk,testCompileClasspath,testRuntimeClasspath,testSdk
com.google.code.findbugs:jsr305:3.0.2=compileClasspath,runtimeClasspath,sdk,testCompileClasspath,testRuntimeClasspath,testSdk
com.google.code.gson:gson:2.10.1=compileClasspath,runtimeClasspath,sdk,testCompileClasspath,testRuntimeClasspath,testSdk
com.google.errorprone:error_prone_annotations:2.18.0=compileClasspath,runtimeClasspath,sdk,testCompileClasspath,testRuntimeClasspath,testSdk
com.google.guava:failureaccess:1.0.1=compileClasspath,runtimeClasspath,sdk,testCompileClasspath,testRuntimeClasspath,testSdk
com.google.guava:guava-parent:32.1.2-jre=sdk,testSdk
com.google.guava:guava:32.1.2-jre=compileClasspath,runtimeClasspath,sdk,testCompileClasspath,testRuntimeClasspath,testSdk
com.google.guava:listenablefuture:9999.0-empty-to-avoid-conflict-with-guava=compileClasspath,runtimeClasspath,sdk,testCompileClasspath,testRuntimeClasspath,testSdk
com.google.j2objc:j2objc-annotations:2.8=compileClasspath,runtimeClasspath,testCompileClasspath,testRuntimeClasspath
com.ibm.icu:icu4j:73.2=compileClasspath,runtimeClasspath,sdk,testCompileClasspath,testRuntimeClasspath,testSdk
com.machinezoo.noexception:noexception:1.7.1=compileClasspath,runtimeClasspath,sdk,testCompileClasspath,testRuntimeClasspath,testSdk
com.mojang:authlib:5.0.47=compileClasspath,runtimeClasspath,sdk,testCompileClasspath,testRuntimeClasspath,testSdk
com.mojang:blocklist:1.0.10=compileClasspath,runtimeClasspath,sdk,testCompileClasspath,testRuntimeClasspath,testSdk
com.mojang:brigadier:1.1.8=compileClasspath,runtimeClasspath,sdk,testCompileClasspath,testRuntimeClasspath,testSdk
com.mojang:datafixerupper:6.0.8=compileClasspath,runtimeClasspath,sdk,testCompileClasspath,testRuntimeClasspath,testSdk
com.mojang:logging:1.1.1=compileClasspath,runtimeClasspath,sdk,testCompileClasspath,testRuntimeClasspath,testSdk
com.mojang:patchy:2.2.10=compileClasspath,runtimeClasspath,sdk,testCompileClasspath,testRuntimeClasspath,testSdk
com.mojang:text2speech:1.17.9=compileClasspath,runtimeClasspath,sdk,testCompileClasspath,testRuntimeClasspath,testSdk
commons-codec:commons-codec:1.16.0=compileClasspath,runtimeClasspath,sdk,testCompileClasspath,testRuntimeClasspath,testSdk
commons-io:commons-io:2.13.0=compileClasspath,runtimeClasspath,sdk,testCompileClasspath,testRuntimeClasspath,testSdk
commons-logging:commons-logging:1.2=compileClasspath,runtimeClasspath,sdk,testCompileClasspath,testRuntimeClasspath,testSdk
cpw.mods:bootstraplauncher:1.1.2=compileClasspath,runtimeClasspath,sdk,testCompileClasspath,testRuntimeClasspath,testSdk
cpw.mods:modlauncher:10.0.9=compileClasspath,runtimeClasspath,sdk,testCompileClasspath,testRuntimeClasspath,testSdk
cpw.mods:securejarhandler:2.1.24=compileClasspath,runtimeClasspath,sdk,testCompileClasspath,testRuntimeClasspath,testSdk
de.sciss:jump3r:1.0.5=compileClasspath,jarJar,runtimeClasspath,testCompileClasspath,testRuntimeClasspath
io.github.llamalad7:mixinextras-neoforge:0.3.1=compileClasspath,runtimeClasspath,testCompileClasspath,testRuntimeClasspath
io.netty:netty-buffer:4.1.97.Final=compileClasspath,runtimeClasspath,sdk,testCompileClasspath,testRuntimeClasspath,testSdk
io.netty:netty-codec:4.1.97.Final=compileClasspath,runtimeClasspath,sdk,testCompileClasspath,testRuntimeClasspath,testSdk
io.netty:netty-common:4.1.97.Final=compileClasspath,runtimeClasspath,sdk,testCompileClasspath,testRuntimeClasspath,testSdk
io.netty:netty-handler:4.1.97.Final=compileClasspath,runtimeClasspath,sdk,testCompileClasspath,testRuntimeClasspath,testSdk
io.netty:netty-resolver:4.1.97.Final=compileClasspath,runtimeClasspath,sdk,testCompileClasspath,testRuntimeClasspath,testSdk
io.netty:netty-transport-classes-epoll:4.1.97.Final=compileClasspath,runtimeClasspath,sdk,testCompileClasspath,testRuntimeClasspath,testSdk
io.netty:netty-transport-native-epoll:4.1.97.Final=compileClasspath,runtimeClasspath,sdk,testCompileClasspath,testRuntimeClasspath,testSdk
io.netty:netty-transport-native-unix-common:4.1.97.Final=compileClasspath,runtimeClasspath,sdk,testCompileClasspath,testRuntimeClasspath,testSdk
io.netty:netty-transport:4.1.97.Final=compileClasspath,runtimeClasspath,sdk,testCompileClasspath,testRuntimeClasspath,testSdk
it.unimi.dsi:fastutil:8.5.12=compileClasspath,runtimeClasspath,sdk,testCompileClasspath,testRuntimeClasspath,testSdk
javazoom:jlayer:1.0.1=compileClasspath,jarJar,runtimeClasspath,testCompileClasspath,testRuntimeClasspath
net.java.dev.jna:jna-platform:5.13.0=compileClasspath,runtimeClasspath,sdk,testCompileClasspath,testRuntimeClasspath,testSdk
net.java.dev.jna:jna:5.13.0=compileClasspath,runtimeClasspath,sdk,testCompileClasspath,testRuntimeClasspath,testSdk
net.jodah:typetools:0.6.3=compileClasspath,runtimeClasspath,sdk,testCompileClasspath,testRuntimeClasspath,testSdk
net.minecraftforge:srgutils:0.4.15=compileClasspath,runtimeClasspath,sdk,testCompileClasspath,testRuntimeClasspath,testSdk
net.minecraftforge:unsafe:0.2.0=compileClasspath,runtimeClasspath,sdk,testCompileClasspath,testRuntimeClasspath,testSdk
net.minecrell:terminalconsoleappender:1.2.0=compileClasspath,runtimeClasspath,sdk,testCompileClasspath,testRuntimeClasspath,testSdk
net.neoforged.accesstransformers:at-modlauncher:10.0.1=compileClasspath,runtimeClasspath,sdk,testCompileClasspath,testRuntimeClasspath,testSdk
net.neoforged.fancymodloader:core:1.0.16=compileClasspath,runtimeClasspath,sdk,testCompileClasspath,testRuntimeClasspath,testSdk
net.neoforged.fancymodloader:earlydisplay:1.0.16=compileClasspath,runtimeClasspath,sdk,testCompileClasspath,testRuntimeClasspath,testSdk
net.neoforged.fancymodloader:events:1.0.16=compileClasspath,runtimeClasspath,sdk,testCompileClasspath,testRuntimeClasspath,testSdk
net.neoforged.fancymodloader:language-java:1.0.16=compileClasspath,runtimeClasspath,sdk,testCompileClasspath,testRuntimeClasspath,testSdk
net.neoforged.fancymodloader:language-lowcode:1.0.16=compileClasspath,runtimeClasspath,sdk,testCompileClasspath,testRuntimeClasspath,testSdk
net.neoforged.fancymodloader:language-minecraft:1.0.16=compileClasspath,runtimeClasspath,sdk,testCompileClasspath,testRuntimeClasspath,testSdk
net.neoforged.fancymodloader:loader:1.0.16=compileClasspath,runtimeClasspath,sdk,testCompileClasspath,testRuntimeClasspath,testSdk
net.neoforged:JarJarFileSystems:0.4.0=compileClasspath,runtimeClasspath,testCompileClasspath,testRuntimeClasspath
net.neoforged:JarJarMetadata:0.4.0=compileClasspath,runtimeClasspath,sdk,testCompileClasspath,testRuntimeClasspath,testSdk
net.neoforged:JarJarSelector:0.4.0=compileClasspath,runtimeClasspath,sdk,testCompileClasspath,testRuntimeClasspath,testSdk
net.neoforged:accesstransformers:10.0.1=compileClasspath,runtimeClasspath,sdk,testCompileClasspath,testRuntimeClasspath,testSdk
net.neoforged:bus:7.2.0=compileClasspath,runtimeClasspath,sdk,testCompileClasspath,testRuntimeClasspath,testSdk
net.neoforged:coremods:6.0.2=compileClasspath,runtimeClasspath,sdk,testCompileClasspath,testRuntimeClasspath,testSdk
net.neoforged:mergetool:2.0.0=compileClasspath,runtimeClasspath,sdk,testCompileClasspath,testRuntimeClasspath,testSdk
net.neoforged:neoforge:20.2.93=sdk,testSdk
net.neoforged:neoforgespi:8.0.0=compileClasspath,runtimeClasspath,sdk,testCompileClasspath,testRuntimeClasspath,testSdk
net.neoforged:neoform:1.20.2-20231019.002635=compileClasspath,runtimeClasspath,testCompileClasspath,testRuntimeClasspath
net.sf.jopt-simple:jopt-simple:5.0.4=compileClasspath,runtimeClasspath,sdk,testCompileClasspath,testRuntimeClasspath,testSdk
ng_dummy_ng.net.minecraft:client:1.20.2=compileClasspath,runtimeClasspath,testCompileClasspath,testRuntimeClasspath
ng_dummy_ng.net.neoforged:neoforge:20.2.93=compileClasspath,runtimeClasspath,testCompileClasspath,testRuntimeClasspath
org.antlr:antlr4-runtime:4.13.1=compileClasspath,runtimeClasspath,sdk,testCompileClasspath,testRuntimeClasspath,testSdk
org.apache.commons:commons-compress:1.22=compileClasspath,runtimeClasspath,sdk,testCompileClasspath,testRuntimeClasspath,testSdk
org.apache.commons:commons-lang3:3.13.0=compileClasspath,runtimeClasspath,sdk,testCompileClasspath,testRuntimeClasspath,testSdk
org.apache.httpcomponents:httpclient:4.5.13=compileClasspath,runtimeClasspath,sdk,testCompileClasspath,testRuntimeClasspath,testSdk
org.apache.httpcomponents:httpcore:4.4.16=compileClasspath,runtimeClasspath,sdk,testCompileClasspath,testRuntimeClasspath,testSdk
org.apache.logging.log4j:log4j-api:2.19.0=compileClasspath,runtimeClasspath,sdk,testCompileClasspath,testRuntimeClasspath,testSdk
org.apache.logging.log4j:log4j-core:2.19.0=compileClasspath,runtimeClasspath,sdk,testCompileClasspath,testRuntimeClasspath,testSdk
org.apache.logging.log4j:log4j-slf4j2-impl:2.19.0=compileClasspath,runtimeClasspath,sdk,testCompileClasspath,testRuntimeClasspath,testSdk
org.apache.maven:maven-artifact:3.8.5=compileClasspath,runtimeClasspath,sdk,testCompileClasspath,testRuntimeClasspath,testSdk
org.apiguardian:apiguardian-api:1.1.2=testCompileClasspath
org.checkerframework:checker-qual:3.33.0=compileClasspath,runtimeClasspath,sdk,testCompileClasspath,testRuntimeClasspath,testSdk
org.codehaus.plexus:plexus-utils:3.3.0=compileClasspath,runtimeClasspath,sdk,testCompileClasspath,testRuntimeClasspath,testSdk
org.jetbrains:annotations:24.0.1=compileClasspath,runtimeClasspath,sdk,testCompileClasspath,testRuntimeClasspath,testSdk
org.jline:jline-reader:3.12.1=compileClasspath,runtimeClasspath,sdk,testCompileClasspath,testRuntimeClasspath,testSdk
org.jline:jline-terminal:3.12.1=compileClasspath,runtimeClasspath,sdk,testCompileClasspath,testRuntimeClasspath,testSdk
org.joml:joml:1.10.5=compileClasspath,runtimeClasspath,sdk,testCompileClasspath,testRuntimeClasspath,testSdk
org.junit.jupiter:junit-jupiter-api:5.10.2=testCompileClasspath,testRuntimeClasspath
org.junit.jupiter:junit-jupiter-engine:5.10.2=testRuntimeClasspath
org.junit.jupiter:junit-jupiter-params:5.10.2=testCompileClasspath,testRuntimeClasspath
org.junit.jupiter:junit-jupiter:5.10.2=testCompileClasspath,testRuntimeClasspath
org.junit.platform:junit-platform-commons:1.10.2=testCompileClasspath,testRuntimeClasspath
org.junit.platform:junit-platform-engine:1.10.2=testRuntimeClasspath
org.junit.platform:junit-platform-launcher:1.10.2=testRuntimeClasspath
org.junit:junit-bom:5.10.2=testCompileClasspath,testRuntimeClasspath
org.lwjgl:lwjgl-glfw:3.3.2=compileClasspath,runtimeClasspath,sdk,testCompileClasspath,testRuntimeClasspath,testSdk
org.lwjgl:lwjgl-jemalloc:3.3.2=compileClasspath,runtimeClasspath,sdk,testCompileClasspath,testRuntimeClasspath,testSdk
org.lwjgl:lwjgl-openal:3.3.2=compileClasspath,runtimeClasspath,sdk,testCompileClasspath,testRuntimeClasspath,testSdk
org.lwjgl:lwjgl-opengl:3.3.2=compileClasspath,runtimeClasspath,sdk,testCompileClasspath,testRuntimeClasspath,testSdk
org.lwjgl:lwjgl-stb:3.3.2=compileClasspath,runtimeClasspath,sdk,testCompileClasspath,testRuntimeClasspath,testSdk
org.lwjgl:lwjgl-tinyfd:3.3.2=compileClasspath,runtimeClasspath,sdk,testCompileClasspath,testRuntimeClasspath,testSdk
org.lwjgl:lwjgl:3.3.2=compileClasspath,runtimeClasspath,sdk,testCompileClasspath,testRuntimeClasspath,testSdk
org.openjdk.nashorn:nashorn-core:15.4=compileClasspath,runtimeClasspath,sdk,testCompileClasspath,testRuntimeClasspath,testSdk
org.opentest4j:opentest4j:1.3.0=testCompileClasspath,testRuntimeClasspath
org.ow2.asm:asm-analysis:9.5=compileClasspath,runtimeClasspath,sdk,testCompileClasspath,testRuntimeClasspath,testSdk
org.ow2.asm:asm-commons:9.5=compileClasspath,runtimeClasspath,sdk,testCompileClasspath,testRuntimeClasspath,testSdk
org.ow2.asm:asm-tree:9.5=compileClasspath,runtimeClasspath,sdk,testCompileClasspath,testRuntimeClasspath,testSdk
org.ow2.asm:asm-util:9.5=compileClasspath,runtimeClasspath,sdk,testCompileClasspath,testRuntimeClasspath,testSdk
org.ow2.asm:asm:9.5=compileClasspath,runtimeClasspath,sdk,testCompileClasspath,testRuntimeClasspath,testSdk
org.slf4j:slf4j-api:2.0.9=compileClasspath,runtimeClasspath,sdk,testCompileClasspath,testRuntimeClasspath,testSdk
org.spongepowered:mixin:0.8.5=compileClasspath,runtimeClasspath,sdk,testCompileClasspath,testRuntimeClasspath,testSdk
empty=accessTransformer,annotationProcessor,interfaceInjection,localRunRuntime,localRuntime,neoGradleDependencyReplacementTargetMain,runs,testAnnotationProcessor,testLocalRunRuntime,testLocalRuntime,testNeoGradleDependencyReplacementTargetTest
