# This is a Gradle generated file for dependency locking.
# Manual edits can break the build and are not advised.
# This file is expected to be part of source control.
com.google.code.gson:gson:2.2.4=compileClasspath,minecraftClientLibraries,minecraftClientRuntimeLibraries,minecraftLibraries,minecraftNamedCompile,minecraftNamedRuntime,minecraftRuntimeLibraries,minecraftTestClientRuntimeLibraries,runtimeClasspath,testCompileClasspath,testRuntimeClasspath
com.google.guava:guava:17.0=compileClasspath,minecraftClientLibraries,minecraftClientRuntimeLibraries,minecraftLibraries,minecraftNamedCompile,minecraftNamedRuntime,minecraftRuntimeLibraries,minecraftTestClientRuntimeLibraries,runtimeClasspath,testCompileClasspath,testRuntimeClasspath
com.ibm.icu:icu4j-core-mojang:51.2=compileClasspath,minecraftClientLibraries,minecraftClientRuntimeLibraries,minecraftLibraries,minecraftNamedCompile,minecraftNamedRuntime,minecraftRuntimeLibraries,minecraftTestClientRuntimeLibraries,runtimeClasspath,testCompileClasspath,testRuntimeClasspath
com.mojang:authlib:1.5.21=compileClasspath,minecraftClientLibraries,minecraftClientRuntimeLibraries,minecraftLibraries,minecraftNamedCompile,minecraftNamedRuntime,minecraftRuntimeLibraries,minecraftTestClientRuntimeLibraries,runtimeClasspath,testCompileClasspath,testRuntimeClasspath
com.mojang:netty:1.8.8=compileClasspath,minecraftClientLibraries,minecraftClientRuntimeLibraries,minecraftLibraries,minecraftNamedCompile,minecraftNamedRuntime,minecraftRuntimeLibraries,minecraftTestClientRuntimeLibraries,runtimeClasspath,testCompileClasspath,testRuntimeClasspath
com.mojang:realms:1.7.59=compileClasspath,minecraftClientLibraries,minecraftClientRuntimeLibraries,minecraftLibraries,minecraftNamedCompile,minecraftNamedRuntime,minecraftRuntimeLibraries,minecraftTestClientRuntimeLibraries,runtimeClasspath,testCompileClasspath,testRuntimeClasspath
com.paulscode:codecjorbis:20101023=compileClasspath,minecraftClientLibraries,minecraftClientRuntimeLibraries,minecraftLibraries,minecraftNamedCompile,minecraftNamedRuntime,minecraftRuntimeLibraries,minecraftTestClientRuntimeLibraries,runtimeClasspath,testCompileClasspath,testRuntimeClasspath
com.paulscode:codecwav:20101023=compileClasspath,minecraftClientLibraries,minecraftClientRuntimeLibraries,minecraftLibraries,minecraftNamedCompile,minecraftNamedRuntime,minecraftRuntimeLibraries,minecraftTestClientRuntimeLibraries,runtimeClasspath,testCompileClasspath,testRuntimeClasspath
com.paulscode:libraryjavasound:20101123=compileClasspath,minecraftClientLibraries,minecraftClientRuntimeLibraries,minecraftLibraries,minecraftNamedCompile,minecraftNamedRuntime,minecraftRuntimeLibraries,minecraftTestClientRuntimeLibraries,runtimeClasspath,testCompileClasspath,testRuntimeClasspath
com.paulscode:librarylwjglopenal:20100824=compileClasspath,minecraftClientLibraries,minecraftClientRuntimeLibraries,minecraftLibraries,minecraftNamedCompile,minecraftNamedRuntime,minecraftRuntimeLibraries,minecraftTestClientRuntimeLibraries,runtimeClasspath,testCompileClasspath,testRuntimeClasspath
com.paulscode:soundsystem:20120107=compileClasspath,minecraftClientLibraries,minecraftClientRuntimeLibraries,minecraftLibraries,minecraftNamedCompile,minecraftNamedRuntime,minecraftRuntimeLibraries,minecraftTestClientRuntimeLibraries,runtimeClasspath,testCompileClasspath,testRuntimeClasspath
commons-codec:commons-codec:1.9=compileClasspath,minecraftClientLibraries,minecraftClientRuntimeLibraries,minecraftLibraries,minecraftNamedCompile,minecraftNamedRuntime,minecraftRuntimeLibraries,minecraftTestClientRuntimeLibraries,runtimeClasspath,testCompileClasspath,testRuntimeClasspath
commons-io:commons-io:2.4=compileClasspath,minecraftClientLibraries,minecraftClientRuntimeLibraries,minecraftLibraries,minecraftNamedCompile,minecraftNamedRuntime,minecraftRuntimeLibraries,minecraftTestClientRuntimeLibraries,runtimeClasspath,testCompileClasspath,testRuntimeClasspath
commons-logging:commons-logging:1.1.3=compileClasspath,minecraftClientLibraries,minecraftClientRuntimeLibraries,minecraftLibraries,minecraftNamedCompile,minecraftNamedRuntime,minecraftRuntimeLibraries,minecraftTestClientRuntimeLibraries,runtimeClasspath,testCompileClasspath,testRuntimeClasspath
de.sciss:jump3r:1.0.5=compileClasspath,includeInternal,runtimeClasspath,testCompileClasspath,testRuntimeClasspath
io.github.llamalad7:mixinextras-fabric:0.5.0=compileClasspath,loaderLibraries,minecraftNamedCompile,minecraftNamedRuntime,minecraftTestClientRuntimeLibraries,runtimeClasspath,testCompileClasspath,testRuntimeClasspath
io.netty:netty-all:4.0.23.Final=compileClasspath,minecraftClientLibraries,minecraftClientRuntimeLibraries,minecraftLibraries,minecraftNamedCompile,minecraftNamedRuntime,minecraftRuntimeLibraries,minecraftTestClientRuntimeLibraries,runtimeClasspath,testCompileClasspath,testRuntimeClasspath
javazoom:jlayer:1.0.1=compileClasspath,includeInternal,runtimeClasspath,testCompileClasspath,testRuntimeClasspath
net.fabricmc:cfr:0.2.2=cfrDecompilerClasspath
net.fabricmc:dev-launch-injector:0.2.1+build.8=loomDevelopmentDependencies,minecraftNamedRuntime,runtimeClasspath,testRuntimeClasspath
net.fabricmc:fabric-loader:0.18.3=compileClasspath,modCompileClasspath,modCompileClasspathMainMapped,modCompileClasspathMapped,modImplementation,modImplementationCopy,modImplementationCopy2,modImplementationCopy3,modImplementationCopy4,modRuntimeClasspathMainMapped,runtimeClasspath,testCompileClasspath,testRuntimeClasspath
net.fabricmc:fabric-log4j-util:1.0.2=loomDevelopmentDependencies,minecraftNamedRuntime,runtimeClasspath,testRuntimeClasspath
net.fabricmc:sponge-mixin:0.16.5+mixin.0.8.7=compileClasspath,loaderLibraries,minecraftNamedCompile,minecraftNamedRuntime,minecraftTestClientRuntimeLibraries,runtimeClasspath,testCompileClasspath,testRuntimeClasspath
net.java.dev.jna:jna:3.4.0=compileClasspath,minecraftClientLibraries,minecraftClientRuntimeLibraries,minecraftLibraries,minecraftNamedCompile,minecraftNamedRuntime,minecraftRuntimeLibraries,minecraftTestClientRuntimeLibraries,runtimeClasspath,testCompileClasspath,testRuntimeClasspath
net.java.dev.jna:platform:3.4.0=compileClasspath,minecraftClientLibraries,minecraftClientRuntimeLibraries,minecraftLibraries,minecraftNamedCompile,minecraftNamedRuntime,minecraftRuntimeLibraries,minecraftTestClientRuntimeLibraries,runtimeClasspath,testCompileClasspath,testRuntimeClasspath
net.java.jinput:jinput-platform:2.0.5=minecraftNatives,minecraftTestClientRuntimeLibraries
net.java.jinput:jinput:2.0.5=compileClasspath,minecraftClientLibraries,minecraftClientRuntimeLibraries,minecraftLibraries,minecraftNamedCompile,minecraftNamedRuntime,minecraftRuntimeLibraries,minecraftTestClientRuntimeLibraries,runtimeClasspath,testCompileClasspath,testRuntimeClasspath
net.java.jutils:jutils:1.0.0=compileClasspath,minecraftClientLibraries,minecraftClientRuntimeLibraries,minecraftLibraries,minecraftNamedCompile,minecraftNamedRuntime,minecraftRuntimeLibraries,minecraftTestClientRuntimeLibraries,runtimeClasspath,testCompileClasspath,testRuntimeClasspath
net.legacyfabric.legacy-fabric-api:legacy-fabric-api-base-common:1.2.2+055e36ba8772=modCompileClasspath,modImplementation,modImplementationCopy,modImplementationCopy2,modImplementationCopy3,modImplementationCopy4
net.legacyfabric.legacy-fabric-api:legacy-fabric-api-base:1.2.2+1.8.9+0b2a4bcd8772=modCompileClasspath,modImplementation,modImplementationCopy,modImplementationCopy2,modImplementationCopy3,modImplementationCopy4
net.legacyfabric.legacy-fabric-api:legacy-fabric-api:1.13.2+1.8.9=modCompileClasspath,modImplementation,modImplementationCopy,modImplementationCopy2,modImplementationCopy3,modImplementationCopy4
net.legacyfabric.legacy-fabric-api:legacy-fabric-biome-api-v1-common:1.0.1+0b2a4bcd8772=modCompileClasspath,modImplementation,modImplementationCopy,modImplementationCopy2,modImplementationCopy3,modImplementationCopy4
net.legacyfabric.legacy-fabric-api:legacy-fabric-biome-api-v1:1.0.1+1.8.9+78fd813a8772=modCompileClasspath,modImplementation,modImplementationCopy,modImplementationCopy2,modImplementationCopy3,modImplementationCopy4
net.legacyfabric.legacy-fabric-api:legacy-fabric-block-api-v1-common:1.0.1+0b2a4bcd8772=modCompileClasspath,modImplementation,modImplementationCopy,modImplementationCopy2,modImplementationCopy3,modImplementationCopy4
net.legacyfabric.legacy-fabric-api:legacy-fabric-block-api-v1:1.0.1+1.12.2+78fd813a8772=modCompileClasspath,modImplementation,modImplementationCopy,modImplementationCopy2,modImplementationCopy3,modImplementationCopy4
net.legacyfabric.legacy-fabric-api:legacy-fabric-block-entity-api-v1-common:1.0.1+0b2a4bcd8772=modCompileClasspath,modImplementation,modImplementationCopy,modImplementationCopy2,modImplementationCopy3,modImplementationCopy4
net.legacyfabric.legacy-fabric-api:legacy-fabric-block-entity-api-v1:1.0.1+1.8.9+0b2a4bcd8772=modCompileClasspath,modImplementation,modImplementationCopy,modImplementationCopy2,modImplementationCopy3,modImplementationCopy4
net.legacyfabric.legacy-fabric-api:legacy-fabric-command-api-v1:1.1.1+0b2a4bcd8772=modCompileClasspath,modImplementation,modImplementationCopy,modImplementationCopy2,modImplementationCopy3,modImplementationCopy4
net.legacyfabric.legacy-fabric-api:legacy-fabric-command-api-v2-common:1.1.2+0b2a4bcd8772=modCompileClasspath,modImplementation,modImplementationCopy,modImplementationCopy2,modImplementationCopy3,modImplementationCopy4
net.legacyfabric.legacy-fabric-api:legacy-fabric-command-api-v2:1.1.2+1.8.9+0b2a4bcd8772=modCompileClasspath,modImplementation,modImplementationCopy,modImplementationCopy2,modImplementationCopy3,modImplementationCopy4
net.legacyfabric.legacy-fabric-api:legacy-fabric-crash-report-info-v1:1.0.1+1.8.9+0b2a4bcd8772=modCompileClasspath,modImplementation,modImplementationCopy,modImplementationCopy2,modImplementationCopy3,modImplementationCopy4
net.legacyfabric.legacy-fabric-api:legacy-fabric-effect-api-v1-common:1.0.1+0b2a4bcd8772=modCompileClasspath,modImplementation,modImplementationCopy,modImplementationCopy2,modImplementationCopy3,modImplementationCopy4
net.legacyfabric.legacy-fabric-api:legacy-fabric-effect-api-v1:1.0.1+1.8.9+0b2a4bcd8772=modCompileClasspath,modImplementation,modImplementationCopy,modImplementationCopy2,modImplementationCopy3,modImplementationCopy4
net.legacyfabric.legacy-fabric-api:legacy-fabric-enchantment-api-v1-common:1.0.1+0b2a4bcd8772=modCompileClasspath,modImplementation,modImplementationCopy,modImplementationCopy2,modImplementationCopy3,modImplementationCopy4
net.legacyfabric.legacy-fabric-api:legacy-fabric-enchantment-api-v1:1.0.1+1.8.9+0b2a4bcd8772=modCompileClasspath,modImplementation,modImplementationCopy,modImplementationCopy2,modImplementationCopy3,modImplementationCopy4
net.legacyfabric.legacy-fabric-api:legacy-fabric-entity-api-v1-common:1.0.1+0b2a4bcd8772=modCompileClasspath,modImplementation,modImplementationCopy,modImplementationCopy2,modImplementationCopy3,modImplementationCopy4
net.legacyfabric.legacy-fabric-api:legacy-fabric-entity-api-v1:1.0.1+1.8.9+0b2a4bcd8772=modCompileClasspath,modImplementation,modImplementationCopy,modImplementationCopy2,modImplementationCopy3,modImplementationCopy4
net.legacyfabric.legacy-fabric-api:legacy-fabric-entity-events-v1-common:1.0.1+78fd813a8772=modCompileClasspath,modImplementation,modImplementationCopy,modImplementationCopy2,modImplementationCopy3,modImplementationCopy4
net.legacyfabric.legacy-fabric-api:legacy-fabric-entity-events-v1:1.0.1+1.8.9+78fd813a8772=modCompileClasspath,modImplementation,modImplementationCopy,modImplementationCopy2,modImplementationCopy3,modImplementationCopy4
net.legacyfabric.legacy-fabric-api:legacy-fabric-gamerule-api-v1:1.0.1+0b2a4bcd8772=modCompileClasspath,modImplementation,modImplementationCopy,modImplementationCopy2,modImplementationCopy3,modImplementationCopy4
net.legacyfabric.legacy-fabric-api:legacy-fabric-item-api-v1-common:1.0.1+0b2a4bcd8772=modCompileClasspath,modImplementation,modImplementationCopy,modImplementationCopy2,modImplementationCopy3,modImplementationCopy4
net.legacyfabric.legacy-fabric-api:legacy-fabric-item-api-v1:1.0.1+1.12.2+0b2a4bcd8772=modCompileClasspath,modImplementation,modImplementationCopy,modImplementationCopy2,modImplementationCopy3,modImplementationCopy4
net.legacyfabric.legacy-fabric-api:legacy-fabric-item-groups-v1-common-1.8.9:2.2.0+1.8.9+0b2a4bcd8772=modCompileClasspath,modImplementation,modImplementationCopy,modImplementationCopy2,modImplementationCopy3,modImplementationCopy4
net.legacyfabric.legacy-fabric-api:legacy-fabric-item-groups-v1-common:2.2.0+0b2a4bcd8772=modCompileClasspath,modImplementation,modImplementationCopy,modImplementationCopy2,modImplementationCopy3,modImplementationCopy4
net.legacyfabric.legacy-fabric-api:legacy-fabric-item-groups-v1:2.2.0+1.8.9+0b2a4bcd8772=modCompileClasspath,modImplementation,modImplementationCopy,modImplementationCopy2,modImplementationCopy3,modImplementationCopy4
net.legacyfabric.legacy-fabric-api:legacy-fabric-keybindings-api-v1-common:1.2.0+8045105b8772=modCompileClasspath,modImplementation,modImplementationCopy,modImplementationCopy2,modImplementationCopy3,modImplementationCopy4
net.legacyfabric.legacy-fabric-api:legacy-fabric-keybindings-api-v1:1.2.0+1.8.9+0b2a4bcd8772=modCompileClasspath,modImplementation,modImplementationCopy,modImplementationCopy2,modImplementationCopy3,modImplementationCopy4
net.legacyfabric.legacy-fabric-api:legacy-fabric-lifecycle-events-v1-common-1.8.9:1.2.0+1.8.9+0b2a4bcd8772=modCompileClasspath,modImplementation,modImplementationCopy,modImplementationCopy2,modImplementationCopy3,modImplementationCopy4
net.legacyfabric.legacy-fabric-api:legacy-fabric-lifecycle-events-v1-common:1.2.0+0b2a4bcd8772=modCompileClasspath,modImplementation,modImplementationCopy,modImplementationCopy2,modImplementationCopy3,modImplementationCopy4
net.legacyfabric.legacy-fabric-api:legacy-fabric-lifecycle-events-v1:1.2.0+1.8.9+0b2a4bcd8772=modCompileClasspath,modImplementation,modImplementationCopy,modImplementationCopy2,modImplementationCopy3,modImplementationCopy4
net.legacyfabric.legacy-fabric-api:legacy-fabric-logger-api-v1:1.0.5+0b2a4bcd8772=modCompileClasspath,modImplementation,modImplementationCopy,modImplementationCopy2,modImplementationCopy3,modImplementationCopy4
net.legacyfabric.legacy-fabric-api:legacy-fabric-networking-api-v1-common:2.1.1+0b2a4bcd8772=modCompileClasspath,modImplementation,modImplementationCopy,modImplementationCopy2,modImplementationCopy3,modImplementationCopy4
net.legacyfabric.legacy-fabric-api:legacy-fabric-networking-api-v1:2.1.1+1.8.9+0b2a4bcd8772=modCompileClasspath,modImplementation,modImplementationCopy,modImplementationCopy2,modImplementationCopy3,modImplementationCopy4
net.legacyfabric.legacy-fabric-api:legacy-fabric-permissions-api-v1-common:1.1.2+0b2a4bcd8772=modCompileClasspath,modImplementation,modImplementationCopy,modImplementationCopy2,modImplementationCopy3,modImplementationCopy4
net.legacyfabric.legacy-fabric-api:legacy-fabric-permissions-api-v1:1.1.2+1.8.9+0b2a4bcd8772=modCompileClasspath,modImplementation,modImplementationCopy,modImplementationCopy2,modImplementationCopy3,modImplementationCopy4
net.legacyfabric.legacy-fabric-api:legacy-fabric-registry-sync-api-v1-common:3.0.1+0b2a4bcd8772=modCompileClasspath,modImplementation,modImplementationCopy,modImplementationCopy2,modImplementationCopy3,modImplementationCopy4
net.legacyfabric.legacy-fabric-api:legacy-fabric-registry-sync-api-v2-common:1.0.1+0b2a4bcd8772=modCompileClasspath,modImplementation,modImplementationCopy,modImplementationCopy2,modImplementationCopy3,modImplementationCopy4
net.legacyfabric.legacy-fabric-api:legacy-fabric-registry-sync-api-v2:1.0.1+1.8.9+0b2a4bcd8772=modCompileClasspath,modImplementation,modImplementationCopy,modImplementationCopy2,modImplementationCopy3,modImplementationCopy4
net.legacyfabric.legacy-fabric-api:legacy-fabric-rendering-api-v1-common:1.0.1+0b2a4bcd8772=modCompileClasspath,modImplementation,modImplementationCopy,modImplementationCopy2,modImplementationCopy3,modImplementationCopy4
net.legacyfabric.legacy-fabric-api:legacy-fabric-rendering-api-v1:1.0.1+1.8.9+0b2a4bcd8772=modCompileClasspath,modImplementation,modImplementationCopy,modImplementationCopy2,modImplementationCopy3,modImplementationCopy4
net.legacyfabric.legacy-fabric-api:legacy-fabric-resource-loader-v1-common:2.3.1+0b2a4bcd8772=modCompileClasspath,modImplementation,modImplementationCopy,modImplementationCopy2,modImplementationCopy3,modImplementationCopy4
net.legacyfabric.legacy-fabric-api:legacy-fabric-resource-loader-v1:2.3.1+1.8.9+0b2a4bcd8772=modCompileClasspath,modImplementation,modImplementationCopy,modImplementationCopy2,modImplementationCopy3,modImplementationCopy4
net.legacyfabric:yarn:1.8.9+build.604=compileClasspath,mappings,mappingsConstants
net.minecraft:minecraft-merged-71eb53d9da:1.8.9-net.legacyfabric.yarn.1_8_9.1.8.9+build.604-v2=compileClasspath,minecraftNamedCompile,minecraftNamedRuntime,runtimeClasspath,testCompileClasspath,testRuntimeClasspath
net.sf.jopt-simple:jopt-simple:4.6=compileClasspath,minecraftClientLibraries,minecraftClientRuntimeLibraries,minecraftLibraries,minecraftNamedCompile,minecraftNamedRuntime,minecraftRuntimeLibraries,minecraftTestClientRuntimeLibraries,runtimeClasspath,testCompileClasspath,testRuntimeClasspath
org.apache.commons:commons-compress:1.8.1=compileClasspath,minecraftClientLibraries,minecraftClientRuntimeLibraries,minecraftLibraries,minecraftNamedCompile,minecraftNamedRuntime,minecraftRuntimeLibraries,minecraftTestClientRuntimeLibraries,runtimeClasspath,testCompileClasspath,testRuntimeClasspath
org.apache.commons:commons-lang3:3.3.2=compileClasspath,minecraftClientLibraries,minecraftClientRuntimeLibraries,minecraftLibraries,minecraftNamedCompile,minecraftNamedRuntime,minecraftRuntimeLibraries,minecraftTestClientRuntimeLibraries,runtimeClasspath,testCompileClasspath,testRuntimeClasspath
org.apache.httpcomponents:httpclient:4.3.3=compileClasspath,minecraftClientLibraries,minecraftClientRuntimeLibraries,minecraftLibraries,minecraftNamedCompile,minecraftNamedRuntime,minecraftRuntimeLibraries,minecraftTestClientRuntimeLibraries,runtimeClasspath,testCompileClasspath,testRuntimeClasspath
org.apache.httpcomponents:httpcore:4.3.2=compileClasspath,minecraftClientLibraries,minecraftClientRuntimeLibraries,minecraftLibraries,minecraftNamedCompile,minecraftNamedRuntime,minecraftRuntimeLibraries,minecraftTestClientRuntimeLibraries,runtimeClasspath,testCompileClasspath,testRuntimeClasspath
org.apache.logging.log4j:log4j-api:2.0-beta9=compileClasspath,minecraftClientLibraries,minecraftClientRuntimeLibraries,minecraftLibraries,minecraftNamedCompile,minecraftNamedRuntime,minecraftRuntimeLibraries,minecraftTestClientRuntimeLibraries,runtimeClasspath,testCompileClasspath,testRuntimeClasspath
org.apache.logging.log4j:log4j-core:2.0-beta9=compileClasspath,minecraftClientLibraries,minecraftClientRuntimeLibraries,minecraftLibraries,minecraftNamedCompile,minecraftNamedRuntime,minecraftRuntimeLibraries,minecraftTestClientRuntimeLibraries,runtimeClasspath,testCompileClasspath,testRuntimeClasspath
org.apiguardian:apiguardian-api:1.1.2=testCompileClasspath
org.jetbrains:annotations:26.0.2=compileClasspath,testCompileClasspath
org.junit.jupiter:junit-jupiter-api:5.10.2=testCompileClasspath,testRuntimeClasspath
org.junit.jupiter:junit-jupiter-engine:5.10.2=testRuntimeClasspath
org.junit.jupiter:junit-jupiter-params:5.10.2=testCompileClasspath,testRuntimeClasspath
org.junit.jupiter:junit-jupiter:5.10.2=testCompileClasspath,testRuntimeClasspath
org.junit.platform:junit-platform-commons:1.10.2=testCompileClasspath,testRuntimeClasspath
org.junit.platform:junit-platform-engine:1.10.2=testRuntimeClasspath
org.junit.platform:junit-platform-launcher:1.10.2=testRuntimeClasspath
org.junit:junit-bom:5.10.2=testCompileClasspath,testRuntimeClasspath
org.lwjgl.lwjgl:lwjgl-platform:2.9.4+legacyfabric.15=minecraftNatives,minecraftTestClientRuntimeLibraries
org.lwjgl.lwjgl:lwjgl:2.9.4+legacyfabric.15=compileClasspath,minecraftClientLibraries,minecraftClientRuntimeLibraries,minecraftLibraries,minecraftNamedCompile,minecraftNamedRuntime,minecraftRuntimeLibraries,minecraftTestClientRuntimeLibraries,runtimeClasspath,testCompileClasspath,testRuntimeClasspath
org.lwjgl.lwjgl:lwjgl_util:2.9.4+legacyfabric.15=compileClasspath,minecraftClientLibraries,minecraftClientRuntimeLibraries,minecraftLibraries,minecraftNamedCompile,minecraftNamedRuntime,minecraftRuntimeLibraries,minecraftTestClientRuntimeLibraries,runtimeClasspath,testCompileClasspath,testRuntimeClasspath
org.opentest4j:opentest4j:1.3.0=testCompileClasspath,testRuntimeClasspath
org.ow2.asm:asm-analysis:9.9=compileClasspath,loaderLibraries,minecraftNamedCompile,minecraftNamedRuntime,minecraftTestClientRuntimeLibraries,runtimeClasspath,testCompileClasspath,testRuntimeClasspath
org.ow2.asm:asm-commons:9.9=compileClasspath,loaderLibraries,minecraftNamedCompile,minecraftNamedRuntime,minecraftTestClientRuntimeLibraries,runtimeClasspath,testCompileClasspath,testRuntimeClasspath
org.ow2.asm:asm-tree:9.9=compileClasspath,loaderLibraries,minecraftNamedCompile,minecraftNamedRuntime,minecraftTestClientRuntimeLibraries,runtimeClasspath,testCompileClasspath,testRuntimeClasspath
org.ow2.asm:asm-util:9.9=compileClasspath,loaderLibraries,minecraftNamedCompile,minecraftNamedRuntime,minecraftTestClientRuntimeLibraries,runtimeClasspath,testCompileClasspath,testRuntimeClasspath
org.ow2.asm:asm:9.9=compileClasspath,loaderLibraries,minecraftNamedCompile,minecraftNamedRuntime,minecraftTestClientRuntimeLibraries,runtimeClasspath,testCompileClasspath,testRuntimeClasspath
org.vineflower:vineflower:1.11.1=vineflowerDecompilerClasspath
oshi-project:oshi-core:1.1=compileClasspath,minecraftClientLibraries,minecraftClientRuntimeLibraries,minecraftLibraries,minecraftNamedCompile,minecraftNamedRuntime,minecraftRuntimeLibraries,minecraftTestClientRuntimeLibraries,runtimeClasspath,testCompileClasspath,testRuntimeClasspath
remapped.net.legacyfabric.legacy-fabric-api:legacy-fabric-api-3495a1be:1.13.2+1.8.9=compileClasspath,modCompileClasspathMainMapped,modCompileClasspathMapped,modRuntimeClasspathMainMapped,runtimeClasspath,testCompileClasspath,testRuntimeClasspath
remapped.net.legacyfabric.legacy-fabric-api:legacy-fabric-api-base-3495a1be:1.2.2+1.8.9+0b2a4bcd8772=compileClasspath,modCompileClasspathMainMapped,modCompileClasspathMapped,modRuntimeClasspathMainMapped,runtimeClasspath,testCompileClasspath,testRuntimeClasspath
remapped.net.legacyfabric.legacy-fabric-api:legacy-fabric-api-base-common-3495a1be:1.2.2+055e36ba8772=compileClasspath,modCompileClasspathMainMapped,modCompileClasspathMapped,modRuntimeClasspathMainMapped,runtimeClasspath,testCompileClasspath,testRuntimeClasspath
remapped.net.legacyfabric.legacy-fabric-api:legacy-fabric-biome-api-v1-3495a1be:1.0.1+1.8.9+78fd813a8772=compileClasspath,modCompileClasspathMainMapped,modCompileClasspathMapped,modRuntimeClasspathMainMapped,runtimeClasspath,testCompileClasspath,testRuntimeClasspath
remapped.net.legacyfabric.legacy-fabric-api:legacy-fabric-biome-api-v1-common-3495a1be:1.0.1+0b2a4bcd8772=compileClasspath,modCompileClasspathMainMapped,modCompileClasspathMapped,modRuntimeClasspathMainMapped,runtimeClasspath,testCompileClasspath,testRuntimeClasspath
remapped.net.legacyfabric.legacy-fabric-api:legacy-fabric-block-api-v1-3495a1be:1.0.1+1.12.2+78fd813a8772=compileClasspath,modCompileClasspathMainMapped,modCompileClasspathMapped,modRuntimeClasspathMainMapped,runtimeClasspath,testCompileClasspath,testRuntimeClasspath
remapped.net.legacyfabric.legacy-fabric-api:legacy-fabric-block-api-v1-common-3495a1be:1.0.1+0b2a4bcd8772=compileClasspath,modCompileClasspathMainMapped,modCompileClasspathMapped,modRuntimeClasspathMainMapped,runtimeClasspath,testCompileClasspath,testRuntimeClasspath
remapped.net.legacyfabric.legacy-fabric-api:legacy-fabric-block-entity-api-v1-3495a1be:1.0.1+1.8.9+0b2a4bcd8772=compileClasspath,modCompileClasspathMainMapped,modCompileClasspathMapped,modRuntimeClasspathMainMapped,runtimeClasspath,testCompileClasspath,testRuntimeClasspath
remapped.net.legacyfabric.legacy-fabric-api:legacy-fabric-block-entity-api-v1-common-3495a1be:1.0.1+0b2a4bcd8772=compileClasspath,modCompileClasspathMainMapped,modCompileClasspathMapped,modRuntimeClasspathMainMapped,runtimeClasspath,testCompileClasspath,testRuntimeClasspath
remapped.net.legacyfabric.legacy-fabric-api:legacy-fabric-command-api-v1-3495a1be:1.1.1+0b2a4bcd8772=compileClasspath,modCompileClasspathMainMapped,modCompileClasspathMapped,modRuntimeClasspathMainMapped,runtimeClasspath,testCompileClasspath,testRuntimeClasspath
remapped.net.legacyfabric.legacy-fabric-api:legacy-fabric-command-api-v2-3495a1be:1.1.2+1.8.9+0b2a4bcd8772=compileClasspath,modCompileClasspathMainMapped,modCompileClasspathMapped,modRuntimeClasspathMainMapped,runtimeClasspath,testCompileClasspath,testRuntimeClasspath
remapped.net.legacyfabric.legacy-fabric-api:legacy-fabric-command-api-v2-common-3495a1be:1.1.2+0b2a4bcd8772=compileClasspath,modCompileClasspathMainMapped,modCompileClasspathMapped,modRuntimeClasspathMainMapped,runtimeClasspath,testCompileClasspath,testRuntimeClasspath
remapped.net.legacyfabric.legacy-fabric-api:legacy-fabric-crash-report-info-v1-3495a1be:1.0.1+1.8.9+0b2a4bcd8772=compileClasspath,modCompileClasspathMainMapped,modCompileClasspathMapped,modRuntimeClasspathMainMapped,runtimeClasspath,testCompileClasspath,testRuntimeClasspath
remapped.net.legacyfabric.legacy-fabric-api:legacy-fabric-effect-api-v1-3495a1be:1.0.1+1.8.9+0b2a4bcd8772=compileClasspath,modCompileClasspathMainMapped,modCompileClasspathMapped,modRuntimeClasspathMainMapped,runtimeClasspath,testCompileClasspath,testRuntimeClasspath
remapped.net.legacyfabric.legacy-fabric-api:legacy-fabric-effect-api-v1-common-3495a1be:1.0.1+0b2a4bcd8772=compileClasspath,modCompileClasspathMainMapped,modCompileClasspathMapped,modRuntimeClasspathMainMapped,runtimeClasspath,testCompileClasspath,testRuntimeClasspath
remapped.net.legacyfabric.legacy-fabric-api:legacy-fabric-enchantment-api-v1-3495a1be:1.0.1+1.8.9+0b2a4bcd8772=compileClasspath,modCompileClasspathMainMapped,modCompileClasspathMapped,modRuntimeClasspathMainMapped,runtimeClasspath,testCompileClasspath,testRuntimeClasspath
remapped.net.legacyfabric.legacy-fabric-api:legacy-fabric-enchantment-api-v1-common-3495a1be:1.0.1+0b2a4bcd8772=compileClasspath,modCompileClasspathMainMapped,modCompileClasspathMapped,modRuntimeClasspathMainMapped,runtimeClasspath,testCompileClasspath,testRuntimeClasspath
remapped.net.legacyfabric.legacy-fabric-api:legacy-fabric-entity-api-v1-3495a1be:1.0.1+1.8.9+0b2a4bcd8772=compileClasspath,modCompileClasspathMainMapped,modCompileClasspathMapped,modRuntimeClasspathMainMapped,runtimeClasspath,testCompileClasspath,testRuntimeClasspath
remapped.net.legacyfabric.legacy-fabric-api:legacy-fabric-entity-api-v1-common-3495a1be:1.0.1+0b2a4bcd8772=compileClasspath,modCompileClasspathMainMapped,modCompileClasspathMapped,modRuntimeClasspathMainMapped,runtimeClasspath,testCompileClasspath,testRuntimeClasspath
remapped.net.legacyfabric.legacy-fabric-api:legacy-fabric-entity-events-v1-3495a1be:1.0.1+1.8.9+78fd813a8772=compileClasspath,modCompileClasspathMainMapped,modCompileClasspathMapped,modRuntimeClasspathMainMapped,runtimeClasspath,testCompileClasspath,testRuntimeClasspath
remapped.net.legacyfabric.legacy-fabric-api:legacy-fabric-entity-events-v1-common-3495a1be:1.0.1+78fd813a8772=compileClasspath,modCompileClasspathMainMapped,modCompileClasspathMapped,modRuntimeClasspathMainMapped,runtimeClasspath,testCompileClasspath,testRuntimeClasspath
remapped.net.legacyfabric.legacy-fabric-api:legacy-fabric-gamerule-api-v1-3495a1be:1.0.1+0b2a4bcd8772=compileClasspath,modCompileClasspathMainMapped,modCompileClasspathMapped,modRuntimeClasspathMainMapped,runtimeClasspath,testCompileClasspath,testRuntimeClasspath
remapped.net.legacyfabric.legacy-fabric-api:legacy-fabric-item-api-v1-3495a1be:1.0.1+1.12.2+0b2a4bcd8772=compileClasspath,modCompileClasspathMainMapped,modCompileClasspathMapped,modRuntimeClasspathMainMapped,runtimeClasspath,testCompileClasspath,testRuntimeClasspath
remapped.net.legacyfabric.legacy-fabric-api:legacy-fabric-item-api-v1-common-3495a1be:1.0.1+0b2a4bcd8772=compileClasspath,modCompileClasspathMainMapped,modCompileClasspathMapped,modRuntimeClasspathMainMapped,runtimeClasspath,testCompileClasspath,testRuntimeClasspath
remapped.net.legacyfabric.legacy-fabric-api:legacy-fabric-item-groups-v1-3495a1be:2.2.0+1.8.9+0b2a4bcd8772=compileClasspath,modCompileClasspathMainMapped,modCompileClasspathMapped,modRuntimeClasspathMainMapped,runtimeClasspath,testCompileClasspath,testRuntimeClasspath
remapped.net.legacyfabric.legacy-fabric-api:legacy-fabric-item-groups-v1-common-1.8.9-3495a1be:2.2.0+1.8.9+0b2a4bcd8772=compileClasspath,modCompileClasspathMainMapped,modCompileClasspathMapped,modRuntimeClasspathMainMapped,runtimeClasspath,testCompileClasspath,testRuntimeClasspath
remapped.net.legacyfabric.legacy-fabric-api:legacy-fabric-item-groups-v1-common-3495a1be:2.2.0+0b2a4bcd8772=compileClasspath,modCompileClasspathMainMapped,modCompileClasspathMapped,modRuntimeClasspathMainMapped,runtimeClasspath,testCompileClasspath,testRuntimeClasspath
remapped.net.legacyfabric.legacy-fabric-api:legacy-fabric-keybindings-api-v1-3495a1be:1.2.0+1.8.9+0b2a4bcd8772=compileClasspath,modCompileClasspathMainMapped,modCompileClasspathMapped,modRuntimeClasspathMainMapped,runtimeClasspath,testCompileClasspath,testRuntimeClasspath
remapped.net.legacyfabric.legacy-fabric-api:legacy-fabric-keybindings-api-v1-common-3495a1be:1.2.0+8045105b8772=compileClasspath,modCompileClasspathMainMapped,modCompileClasspathMapped,modRuntimeClasspathMainMapped,runtimeClasspath,testCompileClasspath,testRuntimeClasspath
remapped.net.legacyfabric.legacy-fabric-api:legacy-fabric-lifecycle-events-v1-3495a1be:1.2.0+1.8.9+0b2a4bcd8772=compileClasspath,modCompileClasspathMainMapped,modCompileClasspathMapped,modRuntimeClasspathMainMapped,runtimeClasspath,testCompileClasspath,testRuntimeClasspath
remapped.net.legacyfabric.legacy-fabric-api:legacy-fabric-lifecycle-events-v1-common-1.8.9-3495a1be:1.2.0+1.8.9+0b2a4bcd8772=compileClasspath,modCompileClasspathMainMapped,modCompileClasspathMapped,modRuntimeClasspathMainMapped,runtimeClasspath,testCompileClasspath,testRuntimeClasspath
remapped.net.legacyfabric.legacy-fabric-api:legacy-fabric-lifecycle-events-v1-common-3495a1be:1.2.0+0b2a4bcd8772=compileClasspath,modCompileClasspathMainMapped,modCompileClasspathMapped,modRuntimeClasspathMainMapped,runtimeClasspath,testCompileClasspath,testRuntimeClasspath
remapped.net.legacyfabric.legacy-fabric-api:legacy-fabric-logger-api-v1-3495a1be:1.0.5+0b2a4bcd8772=compileClasspath,modCompileClasspathMainMapped,modCompileClasspathMapped,modRuntimeClasspathMainMapped,runtimeClasspath,testCompileClasspath,testRuntimeClasspath
remapped.net.legacyfabric.legacy-fabric-api:legacy-fabric-networking-api-v1-3495a1be:2.1.1+1.8.9+0b2a4bcd8772=compileClasspath,modCompileClasspathMainMapped,modCompileClasspathMapped,modRuntimeClasspathMainMapped,runtimeClasspath,testCompileClasspath,testRuntimeClasspath
remapped.net.legacyfabric.legacy-fabric-api:legacy-fabric-networking-api-v1-common-3495a1be:2.1.1+0b2a4bcd8772=compileClasspath,modCompileClasspathMainMapped,modCompileClasspathMapped,modRuntimeClasspathMainMapped,runtimeClasspath,testCompileClasspath,testRuntimeClasspath
remapped.net.legacyfabric.legacy-fabric-api:legacy-fabric-permissions-api-v1-3495a1be:1.1.2+1.8.9+0b2a4bcd8772=compileClasspath,modCompileClasspathMainMapped,modCompileClasspathMapped,modRuntimeClasspathMainMapped,runtimeClasspath,testCompileClasspath,testRuntimeClasspath
remapped.net.legacyfabric.legacy-fabric-api:legacy-fabric-permissions-api-v1-common-3495a1be:1.1.2+0b2a4bcd8772=compileClasspath,modCompileClasspathMainMapped,modCompileClasspathMapped,modRuntimeClasspathMainMapped,runtimeClasspath,testCompileClasspath,testRuntimeClasspath
remapped.net.legacyfabric.legacy-fabric-api:legacy-fabric-registry-sync-api-v1-common-3495a1be:3.0.1+0b2a4bcd8772=compileClasspath,modCompileClasspathMainMapped,modCompileClasspathMapped,modRuntimeClasspathMainMapped,runtimeClasspath,testCompileClasspath,testRuntimeClasspath
remapped.net.legacyfabric.legacy-fabric-api:legacy-fabric-registry-sync-api-v2-3495a1be:1.0.1+1.8.9+0b2a4bcd8772=compileClasspath,modCompileClasspathMainMapped,modCompileClasspathMapped,modRuntimeClasspathMainMapped,runtimeClasspath,testCompileClasspath,testRuntimeClasspath
remapped.net.legacyfabric.legacy-fabric-api:legacy-fabric-registry-sync-api-v2-common-3495a1be:1.0.1+0b2a4bcd8772=compileClasspath,modCompileClasspathMainMapped,modCompileClasspathMapped,modRuntimeClasspathMainMapped,runtimeClasspath,testCompileClasspath,testRuntimeClasspath
remapped.net.legacyfabric.legacy-fabric-api:legacy-fabric-rendering-api-v1-3495a1be:1.0.1+1.8.9+0b2a4bcd8772=compileClasspath,modCompileClasspathMainMapped,modCompileClasspathMapped,modRuntimeClasspathMainMapped,runtimeClasspath,testCompileClasspath,testRuntimeClasspath
remapped.net.legacyfabric.legacy-fabric-api:legacy-fabric-rendering-api-v1-common-3495a1be:1.0.1+0b2a4bcd8772=compileClasspath,modCompileClasspathMainMapped,modCompileClasspathMapped,modRuntimeClasspathMainMapped,runtimeClasspath,testCompileClasspath,testRuntimeClasspath
remapped.net.legacyfabric.legacy-fabric-api:legacy-fabric-resource-loader-v1-3495a1be:2.3.1+1.8.9+0b2a4bcd8772=compileClasspath,modCompileClasspathMainMapped,modCompileClasspathMapped,modRuntimeClasspathMainMapped,runtimeClasspath,testCompileClasspath,testRuntimeClasspath
remapped.net.legacyfabric.legacy-fabric-api:legacy-fabric-resource-loader-v1-common-3495a1be:2.3.1+0b2a4bcd8772=compileClasspath,modCompileClasspathMainMapped,modCompileClasspathMapped,modRuntimeClasspathMainMapped,runtimeClasspath,testCompileClasspath,testRuntimeClasspath
tv.twitch:twitch:6.5=compileClasspath,minecraftClientLibraries,minecraftClientRuntimeLibraries,minecraftLibraries,minecraftNamedCompile,minecraftNamedRuntime,minecraftRuntimeLibraries,minecraftTestClientRuntimeLibraries,runtimeClasspath,testCompileClasspath,testRuntimeClasspath
empty=annotationProcessor,localRuntime,mappingsFinal,minecraftServerLibraries,minecraftServerRuntimeLibraries,modApi,modApiCopy,modApiCopy2,modApiCopy3,modApiCopy4,modApiMapped,modCompileOnly,modCompileOnlyApi,modCompileOnlyApiCopy,modCompileOnlyApiCopy2,modCompileOnlyCopy,modCompileOnlyCopy2,modLocalRuntime,modLocalRuntimeCopy,modLocalRuntimeCopy2,modRuntimeOnly,modRuntimeOnlyCopy,modRuntimeOnlyCopy2,productionRuntimeMods,testAnnotationProcessor
