# This is a Gradle generated file for dependency locking.
# Manual edits can break the build and are not advised.
# This file is expected to be part of source control.
ca.weblite:java-objc-bridge:1.1=compileClasspath,testCompileClasspath,testRuntimeClasspath
com.electronwill.night-config:core:3.7.4=compileClasspath,testCompileClasspath,testRuntimeClasspath
com.electronwill.night-config:toml:3.7.4=compileClasspath,testCompileClasspath,testRuntimeClasspath
com.github.oshi:oshi-core:6.4.10=compileClasspath,testCompileClasspath,testRuntimeClasspath
com.google.code.findbugs:jsr305:3.0.2=compileClasspath,testCompileClasspath,testRuntimeClasspath
com.google.code.gson:gson:2.10.1=compileClasspath,testCompileClasspath,testRuntimeClasspath
com.google.errorprone:error_prone_annotations:2.18.0=compileClasspath,testCompileClasspath,testRuntimeClasspath
com.google.guava:failureaccess:1.0.1=compileClasspath,testCompileClasspath,testRuntimeClasspath
com.google.guava:guava-parent:32.1.2-jre=compileClasspath,testCompileClasspath,testRuntimeClasspath
com.google.guava:guava:32.1.2-jre=compileClasspath,testCompileClasspath,testRuntimeClasspath
com.google.guava:listenablefuture:9999.0-empty-to-avoid-conflict-with-guava=compileClasspath,testCompileClasspath,testRuntimeClasspath
com.google.j2objc:j2objc-annotations:2.8=compileClasspath,testCompileClasspath
com.google.jimfs:jimfs:1.3.0=testRuntimeClasspath
com.ibm.icu:icu4j:73.2=compileClasspath,testCompileClasspath,testRuntimeClasspath
com.machinezoo.noexception:noexception:1.7.1=compileClasspath,testCompileClasspath,testRuntimeClasspath
com.mojang:authlib:6.0.54=compileClasspath,testCompileClasspath,testRuntimeClasspath
com.mojang:blocklist:1.0.10=compileClasspath,testCompileClasspath,testRuntimeClasspath
com.mojang:brigadier:1.3.10=compileClasspath,testCompileClasspath,testRuntimeClasspath
com.mojang:datafixerupper:8.0.16=compileClasspath,testCompileClasspath,testRuntimeClasspath
com.mojang:logging:1.2.7=compileClasspath,testCompileClasspath,testRuntimeClasspath
com.mojang:patchy:2.2.10=compileClasspath,testCompileClasspath,testRuntimeClasspath
com.mojang:text2speech:1.17.9=compileClasspath,testCompileClasspath,testRuntimeClasspath
commons-codec:commons-codec:1.16.0=compileClasspath,testCompileClasspath,testRuntimeClasspath
commons-io:commons-io:2.15.1=compileClasspath,testCompileClasspath,testRuntimeClasspath
commons-logging:commons-logging:1.2=compileClasspath,testCompileClasspath,testRuntimeClasspath
de.sciss:jump3r:1.0.5=compileClasspath,testCompileClasspath,testRuntimeClasspath
io.netty:netty-buffer:4.1.97.Final=compileClasspath,testCompileClasspath,testRuntimeClasspath
io.netty:netty-codec:4.1.97.Final=compileClasspath,testCompileClasspath,testRuntimeClasspath
io.netty:netty-common:4.1.97.Final=compileClasspath,testCompileClasspath,testRuntimeClasspath
io.netty:netty-handler:4.1.97.Final=compileClasspath,testCompileClasspath,testRuntimeClasspath
io.netty:netty-resolver:4.1.97.Final=compileClasspath,testCompileClasspath,testRuntimeClasspath
io.netty:netty-transport-classes-epoll:4.1.97.Final=compileClasspath,testCompileClasspath,testRuntimeClasspath
io.netty:netty-transport-native-epoll:4.1.97.Final=testRuntimeClasspath
io.netty:netty-transport-native-unix-common:4.1.97.Final=compileClasspath,testCompileClasspath,testRuntimeClasspath
io.netty:netty-transport:4.1.97.Final=compileClasspath,testCompileClasspath,testRuntimeClasspath
it.unimi.dsi:fastutil:8.5.12=compileClasspath,testCompileClasspath,testRuntimeClasspath
javazoom:jlayer:1.0.1=compileClasspath,testCompileClasspath,testRuntimeClasspath
net.java.dev.jna:jna-platform:5.14.0=compileClasspath,testCompileClasspath,testRuntimeClasspath
net.java.dev.jna:jna:5.14.0=compileClasspath,testCompileClasspath,testRuntimeClasspath
net.jodah:typetools:0.6.3=compileClasspath,testCompileClasspath,testRuntimeClasspath
net.minecraft:client-extra:1.21.1-20240808.132146=compileClasspath,testCompileClasspath,testRuntimeClasspath
net.minecraft:mappings_official:1.21.1-20240808.132146=compileClasspath,testCompileClasspath,testRuntimeClasspath
net.minecraftforge:JarJarFileSystems:0.3.26=compileClasspath,testCompileClasspath,testRuntimeClasspath
net.minecraftforge:JarJarMetadata:0.3.26=compileClasspath,testCompileClasspath,testRuntimeClasspath
net.minecraftforge:JarJarSelector:0.3.26=compileClasspath,testCompileClasspath,testRuntimeClasspath
net.minecraftforge:accesstransformers:8.2.2=compileClasspath,testCompileClasspath,testRuntimeClasspath
net.minecraftforge:bootstrap-api:2.1.8=compileClasspath,testCompileClasspath,testRuntimeClasspath
net.minecraftforge:bootstrap:2.1.8=compileClasspath,testCompileClasspath,testRuntimeClasspath
net.minecraftforge:coremods:5.2.6=compileClasspath,testCompileClasspath,testRuntimeClasspath
net.minecraftforge:eventbus:6.2.33=compileClasspath,testCompileClasspath,testRuntimeClasspath
net.minecraftforge:fmlcore:1.21.1-52.1.16=compileClasspath,testCompileClasspath,testRuntimeClasspath
net.minecraftforge:fmlearlydisplay:1.21.1-52.1.16=compileClasspath,testCompileClasspath,testRuntimeClasspath
net.minecraftforge:fmlloader:1.21.1-52.1.16=compileClasspath,testCompileClasspath,testRuntimeClasspath
net.minecraftforge:forge:1.21.1-52.1.16=compileClasspath,testCompileClasspath,testRuntimeClasspath
net.minecraftforge:forgespi:7.1.5=compileClasspath,testCompileClasspath,testRuntimeClasspath
net.minecraftforge:javafmllanguage:1.21.1-52.1.16=compileClasspath,testCompileClasspath,testRuntimeClasspath
net.minecraftforge:lowcodelanguage:1.21.1-52.1.16=compileClasspath,testCompileClasspath,testRuntimeClasspath
net.minecraftforge:mclanguage:1.21.1-52.1.16=compileClasspath,testCompileClasspath,testRuntimeClasspath
net.minecraftforge:mergetool-api:1.0=compileClasspath,testCompileClasspath,testRuntimeClasspath
net.minecraftforge:modlauncher:10.2.4=compileClasspath,testCompileClasspath,testRuntimeClasspath
net.minecraftforge:securemodules:2.2.24=compileClasspath,testCompileClasspath,testRuntimeClasspath
net.minecraftforge:unsafe:0.9.2=compileClasspath,testCompileClasspath,testRuntimeClasspath
net.minecrell:terminalconsoleappender:1.2.0=compileClasspath,testCompileClasspath,testRuntimeClasspath
net.sf.jopt-simple:jopt-simple:5.0.4=compileClasspath,testCompileClasspath,testRuntimeClasspath
org.apache.commons:commons-compress:1.26.0=compileClasspath,testCompileClasspath,testRuntimeClasspath
org.apache.commons:commons-lang3:3.14.0=compileClasspath,testCompileClasspath,testRuntimeClasspath
org.apache.httpcomponents:httpclient:4.5.13=compileClasspath,testCompileClasspath,testRuntimeClasspath
org.apache.httpcomponents:httpcore:4.4.16=compileClasspath,testCompileClasspath,testRuntimeClasspath
org.apache.logging.log4j:log4j-api:2.22.1=compileClasspath,testCompileClasspath,testRuntimeClasspath
org.apache.logging.log4j:log4j-core:2.22.1=compileClasspath,testCompileClasspath,testRuntimeClasspath
org.apache.logging.log4j:log4j-slf4j2-impl:2.22.1=compileClasspath,testCompileClasspath,testRuntimeClasspath
org.apache.maven:maven-artifact:3.8.8=compileClasspath,testCompileClasspath,testRuntimeClasspath
org.apiguardian:apiguardian-api:1.1.2=testCompileClasspath
org.checkerframework:checker-qual:3.33.0=compileClasspath,testCompileClasspath,testRuntimeClasspath
org.codehaus.plexus:plexus-utils:3.3.1=compileClasspath,testCompileClasspath,testRuntimeClasspath
org.jcraft:jorbis:0.0.17=compileClasspath,testCompileClasspath,testRuntimeClasspath
org.jetbrains:annotations:24.0.1=compileClasspath,testCompileClasspath,testRuntimeClasspath
org.jline:jline-native:3.25.1=compileClasspath,testCompileClasspath,testRuntimeClasspath
org.jline:jline-reader:3.25.1=compileClasspath,testCompileClasspath,testRuntimeClasspath
org.jline:jline-terminal-jna:3.25.1=compileClasspath,testCompileClasspath,testRuntimeClasspath
org.jline:jline-terminal:3.25.1=compileClasspath,testCompileClasspath,testRuntimeClasspath
org.joml:joml:1.10.5=compileClasspath,testCompileClasspath,testRuntimeClasspath
org.junit.jupiter:junit-jupiter-api:5.10.2=testCompileClasspath,testRuntimeClasspath
org.junit.jupiter:junit-jupiter-engine:5.10.2=testRuntimeClasspath
org.junit.jupiter:junit-jupiter-params:5.10.2=testCompileClasspath,testRuntimeClasspath
org.junit.jupiter:junit-jupiter:5.10.2=testCompileClasspath,testRuntimeClasspath
org.junit.platform:junit-platform-commons:1.10.2=testCompileClasspath,testRuntimeClasspath
org.junit.platform:junit-platform-engine:1.10.2=testRuntimeClasspath
org.junit.platform:junit-platform-launcher:1.10.2=testRuntimeClasspath
org.junit:junit-bom:5.10.2=testCompileClasspath,testRuntimeClasspath
org.lwjgl:lwjgl-freetype:3.3.3=compileClasspath,testCompileClasspath,testRuntimeClasspath
org.lwjgl:lwjgl-glfw:3.3.3=compileClasspath,testCompileClasspath,testRuntimeClasspath
org.lwjgl:lwjgl-jemalloc:3.3.3=compileClasspath,testCompileClasspath,testRuntimeClasspath
org.lwjgl:lwjgl-openal:3.3.3=compileClasspath,testCompileClasspath,testRuntimeClasspath
org.lwjgl:lwjgl-opengl:3.3.3=compileClasspath,testCompileClasspath,testRuntimeClasspath
org.lwjgl:lwjgl-stb:3.3.3=compileClasspath,testCompileClasspath,testRuntimeClasspath
org.lwjgl:lwjgl-tinyfd:3.3.3=compileClasspath,testCompileClasspath,testRuntimeClasspath
org.lwjgl:lwjgl:3.3.3=compileClasspath,testCompileClasspath,testRuntimeClasspath
org.lz4:lz4-java:1.8.0=compileClasspath,testCompileClasspath,testRuntimeClasspath
org.openjdk.nashorn:nashorn-core:15.4=compileClasspath,testCompileClasspath,testRuntimeClasspath
org.opentest4j:opentest4j:1.3.0=testCompileClasspath,testRuntimeClasspath
org.ow2.asm:asm-analysis:9.9.1=compileClasspath,testCompileClasspath,testRuntimeClasspath
org.ow2.asm:asm-commons:9.9.1=compileClasspath,testCompileClasspath,testRuntimeClasspath
org.ow2.asm:asm-tree:9.9.1=compileClasspath,testCompileClasspath,testRuntimeClasspath
org.ow2.asm:asm-util:9.9.1=compileClasspath,testCompileClasspath,testRuntimeClasspath
org.ow2.asm:asm:9.9.1=compileClasspath,testCompileClasspath,testRuntimeClasspath
org.slf4j:slf4j-api:2.0.9=compileClasspath,testCompileClasspath,testRuntimeClasspath
org.slf4j:slf4j-simple:1.7.30=testRuntimeClasspath
org.spongepowered:mixin:0.8.7=compileClasspath,testCompileClasspath,testRuntimeClasspath
empty=annotationProcessor,testAnnotationProcessor
