# This is a Gradle generated file for dependency locking.
# Manual edits can break the build and are not advised.
# This file is expected to be part of source control.
com.github.oshi:oshi-core:6.4.5=compileClasspath,minecraftClientLibraries,minecraftClientRuntimeLibraries,minecraftLibraries,minecraftNamedCompile,minecraftNamedRuntime,minecraftRuntimeLibraries,minecraftServerLibraries,minecraftServerRuntimeLibraries,minecraftTestClientRuntimeLibraries,runtimeClasspath,testCompileClasspath,testRuntimeClasspath
com.google.code.gson:gson:2.10.1=compileClasspath,minecraftClientLibraries,minecraftClientRuntimeLibraries,minecraftLibraries,minecraftNamedCompile,minecraftNamedRuntime,minecraftRuntimeLibraries,minecraftServerLibraries,minecraftServerRuntimeLibraries,minecraftTestClientRuntimeLibraries,runtimeClasspath,testCompileClasspath,testRuntimeClasspath
com.google.guava:failureaccess:1.0.1=compileClasspath,minecraftClientLibraries,minecraftClientRuntimeLibraries,minecraftLibraries,minecraftNamedCompile,minecraftNamedRuntime,minecraftRuntimeLibraries,minecraftServerLibraries,minecraftServerRuntimeLibraries,minecraftTestClientRuntimeLibraries,runtimeClasspath,testCompileClasspath,testRuntimeClasspath
com.google.guava:guava:32.1.2-jre=compileClasspath,minecraftClientLibraries,minecraftClientRuntimeLibraries,minecraftLibraries,minecraftNamedCompile,minecraftNamedRuntime,minecraftRuntimeLibraries,minecraftServerLibraries,minecraftServerRuntimeLibraries,minecraftTestClientRuntimeLibraries,runtimeClasspath,testCompileClasspath,testRuntimeClasspath
com.ibm.icu:icu4j:73.2=compileClasspath,minecraftClientLibraries,minecraftClientRuntimeLibraries,minecraftLibraries,minecraftNamedCompile,minecraftNamedRuntime,minecraftRuntimeLibraries,minecraftTestClientRuntimeLibraries,runtimeClasspath,testCompileClasspath,testRuntimeClasspath
com.mojang:authlib:6.0.52=compileClasspath,minecraftClientLibraries,minecraftClientRuntimeLibraries,minecraftLibraries,minecraftNamedCompile,minecraftNamedRuntime,minecraftRuntimeLibraries,minecraftServerLibraries,minecraftServerRuntimeLibraries,minecraftTestClientRuntimeLibraries,runtimeClasspath,testCompileClasspath,testRuntimeClasspath
com.mojang:blocklist:1.0.10=compileClasspath,minecraftClientLibraries,minecraftClientRuntimeLibraries,minecraftLibraries,minecraftNamedCompile,minecraftNamedRuntime,minecraftRuntimeLibraries,minecraftTestClientRuntimeLibraries,runtimeClasspath,testCompileClasspath,testRuntimeClasspath
com.mojang:brigadier:1.2.9=compileClasspath,minecraftClientLibraries,minecraftClientRuntimeLibraries,minecraftLibraries,minecraftNamedCompile,minecraftNamedRuntime,minecraftRuntimeLibraries,minecraftServerLibraries,minecraftServerRuntimeLibraries,minecraftTestClientRuntimeLibraries,runtimeClasspath,testCompileClasspath,testRuntimeClasspath
com.mojang:datafixerupper:6.0.8=compileClasspath,minecraftClientLibraries,minecraftClientRuntimeLibraries,minecraftLibraries,minecraftNamedCompile,minecraftNamedRuntime,minecraftRuntimeLibraries,minecraftServerLibraries,minecraftServerRuntimeLibraries,minecraftTestClientRuntimeLibraries,runtimeClasspath,testCompileClasspath,testRuntimeClasspath
com.mojang:logging:1.1.1=compileClasspath,minecraftClientLibraries,minecraftClientRuntimeLibraries,minecraftLibraries,minecraftNamedCompile,minecraftNamedRuntime,minecraftRuntimeLibraries,minecraftServerLibraries,minecraftServerRuntimeLibraries,minecraftTestClientRuntimeLibraries,runtimeClasspath,testCompileClasspath,testRuntimeClasspath
com.mojang:patchy:2.2.10=compileClasspath,minecraftClientLibraries,minecraftClientRuntimeLibraries,minecraftLibraries,minecraftNamedCompile,minecraftNamedRuntime,minecraftRuntimeLibraries,minecraftTestClientRuntimeLibraries,runtimeClasspath,testCompileClasspath,testRuntimeClasspath
com.mojang:text2speech:1.17.9=compileClasspath,minecraftClientLibraries,minecraftClientRuntimeLibraries,minecraftLibraries,minecraftNamedCompile,minecraftNamedRuntime,minecraftRuntimeLibraries,minecraftTestClientRuntimeLibraries,runtimeClasspath,testCompileClasspath,testRuntimeClasspath
com.terraformersmc:modmenu:9.2.0=modCompileClasspath,modCompileOnly,modCompileOnlyCopy,modCompileOnlyCopy2
commons-codec:commons-codec:1.16.0=compileClasspath,minecraftClientLibraries,minecraftClientRuntimeLibraries,minecraftLibraries,minecraftNamedCompile,minecraftNamedRuntime,minecraftRuntimeLibraries,minecraftTestClientRuntimeLibraries,runtimeClasspath,testCompileClasspath,testRuntimeClasspath
commons-io:commons-io:2.13.0=compileClasspath,minecraftClientLibraries,minecraftClientRuntimeLibraries,minecraftLibraries,minecraftNamedCompile,minecraftNamedRuntime,minecraftRuntimeLibraries,minecraftServerLibraries,minecraftServerRuntimeLibraries,minecraftTestClientRuntimeLibraries,runtimeClasspath,testCompileClasspath,testRuntimeClasspath
commons-logging:commons-logging:1.2=compileClasspath,minecraftClientLibraries,minecraftClientRuntimeLibraries,minecraftLibraries,minecraftNamedCompile,minecraftNamedRuntime,minecraftRuntimeLibraries,minecraftTestClientRuntimeLibraries,runtimeClasspath,testCompileClasspath,testRuntimeClasspath
de.sciss:jump3r:1.0.5=compileClasspath,includeInternal,runtimeClasspath,testCompileClasspath,testRuntimeClasspath
eu.pb4:placeholder-api:2.4.0-pre.1+1.20.4=modCompileClasspath,modCompileOnly
io.github.llamalad7:mixinextras-fabric:0.5.4=compileClasspath,loaderLibraries,minecraftNamedCompile,minecraftNamedRuntime,minecraftTestClientRuntimeLibraries,runtimeClasspath,testCompileClasspath,testRuntimeClasspath
io.netty:netty-buffer:4.1.97.Final=compileClasspath,minecraftClientLibraries,minecraftClientRuntimeLibraries,minecraftLibraries,minecraftNamedCompile,minecraftNamedRuntime,minecraftRuntimeLibraries,minecraftServerLibraries,minecraftServerRuntimeLibraries,minecraftTestClientRuntimeLibraries,runtimeClasspath,testCompileClasspath,testRuntimeClasspath
io.netty:netty-codec:4.1.97.Final=compileClasspath,minecraftClientLibraries,minecraftClientRuntimeLibraries,minecraftLibraries,minecraftNamedCompile,minecraftNamedRuntime,minecraftRuntimeLibraries,minecraftServerLibraries,minecraftServerRuntimeLibraries,minecraftTestClientRuntimeLibraries,runtimeClasspath,testCompileClasspath,testRuntimeClasspath
io.netty:netty-common:4.1.97.Final=compileClasspath,minecraftClientLibraries,minecraftClientRuntimeLibraries,minecraftLibraries,minecraftNamedCompile,minecraftNamedRuntime,minecraftRuntimeLibraries,minecraftServerLibraries,minecraftServerRuntimeLibraries,minecraftTestClientRuntimeLibraries,runtimeClasspath,testCompileClasspath,testRuntimeClasspath
io.netty:netty-handler:4.1.97.Final=compileClasspath,minecraftClientLibraries,minecraftClientRuntimeLibraries,minecraftLibraries,minecraftNamedCompile,minecraftNamedRuntime,minecraftRuntimeLibraries,minecraftServerLibraries,minecraftServerRuntimeLibraries,minecraftTestClientRuntimeLibraries,runtimeClasspath,testCompileClasspath,testRuntimeClasspath
io.netty:netty-resolver:4.1.97.Final=compileClasspath,minecraftClientLibraries,minecraftClientRuntimeLibraries,minecraftLibraries,minecraftNamedCompile,minecraftNamedRuntime,minecraftRuntimeLibraries,minecraftServerLibraries,minecraftServerRuntimeLibraries,minecraftTestClientRuntimeLibraries,runtimeClasspath,testCompileClasspath,testRuntimeClasspath
io.netty:netty-transport-classes-epoll:4.1.97.Final=compileClasspath,minecraftClientLibraries,minecraftClientRuntimeLibraries,minecraftLibraries,minecraftNamedCompile,minecraftNamedRuntime,minecraftRuntimeLibraries,minecraftServerLibraries,minecraftServerRuntimeLibraries,minecraftTestClientRuntimeLibraries,runtimeClasspath,testCompileClasspath,testRuntimeClasspath
io.netty:netty-transport-native-epoll:4.1.97.Final=compileClasspath,minecraftClientLibraries,minecraftClientRuntimeLibraries,minecraftLibraries,minecraftNamedCompile,minecraftNamedRuntime,minecraftRuntimeLibraries,minecraftServerLibraries,minecraftServerRuntimeLibraries,minecraftTestClientRuntimeLibraries,runtimeClasspath,testCompileClasspath,testRuntimeClasspath
io.netty:netty-transport-native-unix-common:4.1.97.Final=compileClasspath,minecraftClientLibraries,minecraftClientRuntimeLibraries,minecraftLibraries,minecraftNamedCompile,minecraftNamedRuntime,minecraftRuntimeLibraries,minecraftServerLibraries,minecraftServerRuntimeLibraries,minecraftTestClientRuntimeLibraries,runtimeClasspath,testCompileClasspath,testRuntimeClasspath
io.netty:netty-transport:4.1.97.Final=compileClasspath,minecraftClientLibraries,minecraftClientRuntimeLibraries,minecraftLibraries,minecraftNamedCompile,minecraftNamedRuntime,minecraftRuntimeLibraries,minecraftServerLibraries,minecraftServerRuntimeLibraries,minecraftTestClientRuntimeLibraries,runtimeClasspath,testCompileClasspath,testRuntimeClasspath
it.unimi.dsi:fastutil:8.5.12=compileClasspath,minecraftClientLibraries,minecraftClientRuntimeLibraries,minecraftLibraries,minecraftNamedCompile,minecraftNamedRuntime,minecraftRuntimeLibraries,minecraftServerLibraries,minecraftServerRuntimeLibraries,minecraftTestClientRuntimeLibraries,runtimeClasspath,testCompileClasspath,testRuntimeClasspath
javazoom:jlayer:1.0.1=compileClasspath,includeInternal,runtimeClasspath,testCompileClasspath,testRuntimeClasspath
loom:mappings:layered+hash.2198=mappings
net.fabricmc.fabric-api:fabric-api-base:0.4.35+78d798af4f=modCompileOnly
net.fabricmc.fabric-api:fabric-api-base:0.4.37+78d798af4f=modCompileClasspath,modImplementation,modImplementationCopy,modImplementationCopy2,modImplementationCopy3,modImplementationCopy5
net.fabricmc.fabric-api:fabric-api-deprecated:0.97.3+1.20.4=modCompileClasspath,modImplementation,modImplementationCopy,modImplementationCopy2,modImplementationCopy3,modImplementationCopy5
net.fabricmc.fabric-api:fabric-api-lookup-api-v1:1.6.50+82b1bb3e4f=modCompileClasspath,modImplementation,modImplementationCopy,modImplementationCopy2,modImplementationCopy3,modImplementationCopy5
net.fabricmc.fabric-api:fabric-api:0.97.3+1.20.4=modCompileClasspath,modImplementation,modImplementationCopy,modImplementationCopy2,modImplementationCopy3,modImplementationCopy5
net.fabricmc.fabric-api:fabric-biome-api-v1:13.0.17+78d798af4f=modCompileClasspath,modImplementation,modImplementationCopy,modImplementationCopy2,modImplementationCopy3,modImplementationCopy5
net.fabricmc.fabric-api:fabric-block-api-v1:1.0.17+3e2216cb4f=modCompileClasspath,modImplementation,modImplementationCopy,modImplementationCopy2,modImplementationCopy3,modImplementationCopy5
net.fabricmc.fabric-api:fabric-block-view-api-v2:1.0.5+78d798af4f=modCompileClasspath,modImplementation,modImplementationCopy,modImplementationCopy2,modImplementationCopy3,modImplementationCopy5
net.fabricmc.fabric-api:fabric-blockrenderlayer-v1:1.1.47+78d798af4f=modCompileClasspath,modImplementation,modImplementationCopy,modImplementationCopy2,modImplementationCopy3,modImplementationCopy5
net.fabricmc.fabric-api:fabric-client-tags-api-v1:1.1.8+78d798af4f=modCompileClasspath,modImplementation,modImplementationCopy,modImplementationCopy2,modImplementationCopy3,modImplementationCopy5
net.fabricmc.fabric-api:fabric-command-api-v1:1.2.42+f71b366f4f=modCompileClasspath,modImplementation,modImplementationCopy,modImplementationCopy2,modImplementationCopy3,modImplementationCopy5
net.fabricmc.fabric-api:fabric-command-api-v2:2.2.21+78d798af4f=modCompileClasspath,modImplementation,modImplementationCopy,modImplementationCopy2,modImplementationCopy3,modImplementationCopy5
net.fabricmc.fabric-api:fabric-commands-v0:0.2.59+df3654b34f=modCompileClasspath,modImplementation,modImplementationCopy,modImplementationCopy2,modImplementationCopy3,modImplementationCopy5
net.fabricmc.fabric-api:fabric-containers-v0:0.1.88+df3654b34f=modCompileClasspath,modImplementation,modImplementationCopy,modImplementationCopy2,modImplementationCopy3,modImplementationCopy5
net.fabricmc.fabric-api:fabric-content-registries-v0:5.0.16+78d798af4f=modCompileClasspath,modImplementation,modImplementationCopy,modImplementationCopy2,modImplementationCopy3,modImplementationCopy5
net.fabricmc.fabric-api:fabric-convention-tags-v1:1.5.11+78d798af4f=modCompileClasspath,modImplementation,modImplementationCopy,modImplementationCopy2,modImplementationCopy3,modImplementationCopy5
net.fabricmc.fabric-api:fabric-crash-report-info-v1:0.2.24+78d798af4f=modCompileClasspath,modImplementation,modImplementationCopy,modImplementationCopy2,modImplementationCopy3,modImplementationCopy5
net.fabricmc.fabric-api:fabric-data-attachment-api-v1:1.1.5+b90db5744f=modCompileClasspath,modImplementation,modImplementationCopy,modImplementationCopy2,modImplementationCopy3,modImplementationCopy5
net.fabricmc.fabric-api:fabric-data-generation-api-v1:13.2.6+5c0133444f=modCompileClasspath,modImplementation,modImplementationCopy,modImplementationCopy2,modImplementationCopy3,modImplementationCopy5
net.fabricmc.fabric-api:fabric-dimensions-v1:2.1.63+6605d1a84f=modCompileClasspath,modImplementation,modImplementationCopy,modImplementationCopy2,modImplementationCopy3,modImplementationCopy5
net.fabricmc.fabric-api:fabric-entity-events-v1:1.6.2+09fc25014f=modCompileClasspath,modImplementation,modImplementationCopy,modImplementationCopy2,modImplementationCopy3,modImplementationCopy5
net.fabricmc.fabric-api:fabric-events-interaction-v0:0.7.2+389931eb4f=modCompileClasspath,modImplementation,modImplementationCopy,modImplementationCopy2,modImplementationCopy3,modImplementationCopy5
net.fabricmc.fabric-api:fabric-events-lifecycle-v0:0.2.76+df3654b34f=modCompileClasspath,modImplementation,modImplementationCopy,modImplementationCopy2,modImplementationCopy3,modImplementationCopy5
net.fabricmc.fabric-api:fabric-game-rule-api-v1:1.0.47+78d798af4f=modCompileClasspath,modImplementation,modImplementationCopy,modImplementationCopy2,modImplementationCopy3,modImplementationCopy5
net.fabricmc.fabric-api:fabric-gametest-api-v1:1.3.6+85d85a934f=modCompileClasspath,modImplementation,modImplementationCopy,modImplementationCopy2,modImplementationCopy3,modImplementationCopy5
net.fabricmc.fabric-api:fabric-item-api-v1:2.3.1+cadc140c4f=modCompileClasspath,modImplementation,modImplementationCopy,modImplementationCopy2,modImplementationCopy3,modImplementationCopy5
net.fabricmc.fabric-api:fabric-item-group-api-v1:4.0.27+ee30b13a4f=modCompileClasspath,modImplementation,modImplementationCopy,modImplementationCopy2,modImplementationCopy3,modImplementationCopy5
net.fabricmc.fabric-api:fabric-key-binding-api-v1:1.0.40+78d798af4f=modCompileOnly
net.fabricmc.fabric-api:fabric-key-binding-api-v1:1.0.42+78d798af4f=modCompileClasspath,modImplementation,modImplementationCopy,modImplementationCopy2,modImplementationCopy3,modImplementationCopy5
net.fabricmc.fabric-api:fabric-keybindings-v0:0.2.40+df3654b34f=modCompileClasspath,modImplementation,modImplementationCopy,modImplementationCopy2,modImplementationCopy3,modImplementationCopy5
net.fabricmc.fabric-api:fabric-lifecycle-events-v1:2.2.29+78d798af4f=modCompileOnly
net.fabricmc.fabric-api:fabric-lifecycle-events-v1:2.3.1+a67ffb5d4f=modCompileClasspath,modImplementation,modImplementationCopy,modImplementationCopy2,modImplementationCopy3,modImplementationCopy5
net.fabricmc.fabric-api:fabric-loot-api-v2:2.1.10+78d798af4f=modCompileClasspath,modImplementation,modImplementationCopy,modImplementationCopy2,modImplementationCopy3,modImplementationCopy5
net.fabricmc.fabric-api:fabric-message-api-v1:6.0.6+78d798af4f=modCompileClasspath,modImplementation,modImplementationCopy,modImplementationCopy2,modImplementationCopy3,modImplementationCopy5
net.fabricmc.fabric-api:fabric-mining-level-api-v1:2.1.66+78d798af4f=modCompileClasspath,modImplementation,modImplementationCopy,modImplementationCopy2,modImplementationCopy3,modImplementationCopy5
net.fabricmc.fabric-api:fabric-model-loading-api-v1:1.0.9+78d798af4f=modCompileClasspath,modImplementation,modImplementationCopy,modImplementationCopy2,modImplementationCopy3,modImplementationCopy5
net.fabricmc.fabric-api:fabric-models-v0:0.4.8+9386d8a74f=modCompileClasspath,modImplementation,modImplementationCopy,modImplementationCopy2,modImplementationCopy3,modImplementationCopy5
net.fabricmc.fabric-api:fabric-networking-api-v1:3.1.9+6abb6a4b4f=modCompileClasspath,modImplementation,modImplementationCopy,modImplementationCopy2,modImplementationCopy3,modImplementationCopy5
net.fabricmc.fabric-api:fabric-object-builder-api-v1:13.1.0+dba1195c4f=modCompileClasspath,modImplementation,modImplementationCopy,modImplementationCopy2,modImplementationCopy3,modImplementationCopy5
net.fabricmc.fabric-api:fabric-particles-v1:1.1.8+78d798af4f=modCompileClasspath,modImplementation,modImplementationCopy,modImplementationCopy2,modImplementationCopy3,modImplementationCopy5
net.fabricmc.fabric-api:fabric-recipe-api-v1:2.0.22+78d798af4f=modCompileClasspath,modImplementation,modImplementationCopy,modImplementationCopy2,modImplementationCopy3,modImplementationCopy5
net.fabricmc.fabric-api:fabric-registry-sync-v0:4.0.21+ee30b13a4f=modCompileClasspath,modImplementation,modImplementationCopy,modImplementationCopy2,modImplementationCopy3,modImplementationCopy5
net.fabricmc.fabric-api:fabric-renderer-api-v1:3.2.5+78d798af4f=modCompileClasspath,modImplementation,modImplementationCopy,modImplementationCopy2,modImplementationCopy3,modImplementationCopy5
net.fabricmc.fabric-api:fabric-renderer-indigo:1.5.6+d331d3144f=modCompileClasspath,modImplementation,modImplementationCopy,modImplementationCopy2,modImplementationCopy3,modImplementationCopy5
net.fabricmc.fabric-api:fabric-renderer-registries-v1:3.2.54+df3654b34f=modCompileClasspath,modImplementation,modImplementationCopy,modImplementationCopy2,modImplementationCopy3,modImplementationCopy5
net.fabricmc.fabric-api:fabric-rendering-data-attachment-v1:0.3.43+73761d2e4f=modCompileClasspath,modImplementation,modImplementationCopy,modImplementationCopy2,modImplementationCopy3,modImplementationCopy5
net.fabricmc.fabric-api:fabric-rendering-fluids-v1:3.1.2+e761c6694f=modCompileClasspath,modImplementation,modImplementationCopy,modImplementationCopy2,modImplementationCopy3,modImplementationCopy5
net.fabricmc.fabric-api:fabric-rendering-v0:1.1.57+df3654b34f=modCompileClasspath,modImplementation,modImplementationCopy,modImplementationCopy2,modImplementationCopy3,modImplementationCopy5
net.fabricmc.fabric-api:fabric-rendering-v1:3.2.1+6fd945a04f=modCompileClasspath,modImplementation,modImplementationCopy,modImplementationCopy2,modImplementationCopy3,modImplementationCopy5
net.fabricmc.fabric-api:fabric-resource-conditions-api-v1:2.3.15+78d798af4f=modCompileClasspath,modImplementation,modImplementationCopy,modImplementationCopy2,modImplementationCopy3,modImplementationCopy5
net.fabricmc.fabric-api:fabric-resource-loader-v0:0.11.15+78d798af4f=modCompileOnly
net.fabricmc.fabric-api:fabric-resource-loader-v0:0.11.21+ee30b13a4f=modCompileClasspath,modImplementation,modImplementationCopy,modImplementationCopy2,modImplementationCopy3,modImplementationCopy5
net.fabricmc.fabric-api:fabric-screen-api-v1:2.0.16+78d798af4f=modCompileOnly
net.fabricmc.fabric-api:fabric-screen-api-v1:2.0.18+78d798af4f=modCompileClasspath,modImplementation,modImplementationCopy,modImplementationCopy2,modImplementationCopy3,modImplementationCopy5
net.fabricmc.fabric-api:fabric-screen-handler-api-v1:1.3.57+78d798af4f=modCompileClasspath,modImplementation,modImplementationCopy,modImplementationCopy2,modImplementationCopy3,modImplementationCopy5
net.fabricmc.fabric-api:fabric-sound-api-v1:1.0.18+78d798af4f=modCompileClasspath,modImplementation,modImplementationCopy,modImplementationCopy2,modImplementationCopy3,modImplementationCopy5
net.fabricmc.fabric-api:fabric-transfer-api-v1:4.0.12+90f2d7b14f=modCompileClasspath,modImplementation,modImplementationCopy,modImplementationCopy2,modImplementationCopy3,modImplementationCopy5
net.fabricmc.fabric-api:fabric-transitive-access-wideners-v1:5.0.15+78d798af4f=modCompileClasspath,modImplementation,modImplementationCopy,modImplementationCopy2,modImplementationCopy3,modImplementationCopy5
net.fabricmc:cfr:0.2.2=cfrDecompilerClasspath
net.fabricmc:dev-launch-injector:0.2.1+build.8=loomDevelopmentDependencies,minecraftNamedRuntime,runtimeClasspath,testRuntimeClasspath
net.fabricmc:fabric-loader:0.15.1=modCompileOnly
net.fabricmc:fabric-loader:0.19.3=compileClasspath,modCompileClasspath,modCompileClasspathMainMapped,modCompileClasspathMapped,modImplementation,modImplementationCopy,modImplementationCopy2,modImplementationCopy3,modImplementationCopy5,modRuntimeClasspathMainMapped,runtimeClasspath,testCompileClasspath,testRuntimeClasspath
net.fabricmc:fabric-log4j-util:1.0.2=loomDevelopmentDependencies,minecraftNamedRuntime,runtimeClasspath,testRuntimeClasspath
net.fabricmc:sponge-mixin:0.17.3+mixin.0.8.7=compileClasspath,loaderLibraries,minecraftNamedCompile,minecraftNamedRuntime,minecraftTestClientRuntimeLibraries,runtimeClasspath,testCompileClasspath,testRuntimeClasspath
net.java.dev.jna:jna-platform:5.13.0=compileClasspath,minecraftClientLibraries,minecraftClientRuntimeLibraries,minecraftLibraries,minecraftNamedCompile,minecraftNamedRuntime,minecraftRuntimeLibraries,minecraftServerLibraries,minecraftServerRuntimeLibraries,minecraftTestClientRuntimeLibraries,runtimeClasspath,testCompileClasspath,testRuntimeClasspath
net.java.dev.jna:jna:5.13.0=compileClasspath,minecraftClientLibraries,minecraftClientRuntimeLibraries,minecraftLibraries,minecraftNamedCompile,minecraftNamedRuntime,minecraftRuntimeLibraries,minecraftServerLibraries,minecraftServerRuntimeLibraries,minecraftTestClientRuntimeLibraries,runtimeClasspath,testCompileClasspath,testRuntimeClasspath
net.minecraft:minecraft-merged-5f62589a64:1.20.4-loom.mappings.1_20_4.layered+hash.2198-v2=compileClasspath,minecraftNamedCompile,minecraftNamedRuntime,runtimeClasspath,testCompileClasspath,testRuntimeClasspath
net.sf.jopt-simple:jopt-simple:5.0.4=compileClasspath,minecraftClientLibraries,minecraftClientRuntimeLibraries,minecraftLibraries,minecraftNamedCompile,minecraftNamedRuntime,minecraftRuntimeLibraries,minecraftServerLibraries,minecraftServerRuntimeLibraries,minecraftTestClientRuntimeLibraries,runtimeClasspath,testCompileClasspath,testRuntimeClasspath
org.apache.commons:commons-compress:1.22=compileClasspath,minecraftClientLibraries,minecraftClientRuntimeLibraries,minecraftLibraries,minecraftNamedCompile,minecraftNamedRuntime,minecraftRuntimeLibraries,minecraftTestClientRuntimeLibraries,runtimeClasspath,testCompileClasspath,testRuntimeClasspath
org.apache.commons:commons-lang3:3.13.0=compileClasspath,minecraftClientLibraries,minecraftClientRuntimeLibraries,minecraftLibraries,minecraftNamedCompile,minecraftNamedRuntime,minecraftRuntimeLibraries,minecraftServerLibraries,minecraftServerRuntimeLibraries,minecraftTestClientRuntimeLibraries,runtimeClasspath,testCompileClasspath,testRuntimeClasspath
org.apache.httpcomponents:httpclient:4.5.13=compileClasspath,minecraftClientLibraries,minecraftClientRuntimeLibraries,minecraftLibraries,minecraftNamedCompile,minecraftNamedRuntime,minecraftRuntimeLibraries,minecraftTestClientRuntimeLibraries,runtimeClasspath,testCompileClasspath,testRuntimeClasspath
org.apache.httpcomponents:httpcore:4.4.16=compileClasspath,minecraftClientLibraries,minecraftClientRuntimeLibraries,minecraftLibraries,minecraftNamedCompile,minecraftNamedRuntime,minecraftRuntimeLibraries,minecraftTestClientRuntimeLibraries,runtimeClasspath,testCompileClasspath,testRuntimeClasspath
org.apache.logging.log4j:log4j-api:2.19.0=compileClasspath,minecraftClientLibraries,minecraftClientRuntimeLibraries,minecraftLibraries,minecraftNamedCompile,minecraftNamedRuntime,minecraftRuntimeLibraries,minecraftServerLibraries,minecraftServerRuntimeLibraries,minecraftTestClientRuntimeLibraries,runtimeClasspath,testCompileClasspath,testRuntimeClasspath
org.apache.logging.log4j:log4j-core:2.19.0=compileClasspath,minecraftClientLibraries,minecraftClientRuntimeLibraries,minecraftLibraries,minecraftNamedCompile,minecraftNamedRuntime,minecraftRuntimeLibraries,minecraftServerLibraries,minecraftServerRuntimeLibraries,minecraftTestClientRuntimeLibraries,runtimeClasspath,testCompileClasspath,testRuntimeClasspath
org.apache.logging.log4j:log4j-slf4j2-impl:2.19.0=compileClasspath,minecraftClientLibraries,minecraftClientRuntimeLibraries,minecraftLibraries,minecraftNamedCompile,minecraftNamedRuntime,minecraftRuntimeLibraries,minecraftServerLibraries,minecraftServerRuntimeLibraries,minecraftTestClientRuntimeLibraries,runtimeClasspath,testCompileClasspath,testRuntimeClasspath
org.apiguardian:apiguardian-api:1.1.2=testCompileClasspath
org.jetbrains:annotations:26.0.2=compileClasspath,testCompileClasspath
org.joml:joml:1.10.5=compileClasspath,minecraftClientLibraries,minecraftClientRuntimeLibraries,minecraftLibraries,minecraftNamedCompile,minecraftNamedRuntime,minecraftRuntimeLibraries,minecraftServerLibraries,minecraftServerRuntimeLibraries,minecraftTestClientRuntimeLibraries,runtimeClasspath,testCompileClasspath,testRuntimeClasspath
org.junit.jupiter:junit-jupiter-api:5.10.2=testCompileClasspath,testRuntimeClasspath
org.junit.jupiter:junit-jupiter-engine:5.10.2=testRuntimeClasspath
org.junit.jupiter:junit-jupiter-params:5.10.2=testCompileClasspath,testRuntimeClasspath
org.junit.jupiter:junit-jupiter:5.10.2=testCompileClasspath,testRuntimeClasspath
org.junit.platform:junit-platform-commons:1.10.2=testCompileClasspath,testRuntimeClasspath
org.junit.platform:junit-platform-engine:1.10.2=testRuntimeClasspath
org.junit.platform:junit-platform-launcher:1.10.2=testRuntimeClasspath
org.junit:junit-bom:5.10.2=testCompileClasspath,testRuntimeClasspath
org.lwjgl:lwjgl-glfw:3.3.2=compileClasspath,minecraftClientLibraries,minecraftClientRuntimeLibraries,minecraftLibraries,minecraftNamedCompile,minecraftNamedRuntime,minecraftNatives,minecraftRuntimeLibraries,minecraftTestClientRuntimeLibraries,runtimeClasspath,testCompileClasspath,testRuntimeClasspath
org.lwjgl:lwjgl-jemalloc:3.3.2=compileClasspath,minecraftClientLibraries,minecraftClientRuntimeLibraries,minecraftLibraries,minecraftNamedCompile,minecraftNamedRuntime,minecraftNatives,minecraftRuntimeLibraries,minecraftTestClientRuntimeLibraries,runtimeClasspath,testCompileClasspath,testRuntimeClasspath
org.lwjgl:lwjgl-openal:3.3.2=compileClasspath,minecraftClientLibraries,minecraftClientRuntimeLibraries,minecraftLibraries,minecraftNamedCompile,minecraftNamedRuntime,minecraftNatives,minecraftRuntimeLibraries,minecraftTestClientRuntimeLibraries,runtimeClasspath,testCompileClasspath,testRuntimeClasspath
org.lwjgl:lwjgl-opengl:3.3.2=compileClasspath,minecraftClientLibraries,minecraftClientRuntimeLibraries,minecraftLibraries,minecraftNamedCompile,minecraftNamedRuntime,minecraftNatives,minecraftRuntimeLibraries,minecraftTestClientRuntimeLibraries,runtimeClasspath,testCompileClasspath,testRuntimeClasspath
org.lwjgl:lwjgl-stb:3.3.2=compileClasspath,minecraftClientLibraries,minecraftClientRuntimeLibraries,minecraftLibraries,minecraftNamedCompile,minecraftNamedRuntime,minecraftNatives,minecraftRuntimeLibraries,minecraftTestClientRuntimeLibraries,runtimeClasspath,testCompileClasspath,testRuntimeClasspath
org.lwjgl:lwjgl-tinyfd:3.3.2=compileClasspath,minecraftClientLibraries,minecraftClientRuntimeLibraries,minecraftLibraries,minecraftNamedCompile,minecraftNamedRuntime,minecraftNatives,minecraftRuntimeLibraries,minecraftTestClientRuntimeLibraries,runtimeClasspath,testCompileClasspath,testRuntimeClasspath
org.lwjgl:lwjgl:3.3.2=compileClasspath,minecraftClientLibraries,minecraftClientRuntimeLibraries,minecraftLibraries,minecraftNamedCompile,minecraftNamedRuntime,minecraftNatives,minecraftRuntimeLibraries,minecraftTestClientRuntimeLibraries,runtimeClasspath,testCompileClasspath,testRuntimeClasspath
org.opentest4j:opentest4j:1.3.0=testCompileClasspath,testRuntimeClasspath
org.ow2.asm:asm-analysis:9.10.1=compileClasspath,loaderLibraries,minecraftNamedCompile,minecraftNamedRuntime,minecraftTestClientRuntimeLibraries,runtimeClasspath,testCompileClasspath,testRuntimeClasspath
org.ow2.asm:asm-commons:9.10.1=compileClasspath,loaderLibraries,minecraftNamedCompile,minecraftNamedRuntime,minecraftTestClientRuntimeLibraries,runtimeClasspath,testCompileClasspath,testRuntimeClasspath
org.ow2.asm:asm-tree:9.10.1=compileClasspath,loaderLibraries,minecraftNamedCompile,minecraftNamedRuntime,minecraftTestClientRuntimeLibraries,runtimeClasspath,testCompileClasspath,testRuntimeClasspath
org.ow2.asm:asm-util:9.10.1=compileClasspath,loaderLibraries,minecraftNamedCompile,minecraftNamedRuntime,minecraftTestClientRuntimeLibraries,runtimeClasspath,testCompileClasspath,testRuntimeClasspath
org.ow2.asm:asm:9.10.1=compileClasspath,loaderLibraries,minecraftNamedCompile,minecraftNamedRuntime,minecraftTestClientRuntimeLibraries,runtimeClasspath,testCompileClasspath,testRuntimeClasspath
org.slf4j:slf4j-api:2.0.7=compileClasspath,minecraftClientLibraries,minecraftClientRuntimeLibraries,minecraftLibraries,minecraftNamedCompile,minecraftNamedRuntime,minecraftRuntimeLibraries,minecraftServerLibraries,minecraftServerRuntimeLibraries,minecraftTestClientRuntimeLibraries,runtimeClasspath,testCompileClasspath,testRuntimeClasspath
org.vineflower:vineflower:1.12.0=vineflowerDecompilerClasspath
remapped.com.terraformersmc:modmenu-4dd1afbd:9.2.0=compileClasspath,modCompileClasspathMainMapped,modCompileClasspathMapped,testCompileClasspath
remapped.net.fabricmc.fabric-api:fabric-api-4dd1afbd:0.97.3+1.20.4=compileClasspath,modCompileClasspathMainMapped,modCompileClasspathMapped,modRuntimeClasspathMainMapped,runtimeClasspath,testCompileClasspath,testRuntimeClasspath
remapped.net.fabricmc.fabric-api:fabric-api-base-4dd1afbd:0.4.37+78d798af4f=compileClasspath,modCompileClasspathMainMapped,modCompileClasspathMapped,modRuntimeClasspathMainMapped,runtimeClasspath,testCompileClasspath,testRuntimeClasspath
remapped.net.fabricmc.fabric-api:fabric-api-lookup-api-v1-4dd1afbd:1.6.50+82b1bb3e4f=compileClasspath,modCompileClasspathMainMapped,modCompileClasspathMapped,modRuntimeClasspathMainMapped,runtimeClasspath,testCompileClasspath,testRuntimeClasspath
remapped.net.fabricmc.fabric-api:fabric-biome-api-v1-4dd1afbd:13.0.17+78d798af4f=compileClasspath,modCompileClasspathMainMapped,modCompileClasspathMapped,modRuntimeClasspathMainMapped,runtimeClasspath,testCompileClasspath,testRuntimeClasspath
remapped.net.fabricmc.fabric-api:fabric-block-api-v1-4dd1afbd:1.0.17+3e2216cb4f=compileClasspath,modCompileClasspathMainMapped,modCompileClasspathMapped,modRuntimeClasspathMainMapped,runtimeClasspath,testCompileClasspath,testRuntimeClasspath
remapped.net.fabricmc.fabric-api:fabric-block-view-api-v2-4dd1afbd:1.0.5+78d798af4f=compileClasspath,modCompileClasspathMainMapped,modCompileClasspathMapped,modRuntimeClasspathMainMapped,runtimeClasspath,testCompileClasspath,testRuntimeClasspath
remapped.net.fabricmc.fabric-api:fabric-blockrenderlayer-v1-4dd1afbd:1.1.47+78d798af4f=compileClasspath,modCompileClasspathMainMapped,modCompileClasspathMapped,modRuntimeClasspathMainMapped,runtimeClasspath,testCompileClasspath,testRuntimeClasspath
remapped.net.fabricmc.fabric-api:fabric-client-tags-api-v1-4dd1afbd:1.1.8+78d798af4f=compileClasspath,modCompileClasspathMainMapped,modCompileClasspathMapped,modRuntimeClasspathMainMapped,runtimeClasspath,testCompileClasspath,testRuntimeClasspath
remapped.net.fabricmc.fabric-api:fabric-command-api-v1-4dd1afbd:1.2.42+f71b366f4f=compileClasspath,modCompileClasspathMainMapped,modCompileClasspathMapped,modRuntimeClasspathMainMapped,runtimeClasspath,testCompileClasspath,testRuntimeClasspath
remapped.net.fabricmc.fabric-api:fabric-command-api-v2-4dd1afbd:2.2.21+78d798af4f=compileClasspath,modCompileClasspathMainMapped,modCompileClasspathMapped,modRuntimeClasspathMainMapped,runtimeClasspath,testCompileClasspath,testRuntimeClasspath
remapped.net.fabricmc.fabric-api:fabric-commands-v0-4dd1afbd:0.2.59+df3654b34f=compileClasspath,modCompileClasspathMainMapped,modCompileClasspathMapped,modRuntimeClasspathMainMapped,runtimeClasspath,testCompileClasspath,testRuntimeClasspath
remapped.net.fabricmc.fabric-api:fabric-containers-v0-4dd1afbd:0.1.88+df3654b34f=compileClasspath,modCompileClasspathMainMapped,modCompileClasspathMapped,modRuntimeClasspathMainMapped,runtimeClasspath,testCompileClasspath,testRuntimeClasspath
remapped.net.fabricmc.fabric-api:fabric-content-registries-v0-4dd1afbd:5.0.16+78d798af4f=compileClasspath,modCompileClasspathMainMapped,modCompileClasspathMapped,modRuntimeClasspathMainMapped,runtimeClasspath,testCompileClasspath,testRuntimeClasspath
remapped.net.fabricmc.fabric-api:fabric-convention-tags-v1-4dd1afbd:1.5.11+78d798af4f=compileClasspath,modCompileClasspathMainMapped,modCompileClasspathMapped,modRuntimeClasspathMainMapped,runtimeClasspath,testCompileClasspath,testRuntimeClasspath
remapped.net.fabricmc.fabric-api:fabric-crash-report-info-v1-4dd1afbd:0.2.24+78d798af4f=compileClasspath,modCompileClasspathMainMapped,modCompileClasspathMapped,modRuntimeClasspathMainMapped,runtimeClasspath,testCompileClasspath,testRuntimeClasspath
remapped.net.fabricmc.fabric-api:fabric-data-attachment-api-v1-4dd1afbd:1.1.5+b90db5744f=compileClasspath,modCompileClasspathMainMapped,modCompileClasspathMapped,modRuntimeClasspathMainMapped,runtimeClasspath,testCompileClasspath,testRuntimeClasspath
remapped.net.fabricmc.fabric-api:fabric-data-generation-api-v1-4dd1afbd:13.2.6+5c0133444f=compileClasspath,modCompileClasspathMainMapped,modCompileClasspathMapped,modRuntimeClasspathMainMapped,runtimeClasspath,testCompileClasspath,testRuntimeClasspath
remapped.net.fabricmc.fabric-api:fabric-dimensions-v1-4dd1afbd:2.1.63+6605d1a84f=compileClasspath,modCompileClasspathMainMapped,modCompileClasspathMapped,modRuntimeClasspathMainMapped,runtimeClasspath,testCompileClasspath,testRuntimeClasspath
remapped.net.fabricmc.fabric-api:fabric-entity-events-v1-4dd1afbd:1.6.2+09fc25014f=compileClasspath,modCompileClasspathMainMapped,modCompileClasspathMapped,modRuntimeClasspathMainMapped,runtimeClasspath,testCompileClasspath,testRuntimeClasspath
remapped.net.fabricmc.fabric-api:fabric-events-interaction-v0-4dd1afbd:0.7.2+389931eb4f=compileClasspath,modCompileClasspathMainMapped,modCompileClasspathMapped,modRuntimeClasspathMainMapped,runtimeClasspath,testCompileClasspath,testRuntimeClasspath
remapped.net.fabricmc.fabric-api:fabric-events-lifecycle-v0-4dd1afbd:0.2.76+df3654b34f=compileClasspath,modCompileClasspathMainMapped,modCompileClasspathMapped,modRuntimeClasspathMainMapped,runtimeClasspath,testCompileClasspath,testRuntimeClasspath
remapped.net.fabricmc.fabric-api:fabric-game-rule-api-v1-4dd1afbd:1.0.47+78d798af4f=compileClasspath,modCompileClasspathMainMapped,modCompileClasspathMapped,modRuntimeClasspathMainMapped,runtimeClasspath,testCompileClasspath,testRuntimeClasspath
remapped.net.fabricmc.fabric-api:fabric-gametest-api-v1-4dd1afbd:1.3.6+85d85a934f=compileClasspath,modCompileClasspathMainMapped,modCompileClasspathMapped,modRuntimeClasspathMainMapped,runtimeClasspath,testCompileClasspath,testRuntimeClasspath
remapped.net.fabricmc.fabric-api:fabric-item-api-v1-4dd1afbd:2.3.1+cadc140c4f=compileClasspath,modCompileClasspathMainMapped,modCompileClasspathMapped,modRuntimeClasspathMainMapped,runtimeClasspath,testCompileClasspath,testRuntimeClasspath
remapped.net.fabricmc.fabric-api:fabric-item-group-api-v1-4dd1afbd:4.0.27+ee30b13a4f=compileClasspath,modCompileClasspathMainMapped,modCompileClasspathMapped,modRuntimeClasspathMainMapped,runtimeClasspath,testCompileClasspath,testRuntimeClasspath
remapped.net.fabricmc.fabric-api:fabric-key-binding-api-v1-4dd1afbd:1.0.42+78d798af4f=compileClasspath,modCompileClasspathMainMapped,modCompileClasspathMapped,modRuntimeClasspathMainMapped,runtimeClasspath,testCompileClasspath,testRuntimeClasspath
remapped.net.fabricmc.fabric-api:fabric-keybindings-v0-4dd1afbd:0.2.40+df3654b34f=compileClasspath,modCompileClasspathMainMapped,modCompileClasspathMapped,modRuntimeClasspathMainMapped,runtimeClasspath,testCompileClasspath,testRuntimeClasspath
remapped.net.fabricmc.fabric-api:fabric-lifecycle-events-v1-4dd1afbd:2.3.1+a67ffb5d4f=compileClasspath,modCompileClasspathMainMapped,modCompileClasspathMapped,modRuntimeClasspathMainMapped,runtimeClasspath,testCompileClasspath,testRuntimeClasspath
remapped.net.fabricmc.fabric-api:fabric-loot-api-v2-4dd1afbd:2.1.10+78d798af4f=compileClasspath,modCompileClasspathMainMapped,modCompileClasspathMapped,modRuntimeClasspathMainMapped,runtimeClasspath,testCompileClasspath,testRuntimeClasspath
remapped.net.fabricmc.fabric-api:fabric-message-api-v1-4dd1afbd:6.0.6+78d798af4f=compileClasspath,modCompileClasspathMainMapped,modCompileClasspathMapped,modRuntimeClasspathMainMapped,runtimeClasspath,testCompileClasspath,testRuntimeClasspath
remapped.net.fabricmc.fabric-api:fabric-mining-level-api-v1-4dd1afbd:2.1.66+78d798af4f=compileClasspath,modCompileClasspathMainMapped,modCompileClasspathMapped,modRuntimeClasspathMainMapped,runtimeClasspath,testCompileClasspath,testRuntimeClasspath
remapped.net.fabricmc.fabric-api:fabric-model-loading-api-v1-4dd1afbd:1.0.9+78d798af4f=compileClasspath,modCompileClasspathMainMapped,modCompileClasspathMapped,modRuntimeClasspathMainMapped,runtimeClasspath,testCompileClasspath,testRuntimeClasspath
remapped.net.fabricmc.fabric-api:fabric-models-v0-4dd1afbd:0.4.8+9386d8a74f=compileClasspath,modCompileClasspathMainMapped,modCompileClasspathMapped,modRuntimeClasspathMainMapped,runtimeClasspath,testCompileClasspath,testRuntimeClasspath
remapped.net.fabricmc.fabric-api:fabric-networking-api-v1-4dd1afbd:3.1.9+6abb6a4b4f=compileClasspath,modCompileClasspathMainMapped,modCompileClasspathMapped,modRuntimeClasspathMainMapped,runtimeClasspath,testCompileClasspath,testRuntimeClasspath
remapped.net.fabricmc.fabric-api:fabric-object-builder-api-v1-4dd1afbd:13.1.0+dba1195c4f=compileClasspath,modCompileClasspathMainMapped,modCompileClasspathMapped,modRuntimeClasspathMainMapped,runtimeClasspath,testCompileClasspath,testRuntimeClasspath
remapped.net.fabricmc.fabric-api:fabric-particles-v1-4dd1afbd:1.1.8+78d798af4f=compileClasspath,modCompileClasspathMainMapped,modCompileClasspathMapped,modRuntimeClasspathMainMapped,runtimeClasspath,testCompileClasspath,testRuntimeClasspath
remapped.net.fabricmc.fabric-api:fabric-recipe-api-v1-4dd1afbd:2.0.22+78d798af4f=compileClasspath,modCompileClasspathMainMapped,modCompileClasspathMapped,modRuntimeClasspathMainMapped,runtimeClasspath,testCompileClasspath,testRuntimeClasspath
remapped.net.fabricmc.fabric-api:fabric-registry-sync-v0-4dd1afbd:4.0.21+ee30b13a4f=compileClasspath,modCompileClasspathMainMapped,modCompileClasspathMapped,modRuntimeClasspathMainMapped,runtimeClasspath,testCompileClasspath,testRuntimeClasspath
remapped.net.fabricmc.fabric-api:fabric-renderer-api-v1-4dd1afbd:3.2.5+78d798af4f=compileClasspath,modCompileClasspathMainMapped,modCompileClasspathMapped,modRuntimeClasspathMainMapped,runtimeClasspath,testCompileClasspath,testRuntimeClasspath
remapped.net.fabricmc.fabric-api:fabric-renderer-indigo-4dd1afbd:1.5.6+d331d3144f=compileClasspath,modCompileClasspathMainMapped,modCompileClasspathMapped,modRuntimeClasspathMainMapped,runtimeClasspath,testCompileClasspath,testRuntimeClasspath
remapped.net.fabricmc.fabric-api:fabric-renderer-registries-v1-4dd1afbd:3.2.54+df3654b34f=compileClasspath,modCompileClasspathMainMapped,modCompileClasspathMapped,modRuntimeClasspathMainMapped,runtimeClasspath,testCompileClasspath,testRuntimeClasspath
remapped.net.fabricmc.fabric-api:fabric-rendering-data-attachment-v1-4dd1afbd:0.3.43+73761d2e4f=compileClasspath,modCompileClasspathMainMapped,modCompileClasspathMapped,modRuntimeClasspathMainMapped,runtimeClasspath,testCompileClasspath,testRuntimeClasspath
remapped.net.fabricmc.fabric-api:fabric-rendering-fluids-v1-4dd1afbd:3.1.2+e761c6694f=compileClasspath,modCompileClasspathMainMapped,modCompileClasspathMapped,modRuntimeClasspathMainMapped,runtimeClasspath,testCompileClasspath,testRuntimeClasspath
remapped.net.fabricmc.fabric-api:fabric-rendering-v0-4dd1afbd:1.1.57+df3654b34f=compileClasspath,modCompileClasspathMainMapped,modCompileClasspathMapped,modRuntimeClasspathMainMapped,runtimeClasspath,testCompileClasspath,testRuntimeClasspath
remapped.net.fabricmc.fabric-api:fabric-rendering-v1-4dd1afbd:3.2.1+6fd945a04f=compileClasspath,modCompileClasspathMainMapped,modCompileClasspathMapped,modRuntimeClasspathMainMapped,runtimeClasspath,testCompileClasspath,testRuntimeClasspath
remapped.net.fabricmc.fabric-api:fabric-resource-conditions-api-v1-4dd1afbd:2.3.15+78d798af4f=compileClasspath,modCompileClasspathMainMapped,modCompileClasspathMapped,modRuntimeClasspathMainMapped,runtimeClasspath,testCompileClasspath,testRuntimeClasspath
remapped.net.fabricmc.fabric-api:fabric-resource-loader-v0-4dd1afbd:0.11.21+ee30b13a4f=compileClasspath,modCompileClasspathMainMapped,modCompileClasspathMapped,modRuntimeClasspathMainMapped,runtimeClasspath,testCompileClasspath,testRuntimeClasspath
remapped.net.fabricmc.fabric-api:fabric-screen-api-v1-4dd1afbd:2.0.18+78d798af4f=compileClasspath,modCompileClasspathMainMapped,modCompileClasspathMapped,modRuntimeClasspathMainMapped,runtimeClasspath,testCompileClasspath,testRuntimeClasspath
remapped.net.fabricmc.fabric-api:fabric-screen-handler-api-v1-4dd1afbd:1.3.57+78d798af4f=compileClasspath,modCompileClasspathMainMapped,modCompileClasspathMapped,modRuntimeClasspathMainMapped,runtimeClasspath,testCompileClasspath,testRuntimeClasspath
remapped.net.fabricmc.fabric-api:fabric-sound-api-v1-4dd1afbd:1.0.18+78d798af4f=compileClasspath,modCompileClasspathMainMapped,modCompileClasspathMapped,modRuntimeClasspathMainMapped,runtimeClasspath,testCompileClasspath,testRuntimeClasspath
remapped.net.fabricmc.fabric-api:fabric-transfer-api-v1-4dd1afbd:4.0.12+90f2d7b14f=compileClasspath,modCompileClasspathMainMapped,modCompileClasspathMapped,modRuntimeClasspathMainMapped,runtimeClasspath,testCompileClasspath,testRuntimeClasspath
remapped.net.fabricmc.fabric-api:fabric-transitive-access-wideners-v1-4dd1afbd:5.0.15+78d798af4f=compileClasspath,modCompileClasspathMainMapped,modCompileClasspathMapped,modRuntimeClasspathMainMapped,runtimeClasspath,testCompileClasspath,testRuntimeClasspath
empty=annotationProcessor,localRuntime,mappingsConstants,mappingsFinal,modApi,modApiCopy,modApiCopy2,modApiCopy3,modApiCopy5,modApiMapped,modCompileOnlyApi,modCompileOnlyApiCopy,modCompileOnlyApiCopy2,modLocalRuntime,modLocalRuntimeCopy,modLocalRuntimeCopy2,modRuntimeOnly,modRuntimeOnlyCopy,modRuntimeOnlyCopy2,productionRuntimeMods,testAnnotationProcessor
